// !$*UTF8*$!
{
	archiveVersion = 1;
	classes = {
	};
	objectVersion = 46;
	objects = {

/* Begin PBXBuildFile section */
		0FD823F516982C7600574CAF /* UIKit.framework in Frameworks */ = {isa = PBXBuildFile; fileRef = 0FD823F416982C7600574CAF /* UIKit.framework */; };
		0FD823F716982C7600574CAF /* Foundation.framework in Frameworks */ = {isa = PBXBuildFile; fileRef = 0FD823F616982C7600574CAF /* Foundation.framework */; };
		0FD823F916982C7600574CAF /* CoreGraphics.framework in Frameworks */ = {isa = PBXBuildFile; fileRef = 0FD823F816982C7600574CAF /* CoreGraphics.framework */; };
		0FD823FF16982C7600574CAF /* InfoPlist.strings in Resources */ = {isa = PBXBuildFile; fileRef = 0FD823FD16982C7600574CAF /* InfoPlist.strings */; };
		0FD8240116982C7600574CAF /* main.m in Sources */ = {isa = PBXBuildFile; fileRef = 0FD8240016982C7600574CAF /* main.m */; };
		0FD8240516982C7600574CAF /* AppDelegate.m in Sources */ = {isa = PBXBuildFile; fileRef = 0FD8240416982C7600574CAF /* AppDelegate.m */; };
		0FD8240716982C7600574CAF /* Default.png in Resources */ = {isa = PBXBuildFile; fileRef = 0FD8240616982C7600574CAF /* Default.png */; };
		0FD8240916982C7600574CAF /* Default@2x.png in Resources */ = {isa = PBXBuildFile; fileRef = 0FD8240816982C7600574CAF /* Default@2x.png */; };
		0FD8240B16982C7600574CAF /* Default-568h@2x.png in Resources */ = {isa = PBXBuildFile; fileRef = 0FD8240A16982C7600574CAF /* Default-568h@2x.png */; };
		0FD8240E16982C7600574CAF /* MainStoryboard.storyboard in Resources */ = {isa = PBXBuildFile; fileRef = 0FD8240C16982C7600574CAF /* MainStoryboard.storyboard */; };
		0FD8241116982C7600574CAF /* ViewController.m in Sources */ = {isa = PBXBuildFile; fileRef = 0FD8241016982C7600574CAF /* ViewController.m */; };
/* End PBXBuildFile section */

/* Begin PBXFileReference section */
		0FD823F016982C7600574CAF /* Project_MusicPlayer.app */ = {isa = PBXFileReference; explicitFileType = wrapper.application; includeInIndex = 0; path = Project_MusicPlayer.app; sourceTree = BUILT_PRODUCTS_DIR; };
		0FD823F416982C7600574CAF /* UIKit.framework */ = {isa = PBXFileReference; lastKnownFileType = wrapper.framework; name = UIKit.framework; path = System/Library/Frameworks/UIKit.framework; sourceTree = SDKROOT; };
		0FD823F616982C7600574CAF /* Foundation.framework */ = {isa = PBXFileReference; lastKnownFileType = wrapper.framework; name = Foundation.framework; path = System/Library/Frameworks/Foundation.framework; sourceTree = SDKROOT; };
		0FD823F816982C7600574CAF /* CoreGraphics.framework */ = {isa = PBXFileReference; lastKnownFileType = wrapper.framework; name = CoreGraphics.framework; path = System/Library/Frameworks/CoreGraphics.framework; sourceTree = SDKROOT; };
		0FD823FC16982C7600574CAF /* Project_MusicPlayer-Info.plist */ = {isa = PBXFileReference; lastKnownFileType = text.plist.xml; path = "Project_MusicPlayer-Info.plist"; sourceTree = "<group>"; };
		0FD823FE16982C7600574CAF /* en */ = {isa = PBXFileReference; lastKnownFileType = text.plist.strings; name = en; path = en.lproj/InfoPlist.strings; sourceTree = "<group>"; };
		0FD8240016982C7600574CAF /* main.m */ = {isa = PBXFileReference; lastKnownFileType = sourcecode.c.objc; path = main.m; sourceTree = "<group>"; };
		0FD8240216982C7600574CAF /* Project_MusicPlayer-Prefix.pch */ = {isa = PBXFileReference; lastKnownFileType = sourcecode.c.h; path = "Project_MusicPlayer-Prefix.pch"; sourceTree = "<group>"; };
		0FD8240316982C7600574CAF /* AppDelegate.h */ = {isa = PBXFileReference; lastKnownFileType = sourcecode.c.h; path = AppDelegate.h; sourceTree = "<group>"; };
		0FD8240416982C7600574CAF /* AppDelegate.m */ = {isa = PBXFileReference; lastKnownFileType = sourcecode.c.objc; path = AppDelegate.m; sourceTree = "<group>"; };
		0FD8240616982C7600574CAF /* Default.png */ = {isa = PBXFileReference; lastKnownFileType = image.png; path = Default.png; sourceTree = "<group>"; };
		0FD8240816982C7600574CAF /* Default@2x.png */ = {isa = PBXFileReference; lastKnownFileType = image.png; path = "Default@2x.png"; sourceTree = "<group>"; };
		0FD8240A16982C7600574CAF /* Default-568h@2x.png */ = {isa = PBXFileReference; lastKnownFileType = image.png; path = "Default-568h@2x.png"; sourceTree = "<group>"; };
		0FD8240D16982C7600574CAF /* en */ = {isa = PBXFileReference; lastKnownFileType = file.storyboard; name = en; path = en.lproj/MainStoryboard.storyboard; sourceTree = "<group>"; };
		0FD8240F16982C7600574CAF /* ViewController.h */ = {isa = PBXFileReference; lastKnownFileType = sourcecode.c.h; path = ViewController.h; sourceTree = "<group>"; };
		0FD8241016982C7600574CAF /* ViewController.m */ = {isa = PBXFileReference; lastKnownFileType = sourcecode.c.objc; path = ViewController.m; sourceTree = "<group>"; };
/* End PBXFileReference section */

/* Begin PBXFrameworksBuildPhase section */
		0FD823ED16982C7600574CAF /* Frameworks */ = {
			isa = PBXFrameworksBuildPhase;
			buildActionMask = 2147483647;
			files = (
				0FD823F516982C7600574CAF /* UIKit.framework in Frameworks */,
				0FD823F716982C7600574CAF /* Foundation.framework in Frameworks */,
				0FD823F916982C7600574CAF /* CoreGraphics.framework in Frameworks */,
			);
			runOnlyForDeploymentPostprocessing = 0;
		};
/* End PBXFrameworksBuildPhase section */

/* Begin PBXGroup section */
		0FD823E516982C7600574CAF = {
			isa = PBXGroup;
			children = (
				0FD823FA16982C7600574CAF /* Project_MusicPlayer */,
				0FD823F316982C7600574CAF /* Frameworks */,
				0FD823F116982C7600574CAF /* Products */,
			);
			sourceTree = "<group>";
		};
		0FD823F116982C7600574CAF /* Products */ = {
			isa = PBXGroup;
			children = (
				0FD823F016982C7600574CAF /* Project_MusicPlayer.app */,
			);
			name = Products;
			sourceTree = "<group>";
		};
		0FD823F316982C7600574CAF /* Frameworks */ = {
			isa = PBXGroup;
			children = (
				0FD823F416982C7600574CAF /* UIKit.framework */,
				0FD823F616982C7600574CAF /* Foundation.framework */,
				0FD823F816982C7600574CAF /* CoreGraphics.framework */,
			);
			name = Frameworks;
			sourceTree = "<group>";
		};
		0FD823FA16982C7600574CAF /* Project_MusicPlayer */ = {
			isa = PBXGroup;
			children = (
				0FD8240316982C7600574CAF /* AppDelegate.h */,
				0FD8240416982C7600574CAF /* AppDelegate.m */,
				0FD8240C16982C7600574CAF /* MainStoryboard.storyboard */,
				0FD8240F16982C7600574CAF /* ViewController.h */,
				0FD8241016982C7600574CAF /* ViewController.m */,
				0FD823FB16982C7600574CAF /* Supporting Files */,
			);
			path = Project_MusicPlayer;
			sourceTree = "<group>";
		};
		0FD823FB16982C7600574CAF /* Supporting Files */ = {
			isa = PBXGroup;
			children = (
				0FD823FC16982C7600574CAF /* Project_MusicPlayer-Info.plist */,
				0FD823FD16982C7600574CAF /* InfoPlist.strings */,
				0FD8240016982C7600574CAF /* main.m */,
				0FD8240216982C7600574CAF /* Project_MusicPlayer-Prefix.pch */,
				0FD8240616982C7600574CAF /* Default.png */,
				0FD8240816982C7600574CAF /* Default@2x.png */,
				0FD8240A16982C7600574CAF /* Default-568h@2x.png */,
			);
			name = "Supporting Files";
			sourceTree = "<group>";
		};
/* End PBXGroup section */

/* Begin PBXNativeTarget section */
		0FD823EF16982C7600574CAF /* Project_MusicPlayer */ = {
			isa = PBXNativeTarget;
			buildConfigurationList = 0FD8241416982C7600574CAF /* Build configuration list for PBXNativeTarget "Project_MusicPlayer" */;
			buildPhases = (
				0FD823EC16982C7600574CAF /* Sources */,
				0FD823ED16982C7600574CAF /* Frameworks */,
				0FD823EE16982C7600574CAF /* Resources */,
			);
			buildRules = (
			);
			dependencies = (
			);
			name = Project_MusicPlayer;
			productName = Project_MusicPlayer;
			productReference = 0FD823F016982C7600574CAF /* Project_MusicPlayer.app */;
			productType = "com.apple.product-type.application";
		};
/* End PBXNativeTarget section */

/* Begin PBXProject section */
		0FD823E716982C7600574CAF /* Project object */ = {
			isa = PBXProject;
			attributes = {
				LastUpgradeCheck = 0450;
				ORGANIZATIONNAME = Ibokan;
			};
			buildConfigurationList = 0FD823EA16982C7600574CAF /* Build configuration list for PBXProject "Project_MusicPlayer" */;
			compatibilityVersion = "Xcode 3.2";
			developmentRegion = English;
			hasScannedForEncodings = 0;
			knownRegions = (
				en,
			);
			mainGroup = 0FD823E516982C7600574CAF;
			productRefGroup = 0FD823F116982C7600574CAF /* Products */;
			projectDirPath = "";
			projectRoot = "";
			targets = (
				0FD823EF16982C7600574CAF /* Project_MusicPlayer */,
			);
		};
/* End PBXProject section */

/* Begin PBXResourcesBuildPhase section */
		0FD823EE16982C7600574CAF /* Resources */ = {
			isa = PBXResourcesBuildPhase;
			buildActionMask = 2147483647;
			files = (
				0FD823FF16982C7600574CAF /* InfoPlist.strings in Resources */,
				0FD8240716982C7600574CAF /* Default.png in Resources */,
				0FD8240916982C7600574CAF /* Default@2x.png in Resources */,
				0FD8240B16982C7600574CAF /* Default-568h@2x.png in Resources */,
				0FD8240E16982C7600574CAF /* MainStoryboard.storyboard in Resources */,
			);
			runOnlyForDeploymentPostprocessing = 0;
		};
/* End PBXResourcesBuildPhase section */

/* Begin PBXSourcesBuildPhase section */
		0FD823EC16982C7600574CAF /* Sources */ = {
			isa = PBXSourcesBuildPhase;
			buildActionMask = 2147483647;
			files = (
				0FD8240116982C7600574CAF /* main.m in Sources */,
				0FD8240516982C7600574CAF /* AppDelegate.m in Sources */,
				0FD8241116982C7600574CAF /* ViewController.m in Sources */,
			);
			runOnlyForDeploymentPostprocessing = 0;
		};
/* End PBXSourcesBuildPhase section */

/* Begin PBXVariantGroup section */
		0FD823FD16982C7600574CAF /* InfoPlist.strings */ = {
			isa = PBXVariantGroup;
			children = (
				0FD823FE16982C7600574CAF /* en */,
			);
			name = InfoPlist.strings;
			sourceTree = "<group>";
		};
		0FD8240C16982C7600574CAF /* MainStoryboard.storyboard */ = {
			isa = PBXVariantGroup;
			children = (
				0FD8240D16982C7600574CAF /* en */,
			);
			name = MainStoryboard.storyboard;
			sourceTree = "<group>";
		};
/* End PBXVariantGroup section */

/* Begin XCBuildConfiguration section */
		0FD8241216982C7600574CAF /* Debug */ = {
			isa = XCBuildConfiguration;
			buildSettings = {
				ALWAYS_SEARCH_USER_PATHS = NO;
				CLANG_CXX_LANGUAGE_STANDARD = "gnu++0x";
				CLANG_CXX_LIBRARY = "libc++";
				CLANG_WARN_EMPTY_BODY = YES;
				CLANG_WARN__DUPLICATE_METHOD_MATCH = YES;
				"CODE_SIGN_IDENTITY[sdk=iphoneos*]" = "iPhone Developer";
				COPY_PHASE_STRIP = NO;
				GCC_C_LANGUAGE_STANDARD = gnu99;
				GCC_DYNAMIC_NO_PIC = NO;
				GCC_OPTIMIZATION_LEVEL = 0;
				GCC_PREPROCESSOR_DEFINITIONS = (
					"DEBUG=1",
					"$(inherited)",
				);
				GCC_SYMBOLS_PRIVATE_EXTERN = NO;
				GCC_WARN_ABOUT_RETURN_TYPE = YES;
				GCC_WARN_UNINITIALIZED_AUTOS = YES;
				GCC_WARN_UNUSED_VARIABLE = YES;
				IPHONEOS_DEPLOYMENT_TARGET = 6.0;
				ONLY_ACTIVE_ARCH = YES;
				SDKROOT = iphoneos;
			};
			name = Debug;
		};
		0FD8241316982C7600574CAF /* Release */ = {
			isa = XCBuildConfiguration;
			buildSettings = {
				ALWAYS_SEARCH_USER_PATHS = NO;
				CLANG_CXX_LANGUAGE_STANDARD = "gnu++0x";
				CLANG_CXX_LIBRARY = "libc++";
				CLANG_WARN_EMPTY_BODY = YES;
				CLANG_WARN__DUPLICATE_METHOD_MATCH = YES;
				"CODE_SIGN_IDENTITY[sdk=iphoneos*]" = "iPhone Developer";
				COPY_PHASE_STRIP = YES;
				GCC_C_LANGUAGE_STANDARD = gnu99;
				GCC_WARN_ABOUT_RETURN_TYPE = YES;
				GCC_WARN_UNINITIALIZED_AUTOS = YES;
				GCC_WARN_UNUSED_VARIABLE = YES;
				IPHONEOS_DEPLOYMENT_TARGET = 6.0;
				OTHER_CFLAGS = "-DNS_BLOCK_ASSERTIONS=1";
				SDKROOT = iphoneos;
				VALIDATE_PRODUCT = YES;
			};
			name = Release;
		};
		0FD8241516982C7600574CAF /* Debug */ = {
			isa = XCBuildConfiguration;
			buildSettings = {
				GCC_PRECOMPILE_PREFIX_HEADER = YES;
				GCC_PREFIX_HEADER = "Project_MusicPlayer/Project_MusicPlayer-Prefix.pch";
				INFOPLIST_FILE = "Project_MusicPlayer/Project_MusicPlayer-Info.plist";
				PRODUCT_NAME = "$(TARGET_NAME)";
				WRAPPER_EXTENSION = app;
			};
			name = Debug;
		};
		0FD8241616982C7600574CAF /* Release */ = {
			isa = XCBuildConfiguration;
			buildSettings = {
				GCC_PRECOMPILE_PREFIX_HEADER = YES;
				GCC_PREFIX_HEADER = "Project_MusicPlayer/Project_MusicPlayer-Prefix.pch";
				INFOPLIST_FILE = "Project_MusicPlayer/Project_MusicPlayer-Info.plist";
				PRODUCT_NAME = "$(TARGET_NAME)";
				WRAPPER_EXTENSION = app;
			};
			name = Release;
		};
/* End XCBuildConfiguration section */

/* Begin XCConfigurationList section */
		0FD823EA16982C7600574CAF /* Build configuration list for PBXProject "Project_MusicPlayer" */ = {
			isa = XCConfigurationList;
			buildConfigurations = (
				0FD8241216982C7600574CAF /* Debug */,
				0FD8241316982C7600574CAF /* Release */,
			);
			defaultConfigurationIsVisible = 0;
			defaultConfigurationName = Release;
		};
		0FD8241416982C7600574CAF /* Build configuration list for PBXNativeTarget "Project_MusicPlayer" */ = {
			isa = XCConfigurationList;
			buildConfigurations = (
				0FD8241516982C7600574CAF /* Debug */,
				0FD8241616982C7600574CAF /* Release */,
			);
			defaultConfigurationIsVisible = 0;
		};
/* End XCConfigurationList section */
	};
	rootObject = 0FD823E716982C7600574CAF /* Project object */;
}
