// !$*UTF8*$!
{
	archiveVersion = 1;
	classes = {
	};
	objectVersion = 46;
	objects = {

/* Begin PBXBuildFile section */
		0F6A15AF168BDF6900953EB5 /* UIKit.framework in Frameworks */ = {isa = PBXBuildFile; fileRef = 0F6A15AE168BDF6900953EB5 /* UIKit.framework */; };
		0F6A15B1168BDF6900953EB5 /* Foundation.framework in Frameworks */ = {isa = PBXBuildFile; fileRef = 0F6A15B0168BDF6900953EB5 /* Foundation.framework */; };
		0F6A15B3168BDF6900953EB5 /* CoreGraphics.framework in Frameworks */ = {isa = PBXBuildFile; fileRef = 0F6A15B2168BDF6900953EB5 /* CoreGraphics.framework */; };
		0F6A15B9168BDF6900953EB5 /* InfoPlist.strings in Resources */ = {isa = PBXBuildFile; fileRef = 0F6A15B7168BDF6900953EB5 /* InfoPlist.strings */; };
		0F6A15BB168BDF6900953EB5 /* main.m in Sources */ = {isa = PBXBuildFile; fileRef = 0F6A15BA168BDF6900953EB5 /* main.m */; };
		0F6A15BF168BDF6900953EB5 /* AppDelegate.m in Sources */ = {isa = PBXBuildFile; fileRef = 0F6A15BE168BDF6900953EB5 /* AppDelegate.m */; };
		0F6A15C2168BDF6900953EB5 /* ViewController.m in Sources */ = {isa = PBXBuildFile; fileRef = 0F6A15C1168BDF6900953EB5 /* ViewController.m */; };
		0F6A15C5168BDF6900953EB5 /* ViewController.xib in Resources */ = {isa = PBXBuildFile; fileRef = 0F6A15C3168BDF6900953EB5 /* ViewController.xib */; };
		0F6A15E2168BDF9B00953EB5 /* ASIAuthenticationDialog.m in Sources */ = {isa = PBXBuildFile; fileRef = 0F6A15CD168BDF9B00953EB5 /* ASIAuthenticationDialog.m */; };
		0F6A15E3168BDF9B00953EB5 /* ASIDataCompressor.m in Sources */ = {isa = PBXBuildFile; fileRef = 0F6A15D0168BDF9B00953EB5 /* ASIDataCompressor.m */; };
		0F6A15E4168BDF9B00953EB5 /* ASIDataDecompressor.m in Sources */ = {isa = PBXBuildFile; fileRef = 0F6A15D2168BDF9B00953EB5 /* ASIDataDecompressor.m */; };
		0F6A15E5168BDF9B00953EB5 /* ASIDownloadCache.m in Sources */ = {isa = PBXBuildFile; fileRef = 0F6A15D4168BDF9B00953EB5 /* ASIDownloadCache.m */; };
		0F6A15E6168BDF9B00953EB5 /* ASIFormDataRequest.m in Sources */ = {isa = PBXBuildFile; fileRef = 0F6A15D6168BDF9B00953EB5 /* ASIFormDataRequest.m */; };
		0F6A15E7168BDF9B00953EB5 /* ASIHTTPRequest.m in Sources */ = {isa = PBXBuildFile; fileRef = 0F6A15D8168BDF9B00953EB5 /* ASIHTTPRequest.m */; };
		0F6A15E8168BDF9B00953EB5 /* ASIInputStream.m in Sources */ = {isa = PBXBuildFile; fileRef = 0F6A15DC168BDF9B00953EB5 /* ASIInputStream.m */; };
		0F6A15E9168BDF9B00953EB5 /* ASINetworkQueue.m in Sources */ = {isa = PBXBuildFile; fileRef = 0F6A15DE168BDF9B00953EB5 /* ASINetworkQueue.m */; };
		0F6A15EA168BDF9B00953EB5 /* Reachability.m in Sources */ = {isa = PBXBuildFile; fileRef = 0F6A15E1168BDF9B00953EB5 /* Reachability.m */; };
		0F6A15EC168BDFB600953EB5 /* CFNetwork.framework in Frameworks */ = {isa = PBXBuildFile; fileRef = 0F6A15EB168BDFB600953EB5 /* CFNetwork.framework */; };
		0F6A15EE168BDFCE00953EB5 /* SystemConfiguration.framework in Frameworks */ = {isa = PBXBuildFile; fileRef = 0F6A15ED168BDFCE00953EB5 /* SystemConfiguration.framework */; };
		0F6A15F0168BDFE300953EB5 /* MobileCoreServices.framework in Frameworks */ = {isa = PBXBuildFile; fileRef = 0F6A15EF168BDFE300953EB5 /* MobileCoreServices.framework */; };
		0F6A15F2168BE01A00953EB5 /* libz.1.2.5.dylib in Frameworks */ = {isa = PBXBuildFile; fileRef = 0F6A15F1168BE01A00953EB5 /* libz.1.2.5.dylib */; };
/* End PBXBuildFile section */

/* Begin PBXFileReference section */
		0F6A15AA168BDF6900953EB5 /* ASIHttpRequestDemo.app */ = {isa = PBXFileReference; explicitFileType = wrapper.application; includeInIndex = 0; path = ASIHttpRequestDemo.app; sourceTree = BUILT_PRODUCTS_DIR; };
		0F6A15AE168BDF6900953EB5 /* UIKit.framework */ = {isa = PBXFileReference; lastKnownFileType = wrapper.framework; name = UIKit.framework; path = System/Library/Frameworks/UIKit.framework; sourceTree = SDKROOT; };
		0F6A15B0168BDF6900953EB5 /* Foundation.framework */ = {isa = PBXFileReference; lastKnownFileType = wrapper.framework; name = Foundation.framework; path = System/Library/Frameworks/Foundation.framework; sourceTree = SDKROOT; };
		0F6A15B2168BDF6900953EB5 /* CoreGraphics.framework */ = {isa = PBXFileReference; lastKnownFileType = wrapper.framework; name = CoreGraphics.framework; path = System/Library/Frameworks/CoreGraphics.framework; sourceTree = SDKROOT; };
		0F6A15B6168BDF6900953EB5 /* ASIHttpRequestDemo-Info.plist */ = {isa = PBXFileReference; lastKnownFileType = text.plist.xml; path = "ASIHttpRequestDemo-Info.plist"; sourceTree = "<group>"; };
		0F6A15B8168BDF6900953EB5 /* en */ = {isa = PBXFileReference; lastKnownFileType = text.plist.strings; name = en; path = en.lproj/InfoPlist.strings; sourceTree = "<group>"; };
		0F6A15BA168BDF6900953EB5 /* main.m */ = {isa = PBXFileReference; lastKnownFileType = sourcecode.c.objc; path = main.m; sourceTree = "<group>"; };
		0F6A15BC168BDF6900953EB5 /* ASIHttpRequestDemo-Prefix.pch */ = {isa = PBXFileReference; lastKnownFileType = sourcecode.c.h; path = "ASIHttpRequestDemo-Prefix.pch"; sourceTree = "<group>"; };
		0F6A15BD168BDF6900953EB5 /* AppDelegate.h */ = {isa = PBXFileReference; lastKnownFileType = sourcecode.c.h; path = AppDelegate.h; sourceTree = "<group>"; };
		0F6A15BE168BDF6900953EB5 /* AppDelegate.m */ = {isa = PBXFileReference; lastKnownFileType = sourcecode.c.objc; path = AppDelegate.m; sourceTree = "<group>"; };
		0F6A15C0168BDF6900953EB5 /* ViewController.h */ = {isa = PBXFileReference; lastKnownFileType = sourcecode.c.h; path = ViewController.h; sourceTree = "<group>"; };
		0F6A15C1168BDF6900953EB5 /* ViewController.m */ = {isa = PBXFileReference; lastKnownFileType = sourcecode.c.objc; path = ViewController.m; sourceTree = "<group>"; };
		0F6A15C4168BDF6900953EB5 /* en */ = {isa = PBXFileReference; lastKnownFileType = file.xib; name = en; path = en.lproj/ViewController.xib; sourceTree = "<group>"; };
		0F6A15CC168BDF9B00953EB5 /* ASIAuthenticationDialog.h */ = {isa = PBXFileReference; fileEncoding = 4; lastKnownFileType = sourcecode.c.h; path = ASIAuthenticationDialog.h; sourceTree = "<group>"; };
		0F6A15CD168BDF9B00953EB5 /* ASIAuthenticationDialog.m */ = {isa = PBXFileReference; fileEncoding = 4; lastKnownFileType = sourcecode.c.objc; path = ASIAuthenticationDialog.m; sourceTree = "<group>"; };
		0F6A15CE168BDF9B00953EB5 /* ASICacheDelegate.h */ = {isa = PBXFileReference; fileEncoding = 4; lastKnownFileType = sourcecode.c.h; path = ASICacheDelegate.h; sourceTree = "<group>"; };
		0F6A15CF168BDF9B00953EB5 /* ASIDataCompressor.h */ = {isa = PBXFileReference; fileEncoding = 4; lastKnownFileType = sourcecode.c.h; path = ASIDataCompressor.h; sourceTree = "<group>"; };
		0F6A15D0168BDF9B00953EB5 /* ASIDataCompressor.m */ = {isa = PBXFileReference; fileEncoding = 4; lastKnownFileType = sourcecode.c.objc; path = ASIDataCompressor.m; sourceTree = "<group>"; };
		0F6A15D1168BDF9B00953EB5 /* ASIDataDecompressor.h */ = {isa = PBXFileReference; fileEncoding = 4; lastKnownFileType = sourcecode.c.h; path = ASIDataDecompressor.h; sourceTree = "<group>"; };
		0F6A15D2168BDF9B00953EB5 /* ASIDataDecompressor.m */ = {isa = PBXFileReference; fileEncoding = 4; lastKnownFileType = sourcecode.c.objc; path = ASIDataDecompressor.m; sourceTree = "<group>"; };
		0F6A15D3168BDF9B00953EB5 /* ASIDownloadCache.h */ = {isa = PBXFileReference; fileEncoding = 4; lastKnownFileType = sourcecode.c.h; path = ASIDownloadCache.h; sourceTree = "<group>"; };
		0F6A15D4168BDF9B00953EB5 /* ASIDownloadCache.m */ = {isa = PBXFileReference; fileEncoding = 4; lastKnownFileType = sourcecode.c.objc; path = ASIDownloadCache.m; sourceTree = "<group>"; };
		0F6A15D5168BDF9B00953EB5 /* ASIFormDataRequest.h */ = {isa = PBXFileReference; fileEncoding = 4; lastKnownFileType = sourcecode.c.h; path = ASIFormDataRequest.h; sourceTree = "<group>"; };
		0F6A15D6168BDF9B00953EB5 /* ASIFormDataRequest.m */ = {isa = PBXFileReference; fileEncoding = 4; lastKnownFileType = sourcecode.c.objc; path = ASIFormDataRequest.m; sourceTree = "<group>"; };
		0F6A15D7168BDF9B00953EB5 /* ASIHTTPRequest.h */ = {isa = PBXFileReference; fileEncoding = 4; lastKnownFileType = sourcecode.c.h; path = ASIHTTPRequest.h; sourceTree = "<group>"; };
		0F6A15D8168BDF9B00953EB5 /* ASIHTTPRequest.m */ = {isa = PBXFileReference; fileEncoding = 4; lastKnownFileType = sourcecode.c.objc; path = ASIHTTPRequest.m; sourceTree = "<group>"; };
		0F6A15D9168BDF9B00953EB5 /* ASIHTTPRequestConfig.h */ = {isa = PBXFileReference; fileEncoding = 4; lastKnownFileType = sourcecode.c.h; path = ASIHTTPRequestConfig.h; sourceTree = "<group>"; };
		0F6A15DA168BDF9B00953EB5 /* ASIHTTPRequestDelegate.h */ = {isa = PBXFileReference; fileEncoding = 4; lastKnownFileType = sourcecode.c.h; path = ASIHTTPRequestDelegate.h; sourceTree = "<group>"; };
		0F6A15DB168BDF9B00953EB5 /* ASIInputStream.h */ = {isa = PBXFileReference; fileEncoding = 4; lastKnownFileType = sourcecode.c.h; path = ASIInputStream.h; sourceTree = "<group>"; };
		0F6A15DC168BDF9B00953EB5 /* ASIInputStream.m */ = {isa = PBXFileReference; fileEncoding = 4; lastKnownFileType = sourcecode.c.objc; path = ASIInputStream.m; sourceTree = "<group>"; };
		0F6A15DD168BDF9B00953EB5 /* ASINetworkQueue.h */ = {isa = PBXFileReference; fileEncoding = 4; lastKnownFileType = sourcecode.c.h; path = ASINetworkQueue.h; sourceTree = "<group>"; };
		0F6A15DE168BDF9B00953EB5 /* ASINetworkQueue.m */ = {isa = PBXFileReference; fileEncoding = 4; lastKnownFileType = sourcecode.c.objc; path = ASINetworkQueue.m; sourceTree = "<group>"; };
		0F6A15DF168BDF9B00953EB5 /* ASIProgressDelegate.h */ = {isa = PBXFileReference; fileEncoding = 4; lastKnownFileType = sourcecode.c.h; path = ASIProgressDelegate.h; sourceTree = "<group>"; };
		0F6A15E0168BDF9B00953EB5 /* Reachability.h */ = {isa = PBXFileReference; fileEncoding = 4; lastKnownFileType = sourcecode.c.h; path = Reachability.h; sourceTree = "<group>"; };
		0F6A15E1168BDF9B00953EB5 /* Reachability.m */ = {isa = PBXFileReference; fileEncoding = 4; lastKnownFileType = sourcecode.c.objc; path = Reachability.m; sourceTree = "<group>"; };
		0F6A15EB168BDFB600953EB5 /* CFNetwork.framework */ = {isa = PBXFileReference; lastKnownFileType = wrapper.framework; name = CFNetwork.framework; path = System/Library/Frameworks/CFNetwork.framework; sourceTree = SDKROOT; };
		0F6A15ED168BDFCE00953EB5 /* SystemConfiguration.framework */ = {isa = PBXFileReference; lastKnownFileType = wrapper.framework; name = SystemConfiguration.framework; path = System/Library/Frameworks/SystemConfiguration.framework; sourceTree = SDKROOT; };
		0F6A15EF168BDFE300953EB5 /* MobileCoreServices.framework */ = {isa = PBXFileReference; lastKnownFileType = wrapper.framework; name = MobileCoreServices.framework; path = System/Library/Frameworks/MobileCoreServices.framework; sourceTree = SDKROOT; };
		0F6A15F1168BE01A00953EB5 /* libz.1.2.5.dylib */ = {isa = PBXFileReference; lastKnownFileType = "compiled.mach-o.dylib"; name = libz.1.2.5.dylib; path = usr/lib/libz.1.2.5.dylib; sourceTree = SDKROOT; };
/* End PBXFileReference section */

/* Begin PBXFrameworksBuildPhase section */
		0F6A15A7168BDF6900953EB5 /* Frameworks */ = {
			isa = PBXFrameworksBuildPhase;
			buildActionMask = 2147483647;
			files = (
				0F6A15F2168BE01A00953EB5 /* libz.1.2.5.dylib in Frameworks */,
				0F6A15B3168BDF6900953EB5 /* CoreGraphics.framework in Frameworks */,
				0F6A15F0168BDFE300953EB5 /* MobileCoreServices.framework in Frameworks */,
				0F6A15EE168BDFCE00953EB5 /* SystemConfiguration.framework in Frameworks */,
				0F6A15EC168BDFB600953EB5 /* CFNetwork.framework in Frameworks */,
				0F6A15AF168BDF6900953EB5 /* UIKit.framework in Frameworks */,
				0F6A15B1168BDF6900953EB5 /* Foundation.framework in Frameworks */,
			);
			runOnlyForDeploymentPostprocessing = 0;
		};
/* End PBXFrameworksBuildPhase section */

/* Begin PBXGroup section */
		0F6A159F168BDF6900953EB5 = {
			isa = PBXGroup;
			children = (
				0F6A15B4168BDF6900953EB5 /* ASIHttpRequestDemo */,
				0F6A15AD168BDF6900953EB5 /* Frameworks */,
				0F6A15AB168BDF6900953EB5 /* Products */,
			);
			sourceTree = "<group>";
		};
		0F6A15AB168BDF6900953EB5 /* Products */ = {
			isa = PBXGroup;
			children = (
				0F6A15AA168BDF6900953EB5 /* ASIHttpRequestDemo.app */,
			);
			name = Products;
			sourceTree = "<group>";
		};
		0F6A15AD168BDF6900953EB5 /* Frameworks */ = {
			isa = PBXGroup;
			children = (
				0F6A15F1168BE01A00953EB5 /* libz.1.2.5.dylib */,
				0F6A15EF168BDFE300953EB5 /* MobileCoreServices.framework */,
				0F6A15ED168BDFCE00953EB5 /* SystemConfiguration.framework */,
				0F6A15EB168BDFB600953EB5 /* CFNetwork.framework */,
				0F6A15AE168BDF6900953EB5 /* UIKit.framework */,
				0F6A15B0168BDF6900953EB5 /* Foundation.framework */,
				0F6A15B2168BDF6900953EB5 /* CoreGraphics.framework */,
			);
			name = Frameworks;
			sourceTree = "<group>";
		};
		0F6A15B4168BDF6900953EB5 /* ASIHttpRequestDemo */ = {
			isa = PBXGroup;
			children = (
				0F6A15CB168BDF9B00953EB5 /* ASIHTTPRequest */,
				0F6A15BD168BDF6900953EB5 /* AppDelegate.h */,
				0F6A15BE168BDF6900953EB5 /* AppDelegate.m */,
				0F6A15C0168BDF6900953EB5 /* ViewController.h */,
				0F6A15C1168BDF6900953EB5 /* ViewController.m */,
				0F6A15C3168BDF6900953EB5 /* ViewController.xib */,
				0F6A15B5168BDF6900953EB5 /* Supporting Files */,
			);
			path = ASIHttpRequestDemo;
			sourceTree = "<group>";
		};
		0F6A15B5168BDF6900953EB5 /* Supporting Files */ = {
			isa = PBXGroup;
			children = (
				0F6A15B6168BDF6900953EB5 /* ASIHttpRequestDemo-Info.plist */,
				0F6A15B7168BDF6900953EB5 /* InfoPlist.strings */,
				0F6A15BA168BDF6900953EB5 /* main.m */,
				0F6A15BC168BDF6900953EB5 /* ASIHttpRequestDemo-Prefix.pch */,
			);
			name = "Supporting Files";
			sourceTree = "<group>";
		};
		0F6A15CB168BDF9B00953EB5 /* ASIHTTPRequest */ = {
			isa = PBXGroup;
			children = (
				0F6A15CC168BDF9B00953EB5 /* ASIAuthenticationDialog.h */,
				0F6A15CD168BDF9B00953EB5 /* ASIAuthenticationDialog.m */,
				0F6A15CE168BDF9B00953EB5 /* ASICacheDelegate.h */,
				0F6A15CF168BDF9B00953EB5 /* ASIDataCompressor.h */,
				0F6A15D0168BDF9B00953EB5 /* ASIDataCompressor.m */,
				0F6A15D1168BDF9B00953EB5 /* ASIDataDecompressor.h */,
				0F6A15D2168BDF9B00953EB5 /* ASIDataDecompressor.m */,
				0F6A15D3168BDF9B00953EB5 /* ASIDownloadCache.h */,
				0F6A15D4168BDF9B00953EB5 /* ASIDownloadCache.m */,
				0F6A15D5168BDF9B00953EB5 /* ASIFormDataRequest.h */,
				0F6A15D6168BDF9B00953EB5 /* ASIFormDataRequest.m */,
				0F6A15D7168BDF9B00953EB5 /* ASIHTTPRequest.h */,
				0F6A15D8168BDF9B00953EB5 /* ASIHTTPRequest.m */,
				0F6A15D9168BDF9B00953EB5 /* ASIHTTPRequestConfig.h */,
				0F6A15DA168BDF9B00953EB5 /* ASIHTTPRequestDelegate.h */,
				0F6A15DB168BDF9B00953EB5 /* ASIInputStream.h */,
				0F6A15DC168BDF9B00953EB5 /* ASIInputStream.m */,
				0F6A15DD168BDF9B00953EB5 /* ASINetworkQueue.h */,
				0F6A15DE168BDF9B00953EB5 /* ASINetworkQueue.m */,
				0F6A15DF168BDF9B00953EB5 /* ASIProgressDelegate.h */,
				0F6A15E0168BDF9B00953EB5 /* Reachability.h */,
				0F6A15E1168BDF9B00953EB5 /* Reachability.m */,
			);
			path = ASIHTTPRequest;
			sourceTree = "<group>";
		};
/* End PBXGroup section */

/* Begin PBXNativeTarget section */
		0F6A15A9168BDF6900953EB5 /* ASIHttpRequestDemo */ = {
			isa = PBXNativeTarget;
			buildConfigurationList = 0F6A15C8168BDF6900953EB5 /* Build configuration list for PBXNativeTarget "ASIHttpRequestDemo" */;
			buildPhases = (
				0F6A15A6168BDF6900953EB5 /* Sources */,
				0F6A15A7168BDF6900953EB5 /* Frameworks */,
				0F6A15A8168BDF6900953EB5 /* Resources */,
			);
			buildRules = (
			);
			dependencies = (
			);
			name = ASIHttpRequestDemo;
			productName = ASIHttpRequestDemo;
			productReference = 0F6A15AA168BDF6900953EB5 /* ASIHttpRequestDemo.app */;
			productType = "com.apple.product-type.application";
		};
/* End PBXNativeTarget section */

/* Begin PBXProject section */
		0F6A15A1168BDF6900953EB5 /* Project object */ = {
			isa = PBXProject;
			attributes = {
				LastUpgradeCheck = 0440;
				ORGANIZATIONNAME = Ibokan;
			};
			buildConfigurationList = 0F6A15A4168BDF6900953EB5 /* Build configuration list for PBXProject "ASIHttpRequestDemo" */;
			compatibilityVersion = "Xcode 3.2";
			developmentRegion = English;
			hasScannedForEncodings = 0;
			knownRegions = (
				en,
			);
			mainGroup = 0F6A159F168BDF6900953EB5;
			productRefGroup = 0F6A15AB168BDF6900953EB5 /* Products */;
			projectDirPath = "";
			projectRoot = "";
			targets = (
				0F6A15A9168BDF6900953EB5 /* ASIHttpRequestDemo */,
			);
		};
/* End PBXProject section */

/* Begin PBXResourcesBuildPhase section */
		0F6A15A8168BDF6900953EB5 /* Resources */ = {
			isa = PBXResourcesBuildPhase;
			buildActionMask = 2147483647;
			files = (
				0F6A15B9168BDF6900953EB5 /* InfoPlist.strings in Resources */,
				0F6A15C5168BDF6900953EB5 /* ViewController.xib in Resources */,
			);
			runOnlyForDeploymentPostprocessing = 0;
		};
/* End PBXResourcesBuildPhase section */

/* Begin PBXSourcesBuildPhase section */
		0F6A15A6168BDF6900953EB5 /* Sources */ = {
			isa = PBXSourcesBuildPhase;
			buildActionMask = 2147483647;
			files = (
				0F6A15BB168BDF6900953EB5 /* main.m in Sources */,
				0F6A15BF168BDF6900953EB5 /* AppDelegate.m in Sources */,
				0F6A15C2168BDF6900953EB5 /* ViewController.m in Sources */,
				0F6A15E2168BDF9B00953EB5 /* ASIAuthenticationDialog.m in Sources */,
				0F6A15E3168BDF9B00953EB5 /* ASIDataCompressor.m in Sources */,
				0F6A15E4168BDF9B00953EB5 /* ASIDataDecompressor.m in Sources */,
				0F6A15E5168BDF9B00953EB5 /* ASIDownloadCache.m in Sources */,
				0F6A15E6168BDF9B00953EB5 /* ASIFormDataRequest.m in Sources */,
				0F6A15E7168BDF9B00953EB5 /* ASIHTTPRequest.m in Sources */,
				0F6A15E8168BDF9B00953EB5 /* ASIInputStream.m in Sources */,
				0F6A15E9168BDF9B00953EB5 /* ASINetworkQueue.m in Sources */,
				0F6A15EA168BDF9B00953EB5 /* Reachability.m in Sources */,
			);
			runOnlyForDeploymentPostprocessing = 0;
		};
/* End PBXSourcesBuildPhase section */

/* Begin PBXVariantGroup section */
		0F6A15B7168BDF6900953EB5 /* InfoPlist.strings */ = {
			isa = PBXVariantGroup;
			children = (
				0F6A15B8168BDF6900953EB5 /* en */,
			);
			name = InfoPlist.strings;
			sourceTree = "<group>";
		};
		0F6A15C3168BDF6900953EB5 /* ViewController.xib */ = {
			isa = PBXVariantGroup;
			children = (
				0F6A15C4168BDF6900953EB5 /* en */,
			);
			name = ViewController.xib;
			sourceTree = "<group>";
		};
/* End PBXVariantGroup section */

/* Begin XCBuildConfiguration section */
		0F6A15C6168BDF6900953EB5 /* Debug */ = {
			isa = XCBuildConfiguration;
			buildSettings = {
				ALWAYS_SEARCH_USER_PATHS = NO;
				ARCHS = "$(ARCHS_STANDARD_32_BIT)";
				CLANG_CXX_LANGUAGE_STANDARD = "gnu++0x";
				CLANG_WARN__DUPLICATE_METHOD_MATCH = YES;
				"CODE_SIGN_IDENTITY[sdk=iphoneos*]" = "iPhone Developer";
				COPY_PHASE_STRIP = NO;
				GCC_C_LANGUAGE_STANDARD = gnu99;
				GCC_DYNAMIC_NO_PIC = NO;
				GCC_OPTIMIZATION_LEVEL = 0;
				GCC_PREPROCESSOR_DEFINITIONS = (
					"DEBUG=1",
					"$(inherited)",
				);
				GCC_SYMBOLS_PRIVATE_EXTERN = NO;
				GCC_VERSION = com.apple.compilers.llvm.clang.1_0;
				GCC_WARN_ABOUT_RETURN_TYPE = YES;
				GCC_WARN_UNINITIALIZED_AUTOS = YES;
				GCC_WARN_UNUSED_VARIABLE = YES;
				IPHONEOS_DEPLOYMENT_TARGET = 5.1;
				SDKROOT = iphoneos;
			};
			name = Debug;
		};
		0F6A15C7168BDF6900953EB5 /* Release */ = {
			isa = XCBuildConfiguration;
			buildSettings = {
				ALWAYS_SEARCH_USER_PATHS = NO;
				ARCHS = "$(ARCHS_STANDARD_32_BIT)";
				CLANG_CXX_LANGUAGE_STANDARD = "gnu++0x";
				CLANG_WARN__DUPLICATE_METHOD_MATCH = YES;
				"CODE_SIGN_IDENTITY[sdk=iphoneos*]" = "iPhone Developer";
				COPY_PHASE_STRIP = YES;
				GCC_C_LANGUAGE_STANDARD = gnu99;
				GCC_VERSION = com.apple.compilers.llvm.clang.1_0;
				GCC_WARN_ABOUT_RETURN_TYPE = YES;
				GCC_WARN_UNINITIALIZED_AUTOS = YES;
				GCC_WARN_UNUSED_VARIABLE = YES;
				IPHONEOS_DEPLOYMENT_TARGET = 5.1;
				OTHER_CFLAGS = "-DNS_BLOCK_ASSERTIONS=1";
				SDKROOT = iphoneos;
				VALIDATE_PRODUCT = YES;
			};
			name = Release;
		};
		0F6A15C9168BDF6900953EB5 /* Debug */ = {
			isa = XCBuildConfiguration;
			buildSettings = {
				GCC_PRECOMPILE_PREFIX_HEADER = YES;
				GCC_PREFIX_HEADER = "ASIHttpRequestDemo/ASIHttpRequestDemo-Prefix.pch";
				INFOPLIST_FILE = "ASIHttpRequestDemo/ASIHttpRequestDemo-Info.plist";
				PRODUCT_NAME = "$(TARGET_NAME)";
				WRAPPER_EXTENSION = app;
			};
			name = Debug;
		};
		0F6A15CA168BDF6900953EB5 /* Release */ = {
			isa = XCBuildConfiguration;
			buildSettings = {
				GCC_PRECOMPILE_PREFIX_HEADER = YES;
				GCC_PREFIX_HEADER = "ASIHttpRequestDemo/ASIHttpRequestDemo-Prefix.pch";
				INFOPLIST_FILE = "ASIHttpRequestDemo/ASIHttpRequestDemo-Info.plist";
				PRODUCT_NAME = "$(TARGET_NAME)";
				WRAPPER_EXTENSION = app;
			};
			name = Release;
		};
/* End XCBuildConfiguration section */

/* Begin XCConfigurationList section */
		0F6A15A4168BDF6900953EB5 /* Build configuration list for PBXProject "ASIHttpRequestDemo" */ = {
			isa = XCConfigurationList;
			buildConfigurations = (
				0F6A15C6168BDF6900953EB5 /* Debug */,
				0F6A15C7168BDF6900953EB5 /* Release */,
			);
			defaultConfigurationIsVisible = 0;
			defaultConfigurationName = Release;
		};
		0F6A15C8168BDF6900953EB5 /* Build configuration list for PBXNativeTarget "ASIHttpRequestDemo" */ = {
			isa = XCConfigurationList;
			buildConfigurations = (
				0F6A15C9168BDF6900953EB5 /* Debug */,
				0F6A15CA168BDF6900953EB5 /* Release */,
			);
			defaultConfigurationIsVisible = 0;
		};
/* End XCConfigurationList section */
	};
	rootObject = 0F6A15A1168BDF6900953EB5 /* Project object */;
}
