// !$*UTF8*$!
{
	archiveVersion = 1;
	classes = {
	};
	objectVersion = 46;
	objects = {

/* Begin PBXBuildFile section */
		0F83183B1647E36100F150A7 /* UIKit.framework in Frameworks */ = {isa = PBXBuildFile; fileRef = 0F83183A1647E36100F150A7 /* UIKit.framework */; };
		0F83183D1647E36100F150A7 /* Foundation.framework in Frameworks */ = {isa = PBXBuildFile; fileRef = 0F83183C1647E36100F150A7 /* Foundation.framework */; };
		0F83183F1647E36100F150A7 /* CoreGraphics.framework in Frameworks */ = {isa = PBXBuildFile; fileRef = 0F83183E1647E36100F150A7 /* CoreGraphics.framework */; };
		0F8318451647E36100F150A7 /* InfoPlist.strings in Resources */ = {isa = PBXBuildFile; fileRef = 0F8318431647E36100F150A7 /* InfoPlist.strings */; };
		0F8318471647E36100F150A7 /* main.m in Sources */ = {isa = PBXBuildFile; fileRef = 0F8318461647E36100F150A7 /* main.m */; };
		0F83184B1647E36100F150A7 /* AppDelegate.m in Sources */ = {isa = PBXBuildFile; fileRef = 0F83184A1647E36100F150A7 /* AppDelegate.m */; };
		0F83184E1647E36100F150A7 /* ViewController.m in Sources */ = {isa = PBXBuildFile; fileRef = 0F83184D1647E36100F150A7 /* ViewController.m */; };
		0F8318511647E36100F150A7 /* ViewController.xib in Resources */ = {isa = PBXBuildFile; fileRef = 0F83184F1647E36100F150A7 /* ViewController.xib */; };
		0F83186E1647E46B00F150A7 /* h1.jpeg in Resources */ = {isa = PBXBuildFile; fileRef = 0F8318601647E46B00F150A7 /* h1.jpeg */; };
		0F83186F1647E46B00F150A7 /* h2.jpeg in Resources */ = {isa = PBXBuildFile; fileRef = 0F8318611647E46B00F150A7 /* h2.jpeg */; };
		0F8318701647E46B00F150A7 /* h3.jpeg in Resources */ = {isa = PBXBuildFile; fileRef = 0F8318621647E46B00F150A7 /* h3.jpeg */; };
		0F8318711647E46B00F150A7 /* h4.jpeg in Resources */ = {isa = PBXBuildFile; fileRef = 0F8318631647E46B00F150A7 /* h4.jpeg */; };
		0F8318721647E46B00F150A7 /* h5.jpeg in Resources */ = {isa = PBXBuildFile; fileRef = 0F8318641647E46B00F150A7 /* h5.jpeg */; };
		0F8318731647E46B00F150A7 /* h6.jpeg in Resources */ = {isa = PBXBuildFile; fileRef = 0F8318651647E46B00F150A7 /* h6.jpeg */; };
		0F8318741647E46B00F150A7 /* h7.jpeg in Resources */ = {isa = PBXBuildFile; fileRef = 0F8318661647E46B00F150A7 /* h7.jpeg */; };
		0F8318751647E46B00F150A7 /* h8.jpeg in Resources */ = {isa = PBXBuildFile; fileRef = 0F8318671647E46B00F150A7 /* h8.jpeg */; };
		0F8318761647E46B00F150A7 /* run1.tiff in Resources */ = {isa = PBXBuildFile; fileRef = 0F8318681647E46B00F150A7 /* run1.tiff */; };
		0F8318771647E46B00F150A7 /* run2.tiff in Resources */ = {isa = PBXBuildFile; fileRef = 0F8318691647E46B00F150A7 /* run2.tiff */; };
		0F8318781647E46B00F150A7 /* run3.tiff in Resources */ = {isa = PBXBuildFile; fileRef = 0F83186A1647E46B00F150A7 /* run3.tiff */; };
		0F8318791647E46B00F150A7 /* run4.tiff in Resources */ = {isa = PBXBuildFile; fileRef = 0F83186B1647E46B00F150A7 /* run4.tiff */; };
		0F83187A1647E46B00F150A7 /* run5.tiff in Resources */ = {isa = PBXBuildFile; fileRef = 0F83186C1647E46B00F150A7 /* run5.tiff */; };
		0F83187B1647E46B00F150A7 /* run6.tiff in Resources */ = {isa = PBXBuildFile; fileRef = 0F83186D1647E46B00F150A7 /* run6.tiff */; };
/* End PBXBuildFile section */

/* Begin PBXFileReference section */
		0F8318361647E36100F150A7 /* 各种手势.app */ = {isa = PBXFileReference; explicitFileType = wrapper.application; includeInIndex = 0; path = "各种手势.app"; sourceTree = BUILT_PRODUCTS_DIR; };
		0F83183A1647E36100F150A7 /* UIKit.framework */ = {isa = PBXFileReference; lastKnownFileType = wrapper.framework; name = UIKit.framework; path = System/Library/Frameworks/UIKit.framework; sourceTree = SDKROOT; };
		0F83183C1647E36100F150A7 /* Foundation.framework */ = {isa = PBXFileReference; lastKnownFileType = wrapper.framework; name = Foundation.framework; path = System/Library/Frameworks/Foundation.framework; sourceTree = SDKROOT; };
		0F83183E1647E36100F150A7 /* CoreGraphics.framework */ = {isa = PBXFileReference; lastKnownFileType = wrapper.framework; name = CoreGraphics.framework; path = System/Library/Frameworks/CoreGraphics.framework; sourceTree = SDKROOT; };
		0F8318421647E36100F150A7 /* 各种手势-Info.plist */ = {isa = PBXFileReference; lastKnownFileType = text.plist.xml; path = "各种手势-Info.plist"; sourceTree = "<group>"; };
		0F8318441647E36100F150A7 /* en */ = {isa = PBXFileReference; lastKnownFileType = text.plist.strings; name = en; path = en.lproj/InfoPlist.strings; sourceTree = "<group>"; };
		0F8318461647E36100F150A7 /* main.m */ = {isa = PBXFileReference; lastKnownFileType = sourcecode.c.objc; path = main.m; sourceTree = "<group>"; };
		0F8318481647E36100F150A7 /* 各种手势-Prefix.pch */ = {isa = PBXFileReference; lastKnownFileType = sourcecode.c.h; path = "各种手势-Prefix.pch"; sourceTree = "<group>"; };
		0F8318491647E36100F150A7 /* AppDelegate.h */ = {isa = PBXFileReference; lastKnownFileType = sourcecode.c.h; path = AppDelegate.h; sourceTree = "<group>"; };
		0F83184A1647E36100F150A7 /* AppDelegate.m */ = {isa = PBXFileReference; lastKnownFileType = sourcecode.c.objc; path = AppDelegate.m; sourceTree = "<group>"; };
		0F83184C1647E36100F150A7 /* ViewController.h */ = {isa = PBXFileReference; lastKnownFileType = sourcecode.c.h; path = ViewController.h; sourceTree = "<group>"; };
		0F83184D1647E36100F150A7 /* ViewController.m */ = {isa = PBXFileReference; lastKnownFileType = sourcecode.c.objc; path = ViewController.m; sourceTree = "<group>"; };
		0F8318501647E36100F150A7 /* en */ = {isa = PBXFileReference; lastKnownFileType = file.xib; name = en; path = en.lproj/ViewController.xib; sourceTree = "<group>"; };
		0F8318601647E46B00F150A7 /* h1.jpeg */ = {isa = PBXFileReference; lastKnownFileType = image.jpeg; path = h1.jpeg; sourceTree = "<group>"; };
		0F8318611647E46B00F150A7 /* h2.jpeg */ = {isa = PBXFileReference; lastKnownFileType = image.jpeg; path = h2.jpeg; sourceTree = "<group>"; };
		0F8318621647E46B00F150A7 /* h3.jpeg */ = {isa = PBXFileReference; lastKnownFileType = image.jpeg; path = h3.jpeg; sourceTree = "<group>"; };
		0F8318631647E46B00F150A7 /* h4.jpeg */ = {isa = PBXFileReference; lastKnownFileType = image.jpeg; path = h4.jpeg; sourceTree = "<group>"; };
		0F8318641647E46B00F150A7 /* h5.jpeg */ = {isa = PBXFileReference; lastKnownFileType = image.jpeg; path = h5.jpeg; sourceTree = "<group>"; };
		0F8318651647E46B00F150A7 /* h6.jpeg */ = {isa = PBXFileReference; lastKnownFileType = image.jpeg; path = h6.jpeg; sourceTree = "<group>"; };
		0F8318661647E46B00F150A7 /* h7.jpeg */ = {isa = PBXFileReference; lastKnownFileType = image.jpeg; path = h7.jpeg; sourceTree = "<group>"; };
		0F8318671647E46B00F150A7 /* h8.jpeg */ = {isa = PBXFileReference; lastKnownFileType = image.jpeg; path = h8.jpeg; sourceTree = "<group>"; };
		0F8318681647E46B00F150A7 /* run1.tiff */ = {isa = PBXFileReference; lastKnownFileType = image.tiff; path = run1.tiff; sourceTree = "<group>"; };
		0F8318691647E46B00F150A7 /* run2.tiff */ = {isa = PBXFileReference; lastKnownFileType = image.tiff; path = run2.tiff; sourceTree = "<group>"; };
		0F83186A1647E46B00F150A7 /* run3.tiff */ = {isa = PBXFileReference; lastKnownFileType = image.tiff; path = run3.tiff; sourceTree = "<group>"; };
		0F83186B1647E46B00F150A7 /* run4.tiff */ = {isa = PBXFileReference; lastKnownFileType = image.tiff; path = run4.tiff; sourceTree = "<group>"; };
		0F83186C1647E46B00F150A7 /* run5.tiff */ = {isa = PBXFileReference; lastKnownFileType = image.tiff; path = run5.tiff; sourceTree = "<group>"; };
		0F83186D1647E46B00F150A7 /* run6.tiff */ = {isa = PBXFileReference; lastKnownFileType = image.tiff; path = run6.tiff; sourceTree = "<group>"; };
/* End PBXFileReference section */

/* Begin PBXFrameworksBuildPhase section */
		0F8318331647E36100F150A7 /* Frameworks */ = {
			isa = PBXFrameworksBuildPhase;
			buildActionMask = 2147483647;
			files = (
				0F83183B1647E36100F150A7 /* UIKit.framework in Frameworks */,
				0F83183D1647E36100F150A7 /* Foundation.framework in Frameworks */,
				0F83183F1647E36100F150A7 /* CoreGraphics.framework in Frameworks */,
			);
			runOnlyForDeploymentPostprocessing = 0;
		};
/* End PBXFrameworksBuildPhase section */

/* Begin PBXGroup section */
		0F83182B1647E36100F150A7 = {
			isa = PBXGroup;
			children = (
				0F8318401647E36100F150A7 /* 各种手势 */,
				0F8318391647E36100F150A7 /* Frameworks */,
				0F8318371647E36100F150A7 /* Products */,
			);
			sourceTree = "<group>";
		};
		0F8318371647E36100F150A7 /* Products */ = {
			isa = PBXGroup;
			children = (
				0F8318361647E36100F150A7 /* 各种手势.app */,
			);
			name = Products;
			sourceTree = "<group>";
		};
		0F8318391647E36100F150A7 /* Frameworks */ = {
			isa = PBXGroup;
			children = (
				0F83183A1647E36100F150A7 /* UIKit.framework */,
				0F83183C1647E36100F150A7 /* Foundation.framework */,
				0F83183E1647E36100F150A7 /* CoreGraphics.framework */,
			);
			name = Frameworks;
			sourceTree = "<group>";
		};
		0F8318401647E36100F150A7 /* 各种手势 */ = {
			isa = PBXGroup;
			children = (
				0F8318491647E36100F150A7 /* AppDelegate.h */,
				0F83184A1647E36100F150A7 /* AppDelegate.m */,
				0F83184C1647E36100F150A7 /* ViewController.h */,
				0F83184D1647E36100F150A7 /* ViewController.m */,
				0F83185F1647E46B00F150A7 /* 资源文件 */,
				0F83184F1647E36100F150A7 /* ViewController.xib */,
				0F8318411647E36100F150A7 /* Supporting Files */,
			);
			path = "各种手势";
			sourceTree = "<group>";
		};
		0F8318411647E36100F150A7 /* Supporting Files */ = {
			isa = PBXGroup;
			children = (
				0F8318421647E36100F150A7 /* 各种手势-Info.plist */,
				0F8318431647E36100F150A7 /* InfoPlist.strings */,
				0F8318461647E36100F150A7 /* main.m */,
				0F8318481647E36100F150A7 /* 各种手势-Prefix.pch */,
			);
			name = "Supporting Files";
			sourceTree = "<group>";
		};
		0F83185F1647E46B00F150A7 /* 资源文件 */ = {
			isa = PBXGroup;
			children = (
				0F8318601647E46B00F150A7 /* h1.jpeg */,
				0F8318611647E46B00F150A7 /* h2.jpeg */,
				0F8318621647E46B00F150A7 /* h3.jpeg */,
				0F8318631647E46B00F150A7 /* h4.jpeg */,
				0F8318641647E46B00F150A7 /* h5.jpeg */,
				0F8318651647E46B00F150A7 /* h6.jpeg */,
				0F8318661647E46B00F150A7 /* h7.jpeg */,
				0F8318671647E46B00F150A7 /* h8.jpeg */,
				0F8318681647E46B00F150A7 /* run1.tiff */,
				0F8318691647E46B00F150A7 /* run2.tiff */,
				0F83186A1647E46B00F150A7 /* run3.tiff */,
				0F83186B1647E46B00F150A7 /* run4.tiff */,
				0F83186C1647E46B00F150A7 /* run5.tiff */,
				0F83186D1647E46B00F150A7 /* run6.tiff */,
			);
			path = "资源文件";
			sourceTree = "<group>";
		};
/* End PBXGroup section */

/* Begin PBXNativeTarget section */
		0F8318351647E36100F150A7 /* 各种手势 */ = {
			isa = PBXNativeTarget;
			buildConfigurationList = 0F8318541647E36100F150A7 /* Build configuration list for PBXNativeTarget "各种手势" */;
			buildPhases = (
				0F8318321647E36100F150A7 /* Sources */,
				0F8318331647E36100F150A7 /* Frameworks */,
				0F8318341647E36100F150A7 /* Resources */,
			);
			buildRules = (
			);
			dependencies = (
			);
			name = "各种手势";
			productName = "各种手势";
			productReference = 0F8318361647E36100F150A7 /* 各种手势.app */;
			productType = "com.apple.product-type.application";
		};
/* End PBXNativeTarget section */

/* Begin PBXProject section */
		0F83182D1647E36100F150A7 /* Project object */ = {
			isa = PBXProject;
			attributes = {
				LastUpgradeCheck = 0420;
			};
			buildConfigurationList = 0F8318301647E36100F150A7 /* Build configuration list for PBXProject "各种手势" */;
			compatibilityVersion = "Xcode 3.2";
			developmentRegion = English;
			hasScannedForEncodings = 0;
			knownRegions = (
				en,
			);
			mainGroup = 0F83182B1647E36100F150A7;
			productRefGroup = 0F8318371647E36100F150A7 /* Products */;
			projectDirPath = "";
			projectRoot = "";
			targets = (
				0F8318351647E36100F150A7 /* 各种手势 */,
			);
		};
/* End PBXProject section */

/* Begin PBXResourcesBuildPhase section */
		0F8318341647E36100F150A7 /* Resources */ = {
			isa = PBXResourcesBuildPhase;
			buildActionMask = 2147483647;
			files = (
				0F8318451647E36100F150A7 /* InfoPlist.strings in Resources */,
				0F8318511647E36100F150A7 /* ViewController.xib in Resources */,
				0F83186E1647E46B00F150A7 /* h1.jpeg in Resources */,
				0F83186F1647E46B00F150A7 /* h2.jpeg in Resources */,
				0F8318701647E46B00F150A7 /* h3.jpeg in Resources */,
				0F8318711647E46B00F150A7 /* h4.jpeg in Resources */,
				0F8318721647E46B00F150A7 /* h5.jpeg in Resources */,
				0F8318731647E46B00F150A7 /* h6.jpeg in Resources */,
				0F8318741647E46B00F150A7 /* h7.jpeg in Resources */,
				0F8318751647E46B00F150A7 /* h8.jpeg in Resources */,
				0F8318761647E46B00F150A7 /* run1.tiff in Resources */,
				0F8318771647E46B00F150A7 /* run2.tiff in Resources */,
				0F8318781647E46B00F150A7 /* run3.tiff in Resources */,
				0F8318791647E46B00F150A7 /* run4.tiff in Resources */,
				0F83187A1647E46B00F150A7 /* run5.tiff in Resources */,
				0F83187B1647E46B00F150A7 /* run6.tiff in Resources */,
			);
			runOnlyForDeploymentPostprocessing = 0;
		};
/* End PBXResourcesBuildPhase section */

/* Begin PBXSourcesBuildPhase section */
		0F8318321647E36100F150A7 /* Sources */ = {
			isa = PBXSourcesBuildPhase;
			buildActionMask = 2147483647;
			files = (
				0F8318471647E36100F150A7 /* main.m in Sources */,
				0F83184B1647E36100F150A7 /* AppDelegate.m in Sources */,
				0F83184E1647E36100F150A7 /* ViewController.m in Sources */,
			);
			runOnlyForDeploymentPostprocessing = 0;
		};
/* End PBXSourcesBuildPhase section */

/* Begin PBXVariantGroup section */
		0F8318431647E36100F150A7 /* InfoPlist.strings */ = {
			isa = PBXVariantGroup;
			children = (
				0F8318441647E36100F150A7 /* en */,
			);
			name = InfoPlist.strings;
			sourceTree = "<group>";
		};
		0F83184F1647E36100F150A7 /* ViewController.xib */ = {
			isa = PBXVariantGroup;
			children = (
				0F8318501647E36100F150A7 /* en */,
			);
			name = ViewController.xib;
			sourceTree = "<group>";
		};
/* End PBXVariantGroup section */

/* Begin XCBuildConfiguration section */
		0F8318521647E36100F150A7 /* Debug */ = {
			isa = XCBuildConfiguration;
			buildSettings = {
				ALWAYS_SEARCH_USER_PATHS = NO;
				ARCHS = "$(ARCHS_STANDARD_32_BIT)";
				"CODE_SIGN_IDENTITY[sdk=iphoneos*]" = "iPhone Developer";
				COPY_PHASE_STRIP = NO;
				GCC_C_LANGUAGE_STANDARD = gnu99;
				GCC_DYNAMIC_NO_PIC = NO;
				GCC_OPTIMIZATION_LEVEL = 0;
				GCC_PREPROCESSOR_DEFINITIONS = (
					"DEBUG=1",
					"$(inherited)",
				);
				GCC_SYMBOLS_PRIVATE_EXTERN = NO;
				GCC_VERSION = com.apple.compilers.llvm.clang.1_0;
				GCC_WARN_ABOUT_MISSING_PROTOTYPES = YES;
				GCC_WARN_ABOUT_RETURN_TYPE = YES;
				GCC_WARN_UNUSED_VARIABLE = YES;
				IPHONEOS_DEPLOYMENT_TARGET = 5.0;
				SDKROOT = iphoneos;
			};
			name = Debug;
		};
		0F8318531647E36100F150A7 /* Release */ = {
			isa = XCBuildConfiguration;
			buildSettings = {
				ALWAYS_SEARCH_USER_PATHS = NO;
				ARCHS = "$(ARCHS_STANDARD_32_BIT)";
				"CODE_SIGN_IDENTITY[sdk=iphoneos*]" = "iPhone Developer";
				COPY_PHASE_STRIP = YES;
				GCC_C_LANGUAGE_STANDARD = gnu99;
				GCC_VERSION = com.apple.compilers.llvm.clang.1_0;
				GCC_WARN_ABOUT_MISSING_PROTOTYPES = YES;
				GCC_WARN_ABOUT_RETURN_TYPE = YES;
				GCC_WARN_UNUSED_VARIABLE = YES;
				IPHONEOS_DEPLOYMENT_TARGET = 5.0;
				OTHER_CFLAGS = "-DNS_BLOCK_ASSERTIONS=1";
				SDKROOT = iphoneos;
				VALIDATE_PRODUCT = YES;
			};
			name = Release;
		};
		0F8318551647E36100F150A7 /* Debug */ = {
			isa = XCBuildConfiguration;
			buildSettings = {
				GCC_PRECOMPILE_PREFIX_HEADER = YES;
				GCC_PREFIX_HEADER = "各种手势/各种手势-Prefix.pch";
				INFOPLIST_FILE = "各种手势/各种手势-Info.plist";
				PRODUCT_NAME = "$(TARGET_NAME)";
				WRAPPER_EXTENSION = app;
			};
			name = Debug;
		};
		0F8318561647E36100F150A7 /* Release */ = {
			isa = XCBuildConfiguration;
			buildSettings = {
				GCC_PRECOMPILE_PREFIX_HEADER = YES;
				GCC_PREFIX_HEADER = "各种手势/各种手势-Prefix.pch";
				INFOPLIST_FILE = "各种手势/各种手势-Info.plist";
				PRODUCT_NAME = "$(TARGET_NAME)";
				WRAPPER_EXTENSION = app;
			};
			name = Release;
		};
/* End XCBuildConfiguration section */

/* Begin XCConfigurationList section */
		0F8318301647E36100F150A7 /* Build configuration list for PBXProject "各种手势" */ = {
			isa = XCConfigurationList;
			buildConfigurations = (
				0F8318521647E36100F150A7 /* Debug */,
				0F8318531647E36100F150A7 /* Release */,
			);
			defaultConfigurationIsVisible = 0;
			defaultConfigurationName = Release;
		};
		0F8318541647E36100F150A7 /* Build configuration list for PBXNativeTarget "各种手势" */ = {
			isa = XCConfigurationList;
			buildConfigurations = (
				0F8318551647E36100F150A7 /* Debug */,
				0F8318561647E36100F150A7 /* Release */,
			);
			defaultConfigurationIsVisible = 0;
			defaultConfigurationName = Release;
		};
/* End XCConfigurationList section */
	};
	rootObject = 0F83182D1647E36100F150A7 /* Project object */;
}
