// !$*UTF8*$!
{
	archiveVersion = 1;
	classes = {
	};
	objectVersion = 46;
	objects = {

/* Begin PBXBuildFile section */
		0F8863A916646F2A00C797D3 /* UIKit.framework in Frameworks */ = {isa = PBXBuildFile; fileRef = 0F8863A816646F2A00C797D3 /* UIKit.framework */; };
		0F8863AB16646F2A00C797D3 /* Foundation.framework in Frameworks */ = {isa = PBXBuildFile; fileRef = 0F8863AA16646F2A00C797D3 /* Foundation.framework */; };
		0F8863AD16646F2A00C797D3 /* CoreGraphics.framework in Frameworks */ = {isa = PBXBuildFile; fileRef = 0F8863AC16646F2A00C797D3 /* CoreGraphics.framework */; };
		0F8863B316646F2A00C797D3 /* InfoPlist.strings in Resources */ = {isa = PBXBuildFile; fileRef = 0F8863B116646F2A00C797D3 /* InfoPlist.strings */; };
		0F8863B516646F2A00C797D3 /* main.m in Sources */ = {isa = PBXBuildFile; fileRef = 0F8863B416646F2A00C797D3 /* main.m */; };
		0F8863B916646F2A00C797D3 /* AppDelegate.m in Sources */ = {isa = PBXBuildFile; fileRef = 0F8863B816646F2A00C797D3 /* AppDelegate.m */; };
		0F8863BB16646F2A00C797D3 /* Default.png in Resources */ = {isa = PBXBuildFile; fileRef = 0F8863BA16646F2A00C797D3 /* Default.png */; };
		0F8863BD16646F2A00C797D3 /* Default@2x.png in Resources */ = {isa = PBXBuildFile; fileRef = 0F8863BC16646F2A00C797D3 /* Default@2x.png */; };
		0F8863BF16646F2A00C797D3 /* Default-568h@2x.png in Resources */ = {isa = PBXBuildFile; fileRef = 0F8863BE16646F2A00C797D3 /* Default-568h@2x.png */; };
		0F8863C716646F4600C797D3 /* RootViewController.m in Sources */ = {isa = PBXBuildFile; fileRef = 0F8863C616646F4600C797D3 /* RootViewController.m */; };
		0F8863CA16646F5900C797D3 /* SecondViewController.m in Sources */ = {isa = PBXBuildFile; fileRef = 0F8863C916646F5900C797D3 /* SecondViewController.m */; };
/* End PBXBuildFile section */

/* Begin PBXFileReference section */
		0F8863A416646F2A00C797D3 /* InstancePassValue.app */ = {isa = PBXFileReference; explicitFileType = wrapper.application; includeInIndex = 0; path = InstancePassValue.app; sourceTree = BUILT_PRODUCTS_DIR; };
		0F8863A816646F2A00C797D3 /* UIKit.framework */ = {isa = PBXFileReference; lastKnownFileType = wrapper.framework; name = UIKit.framework; path = System/Library/Frameworks/UIKit.framework; sourceTree = SDKROOT; };
		0F8863AA16646F2A00C797D3 /* Foundation.framework */ = {isa = PBXFileReference; lastKnownFileType = wrapper.framework; name = Foundation.framework; path = System/Library/Frameworks/Foundation.framework; sourceTree = SDKROOT; };
		0F8863AC16646F2A00C797D3 /* CoreGraphics.framework */ = {isa = PBXFileReference; lastKnownFileType = wrapper.framework; name = CoreGraphics.framework; path = System/Library/Frameworks/CoreGraphics.framework; sourceTree = SDKROOT; };
		0F8863B016646F2A00C797D3 /* InstancePassValue-Info.plist */ = {isa = PBXFileReference; lastKnownFileType = text.plist.xml; path = "InstancePassValue-Info.plist"; sourceTree = "<group>"; };
		0F8863B216646F2A00C797D3 /* en */ = {isa = PBXFileReference; lastKnownFileType = text.plist.strings; name = en; path = en.lproj/InfoPlist.strings; sourceTree = "<group>"; };
		0F8863B416646F2A00C797D3 /* main.m */ = {isa = PBXFileReference; lastKnownFileType = sourcecode.c.objc; path = main.m; sourceTree = "<group>"; };
		0F8863B616646F2A00C797D3 /* InstancePassValue-Prefix.pch */ = {isa = PBXFileReference; lastKnownFileType = sourcecode.c.h; path = "InstancePassValue-Prefix.pch"; sourceTree = "<group>"; };
		0F8863B716646F2A00C797D3 /* AppDelegate.h */ = {isa = PBXFileReference; lastKnownFileType = sourcecode.c.h; path = AppDelegate.h; sourceTree = "<group>"; };
		0F8863B816646F2A00C797D3 /* AppDelegate.m */ = {isa = PBXFileReference; lastKnownFileType = sourcecode.c.objc; path = AppDelegate.m; sourceTree = "<group>"; };
		0F8863BA16646F2A00C797D3 /* Default.png */ = {isa = PBXFileReference; lastKnownFileType = image.png; path = Default.png; sourceTree = "<group>"; };
		0F8863BC16646F2A00C797D3 /* Default@2x.png */ = {isa = PBXFileReference; lastKnownFileType = image.png; path = "Default@2x.png"; sourceTree = "<group>"; };
		0F8863BE16646F2A00C797D3 /* Default-568h@2x.png */ = {isa = PBXFileReference; lastKnownFileType = image.png; path = "Default-568h@2x.png"; sourceTree = "<group>"; };
		0F8863C516646F4600C797D3 /* RootViewController.h */ = {isa = PBXFileReference; fileEncoding = 4; lastKnownFileType = sourcecode.c.h; path = RootViewController.h; sourceTree = "<group>"; };
		0F8863C616646F4600C797D3 /* RootViewController.m */ = {isa = PBXFileReference; fileEncoding = 4; lastKnownFileType = sourcecode.c.objc; path = RootViewController.m; sourceTree = "<group>"; };
		0F8863C816646F5900C797D3 /* SecondViewController.h */ = {isa = PBXFileReference; fileEncoding = 4; lastKnownFileType = sourcecode.c.h; path = SecondViewController.h; sourceTree = "<group>"; };
		0F8863C916646F5900C797D3 /* SecondViewController.m */ = {isa = PBXFileReference; fileEncoding = 4; lastKnownFileType = sourcecode.c.objc; path = SecondViewController.m; sourceTree = "<group>"; };
		0F8863CB1664711200C797D3 /* MyDefine.h */ = {isa = PBXFileReference; fileEncoding = 4; lastKnownFileType = sourcecode.c.h; path = MyDefine.h; sourceTree = "<group>"; };
/* End PBXFileReference section */

/* Begin PBXFrameworksBuildPhase section */
		0F8863A116646F2A00C797D3 /* Frameworks */ = {
			isa = PBXFrameworksBuildPhase;
			buildActionMask = 2147483647;
			files = (
				0F8863A916646F2A00C797D3 /* UIKit.framework in Frameworks */,
				0F8863AB16646F2A00C797D3 /* Foundation.framework in Frameworks */,
				0F8863AD16646F2A00C797D3 /* CoreGraphics.framework in Frameworks */,
			);
			runOnlyForDeploymentPostprocessing = 0;
		};
/* End PBXFrameworksBuildPhase section */

/* Begin PBXGroup section */
		0F88639916646F2A00C797D3 = {
			isa = PBXGroup;
			children = (
				0F8863AE16646F2A00C797D3 /* InstancePassValue */,
				0F8863A716646F2A00C797D3 /* Frameworks */,
				0F8863A516646F2A00C797D3 /* Products */,
			);
			sourceTree = "<group>";
		};
		0F8863A516646F2A00C797D3 /* Products */ = {
			isa = PBXGroup;
			children = (
				0F8863A416646F2A00C797D3 /* InstancePassValue.app */,
			);
			name = Products;
			sourceTree = "<group>";
		};
		0F8863A716646F2A00C797D3 /* Frameworks */ = {
			isa = PBXGroup;
			children = (
				0F8863A816646F2A00C797D3 /* UIKit.framework */,
				0F8863AA16646F2A00C797D3 /* Foundation.framework */,
				0F8863AC16646F2A00C797D3 /* CoreGraphics.framework */,
			);
			name = Frameworks;
			sourceTree = "<group>";
		};
		0F8863AE16646F2A00C797D3 /* InstancePassValue */ = {
			isa = PBXGroup;
			children = (
				0F8863B716646F2A00C797D3 /* AppDelegate.h */,
				0F8863B816646F2A00C797D3 /* AppDelegate.m */,
				0F8863C516646F4600C797D3 /* RootViewController.h */,
				0F8863C616646F4600C797D3 /* RootViewController.m */,
				0F8863C816646F5900C797D3 /* SecondViewController.h */,
				0F8863C916646F5900C797D3 /* SecondViewController.m */,
				0F8863AF16646F2A00C797D3 /* Supporting Files */,
			);
			path = InstancePassValue;
			sourceTree = "<group>";
		};
		0F8863AF16646F2A00C797D3 /* Supporting Files */ = {
			isa = PBXGroup;
			children = (
				0F8863CB1664711200C797D3 /* MyDefine.h */,
				0F8863B016646F2A00C797D3 /* InstancePassValue-Info.plist */,
				0F8863B116646F2A00C797D3 /* InfoPlist.strings */,
				0F8863B416646F2A00C797D3 /* main.m */,
				0F8863B616646F2A00C797D3 /* InstancePassValue-Prefix.pch */,
				0F8863BA16646F2A00C797D3 /* Default.png */,
				0F8863BC16646F2A00C797D3 /* Default@2x.png */,
				0F8863BE16646F2A00C797D3 /* Default-568h@2x.png */,
			);
			name = "Supporting Files";
			sourceTree = "<group>";
		};
/* End PBXGroup section */

/* Begin PBXNativeTarget section */
		0F8863A316646F2A00C797D3 /* InstancePassValue */ = {
			isa = PBXNativeTarget;
			buildConfigurationList = 0F8863C216646F2A00C797D3 /* Build configuration list for PBXNativeTarget "InstancePassValue" */;
			buildPhases = (
				0F8863A016646F2A00C797D3 /* Sources */,
				0F8863A116646F2A00C797D3 /* Frameworks */,
				0F8863A216646F2A00C797D3 /* Resources */,
			);
			buildRules = (
			);
			dependencies = (
			);
			name = InstancePassValue;
			productName = InstancePassValue;
			productReference = 0F8863A416646F2A00C797D3 /* InstancePassValue.app */;
			productType = "com.apple.product-type.application";
		};
/* End PBXNativeTarget section */

/* Begin PBXProject section */
		0F88639B16646F2A00C797D3 /* Project object */ = {
			isa = PBXProject;
			attributes = {
				LastUpgradeCheck = 0450;
				ORGANIZATIONNAME = "王金宇";
			};
			buildConfigurationList = 0F88639E16646F2A00C797D3 /* Build configuration list for PBXProject "InstancePassValue" */;
			compatibilityVersion = "Xcode 3.2";
			developmentRegion = English;
			hasScannedForEncodings = 0;
			knownRegions = (
				en,
			);
			mainGroup = 0F88639916646F2A00C797D3;
			productRefGroup = 0F8863A516646F2A00C797D3 /* Products */;
			projectDirPath = "";
			projectRoot = "";
			targets = (
				0F8863A316646F2A00C797D3 /* InstancePassValue */,
			);
		};
/* End PBXProject section */

/* Begin PBXResourcesBuildPhase section */
		0F8863A216646F2A00C797D3 /* Resources */ = {
			isa = PBXResourcesBuildPhase;
			buildActionMask = 2147483647;
			files = (
				0F8863B316646F2A00C797D3 /* InfoPlist.strings in Resources */,
				0F8863BB16646F2A00C797D3 /* Default.png in Resources */,
				0F8863BD16646F2A00C797D3 /* Default@2x.png in Resources */,
				0F8863BF16646F2A00C797D3 /* Default-568h@2x.png in Resources */,
			);
			runOnlyForDeploymentPostprocessing = 0;
		};
/* End PBXResourcesBuildPhase section */

/* Begin PBXSourcesBuildPhase section */
		0F8863A016646F2A00C797D3 /* Sources */ = {
			isa = PBXSourcesBuildPhase;
			buildActionMask = 2147483647;
			files = (
				0F8863B516646F2A00C797D3 /* main.m in Sources */,
				0F8863B916646F2A00C797D3 /* AppDelegate.m in Sources */,
				0F8863C716646F4600C797D3 /* RootViewController.m in Sources */,
				0F8863CA16646F5900C797D3 /* SecondViewController.m in Sources */,
			);
			runOnlyForDeploymentPostprocessing = 0;
		};
/* End PBXSourcesBuildPhase section */

/* Begin PBXVariantGroup section */
		0F8863B116646F2A00C797D3 /* InfoPlist.strings */ = {
			isa = PBXVariantGroup;
			children = (
				0F8863B216646F2A00C797D3 /* en */,
			);
			name = InfoPlist.strings;
			sourceTree = "<group>";
		};
/* End PBXVariantGroup section */

/* Begin XCBuildConfiguration section */
		0F8863C016646F2A00C797D3 /* Debug */ = {
			isa = XCBuildConfiguration;
			buildSettings = {
				ALWAYS_SEARCH_USER_PATHS = NO;
				CLANG_CXX_LANGUAGE_STANDARD = "gnu++0x";
				CLANG_CXX_LIBRARY = "libc++";
				CLANG_WARN_EMPTY_BODY = YES;
				CLANG_WARN__DUPLICATE_METHOD_MATCH = YES;
				"CODE_SIGN_IDENTITY[sdk=iphoneos*]" = "iPhone Developer";
				COPY_PHASE_STRIP = NO;
				GCC_C_LANGUAGE_STANDARD = gnu99;
				GCC_DYNAMIC_NO_PIC = NO;
				GCC_OPTIMIZATION_LEVEL = 0;
				GCC_PREPROCESSOR_DEFINITIONS = (
					"DEBUG=1",
					"$(inherited)",
				);
				GCC_SYMBOLS_PRIVATE_EXTERN = NO;
				GCC_WARN_ABOUT_RETURN_TYPE = YES;
				GCC_WARN_UNINITIALIZED_AUTOS = YES;
				GCC_WARN_UNUSED_VARIABLE = YES;
				IPHONEOS_DEPLOYMENT_TARGET = 6.0;
				ONLY_ACTIVE_ARCH = YES;
				SDKROOT = iphoneos;
			};
			name = Debug;
		};
		0F8863C116646F2A00C797D3 /* Release */ = {
			isa = XCBuildConfiguration;
			buildSettings = {
				ALWAYS_SEARCH_USER_PATHS = NO;
				CLANG_CXX_LANGUAGE_STANDARD = "gnu++0x";
				CLANG_CXX_LIBRARY = "libc++";
				CLANG_WARN_EMPTY_BODY = YES;
				CLANG_WARN__DUPLICATE_METHOD_MATCH = YES;
				"CODE_SIGN_IDENTITY[sdk=iphoneos*]" = "iPhone Developer";
				COPY_PHASE_STRIP = YES;
				GCC_C_LANGUAGE_STANDARD = gnu99;
				GCC_WARN_ABOUT_RETURN_TYPE = YES;
				GCC_WARN_UNINITIALIZED_AUTOS = YES;
				GCC_WARN_UNUSED_VARIABLE = YES;
				IPHONEOS_DEPLOYMENT_TARGET = 6.0;
				OTHER_CFLAGS = "-DNS_BLOCK_ASSERTIONS=1";
				SDKROOT = iphoneos;
				VALIDATE_PRODUCT = YES;
			};
			name = Release;
		};
		0F8863C316646F2A00C797D3 /* Debug */ = {
			isa = XCBuildConfiguration;
			buildSettings = {
				GCC_PRECOMPILE_PREFIX_HEADER = YES;
				GCC_PREFIX_HEADER = "InstancePassValue/InstancePassValue-Prefix.pch";
				INFOPLIST_FILE = "InstancePassValue/InstancePassValue-Info.plist";
				PRODUCT_NAME = "$(TARGET_NAME)";
				WRAPPER_EXTENSION = app;
			};
			name = Debug;
		};
		0F8863C416646F2A00C797D3 /* Release */ = {
			isa = XCBuildConfiguration;
			buildSettings = {
				GCC_PRECOMPILE_PREFIX_HEADER = YES;
				GCC_PREFIX_HEADER = "InstancePassValue/InstancePassValue-Prefix.pch";
				INFOPLIST_FILE = "InstancePassValue/InstancePassValue-Info.plist";
				PRODUCT_NAME = "$(TARGET_NAME)";
				WRAPPER_EXTENSION = app;
			};
			name = Release;
		};
/* End XCBuildConfiguration section */

/* Begin XCConfigurationList section */
		0F88639E16646F2A00C797D3 /* Build configuration list for PBXProject "InstancePassValue" */ = {
			isa = XCConfigurationList;
			buildConfigurations = (
				0F8863C016646F2A00C797D3 /* Debug */,
				0F8863C116646F2A00C797D3 /* Release */,
			);
			defaultConfigurationIsVisible = 0;
			defaultConfigurationName = Release;
		};
		0F8863C216646F2A00C797D3 /* Build configuration list for PBXNativeTarget "InstancePassValue" */ = {
			isa = XCConfigurationList;
			buildConfigurations = (
				0F8863C316646F2A00C797D3 /* Debug */,
				0F8863C416646F2A00C797D3 /* Release */,
			);
			defaultConfigurationIsVisible = 0;
		};
/* End XCConfigurationList section */
	};
	rootObject = 0F88639B16646F2A00C797D3 /* Project object */;
}
