// !$*UTF8*$!
{
	archiveVersion = 1;
	classes = {
	};
	objectVersion = 46;
	objects = {

/* Begin PBXBuildFile section */
		0F8D848E16775F3E00254EFF /* UIKit.framework in Frameworks */ = {isa = PBXBuildFile; fileRef = 0F8D848D16775F3E00254EFF /* UIKit.framework */; };
		0F8D849016775F3E00254EFF /* Foundation.framework in Frameworks */ = {isa = PBXBuildFile; fileRef = 0F8D848F16775F3E00254EFF /* Foundation.framework */; };
		0F8D849216775F3E00254EFF /* CoreGraphics.framework in Frameworks */ = {isa = PBXBuildFile; fileRef = 0F8D849116775F3E00254EFF /* CoreGraphics.framework */; };
		0F8D849816775F3E00254EFF /* InfoPlist.strings in Resources */ = {isa = PBXBuildFile; fileRef = 0F8D849616775F3E00254EFF /* InfoPlist.strings */; };
		0F8D849A16775F3E00254EFF /* main.m in Sources */ = {isa = PBXBuildFile; fileRef = 0F8D849916775F3E00254EFF /* main.m */; };
		0F8D849E16775F3E00254EFF /* AppDelegate.m in Sources */ = {isa = PBXBuildFile; fileRef = 0F8D849D16775F3E00254EFF /* AppDelegate.m */; };
		0F8D84A116775F3E00254EFF /* ViewController.m in Sources */ = {isa = PBXBuildFile; fileRef = 0F8D84A016775F3E00254EFF /* ViewController.m */; };
		0F8D84A416775F3E00254EFF /* ViewController.xib in Resources */ = {isa = PBXBuildFile; fileRef = 0F8D84A216775F3E00254EFF /* ViewController.xib */; };
		0F8D84AF16775FE600254EFF /* 735390_104540942743_2.jpg in Resources */ = {isa = PBXBuildFile; fileRef = 0F8D84AE16775FE600254EFF /* 735390_104540942743_2.jpg */; };
		0F8D84B11677642E00254EFF /* “china”的副本.gif in Resources */ = {isa = PBXBuildFile; fileRef = 0F8D84B01677642E00254EFF /* “china”的副本.gif */; };
/* End PBXBuildFile section */

/* Begin PBXFileReference section */
		0F8D848916775F3E00254EFF /* UI_gundong.app */ = {isa = PBXFileReference; explicitFileType = wrapper.application; includeInIndex = 0; path = UI_gundong.app; sourceTree = BUILT_PRODUCTS_DIR; };
		0F8D848D16775F3E00254EFF /* UIKit.framework */ = {isa = PBXFileReference; lastKnownFileType = wrapper.framework; name = UIKit.framework; path = System/Library/Frameworks/UIKit.framework; sourceTree = SDKROOT; };
		0F8D848F16775F3E00254EFF /* Foundation.framework */ = {isa = PBXFileReference; lastKnownFileType = wrapper.framework; name = Foundation.framework; path = System/Library/Frameworks/Foundation.framework; sourceTree = SDKROOT; };
		0F8D849116775F3E00254EFF /* CoreGraphics.framework */ = {isa = PBXFileReference; lastKnownFileType = wrapper.framework; name = CoreGraphics.framework; path = System/Library/Frameworks/CoreGraphics.framework; sourceTree = SDKROOT; };
		0F8D849516775F3E00254EFF /* UI_gundong-Info.plist */ = {isa = PBXFileReference; lastKnownFileType = text.plist.xml; path = "UI_gundong-Info.plist"; sourceTree = "<group>"; };
		0F8D849716775F3E00254EFF /* en */ = {isa = PBXFileReference; lastKnownFileType = text.plist.strings; name = en; path = en.lproj/InfoPlist.strings; sourceTree = "<group>"; };
		0F8D849916775F3E00254EFF /* main.m */ = {isa = PBXFileReference; lastKnownFileType = sourcecode.c.objc; path = main.m; sourceTree = "<group>"; };
		0F8D849B16775F3E00254EFF /* UI_gundong-Prefix.pch */ = {isa = PBXFileReference; lastKnownFileType = sourcecode.c.h; path = "UI_gundong-Prefix.pch"; sourceTree = "<group>"; };
		0F8D849C16775F3E00254EFF /* AppDelegate.h */ = {isa = PBXFileReference; lastKnownFileType = sourcecode.c.h; path = AppDelegate.h; sourceTree = "<group>"; };
		0F8D849D16775F3E00254EFF /* AppDelegate.m */ = {isa = PBXFileReference; lastKnownFileType = sourcecode.c.objc; path = AppDelegate.m; sourceTree = "<group>"; };
		0F8D849F16775F3E00254EFF /* ViewController.h */ = {isa = PBXFileReference; lastKnownFileType = sourcecode.c.h; path = ViewController.h; sourceTree = "<group>"; };
		0F8D84A016775F3E00254EFF /* ViewController.m */ = {isa = PBXFileReference; lastKnownFileType = sourcecode.c.objc; path = ViewController.m; sourceTree = "<group>"; };
		0F8D84A316775F3E00254EFF /* en */ = {isa = PBXFileReference; lastKnownFileType = file.xib; name = en; path = en.lproj/ViewController.xib; sourceTree = "<group>"; };
		0F8D84AE16775FE600254EFF /* 735390_104540942743_2.jpg */ = {isa = PBXFileReference; lastKnownFileType = image.jpeg; path = 735390_104540942743_2.jpg; sourceTree = "<group>"; };
		0F8D84B01677642E00254EFF /* “china”的副本.gif */ = {isa = PBXFileReference; lastKnownFileType = image.gif; path = "“china”的副本.gif"; sourceTree = "<group>"; };
/* End PBXFileReference section */

/* Begin PBXFrameworksBuildPhase section */
		0F8D848616775F3E00254EFF /* Frameworks */ = {
			isa = PBXFrameworksBuildPhase;
			buildActionMask = 2147483647;
			files = (
				0F8D848E16775F3E00254EFF /* UIKit.framework in Frameworks */,
				0F8D849016775F3E00254EFF /* Foundation.framework in Frameworks */,
				0F8D849216775F3E00254EFF /* CoreGraphics.framework in Frameworks */,
			);
			runOnlyForDeploymentPostprocessing = 0;
		};
/* End PBXFrameworksBuildPhase section */

/* Begin PBXGroup section */
		0F8D847E16775F3E00254EFF = {
			isa = PBXGroup;
			children = (
				0F8D849316775F3E00254EFF /* UI_gundong */,
				0F8D848C16775F3E00254EFF /* Frameworks */,
				0F8D848A16775F3E00254EFF /* Products */,
			);
			sourceTree = "<group>";
		};
		0F8D848A16775F3E00254EFF /* Products */ = {
			isa = PBXGroup;
			children = (
				0F8D848916775F3E00254EFF /* UI_gundong.app */,
			);
			name = Products;
			sourceTree = "<group>";
		};
		0F8D848C16775F3E00254EFF /* Frameworks */ = {
			isa = PBXGroup;
			children = (
				0F8D848D16775F3E00254EFF /* UIKit.framework */,
				0F8D848F16775F3E00254EFF /* Foundation.framework */,
				0F8D849116775F3E00254EFF /* CoreGraphics.framework */,
			);
			name = Frameworks;
			sourceTree = "<group>";
		};
		0F8D849316775F3E00254EFF /* UI_gundong */ = {
			isa = PBXGroup;
			children = (
				0F8D84B01677642E00254EFF /* “china”的副本.gif */,
				0F8D84AE16775FE600254EFF /* 735390_104540942743_2.jpg */,
				0F8D849C16775F3E00254EFF /* AppDelegate.h */,
				0F8D849D16775F3E00254EFF /* AppDelegate.m */,
				0F8D849F16775F3E00254EFF /* ViewController.h */,
				0F8D84A016775F3E00254EFF /* ViewController.m */,
				0F8D84A216775F3E00254EFF /* ViewController.xib */,
				0F8D849416775F3E00254EFF /* Supporting Files */,
			);
			path = UI_gundong;
			sourceTree = "<group>";
		};
		0F8D849416775F3E00254EFF /* Supporting Files */ = {
			isa = PBXGroup;
			children = (
				0F8D849516775F3E00254EFF /* UI_gundong-Info.plist */,
				0F8D849616775F3E00254EFF /* InfoPlist.strings */,
				0F8D849916775F3E00254EFF /* main.m */,
				0F8D849B16775F3E00254EFF /* UI_gundong-Prefix.pch */,
			);
			name = "Supporting Files";
			sourceTree = "<group>";
		};
/* End PBXGroup section */

/* Begin PBXNativeTarget section */
		0F8D848816775F3E00254EFF /* UI_gundong */ = {
			isa = PBXNativeTarget;
			buildConfigurationList = 0F8D84A716775F3E00254EFF /* Build configuration list for PBXNativeTarget "UI_gundong" */;
			buildPhases = (
				0F8D848516775F3E00254EFF /* Sources */,
				0F8D848616775F3E00254EFF /* Frameworks */,
				0F8D848716775F3E00254EFF /* Resources */,
			);
			buildRules = (
			);
			dependencies = (
			);
			name = UI_gundong;
			productName = UI_gundong;
			productReference = 0F8D848916775F3E00254EFF /* UI_gundong.app */;
			productType = "com.apple.product-type.application";
		};
/* End PBXNativeTarget section */

/* Begin PBXProject section */
		0F8D848016775F3E00254EFF /* Project object */ = {
			isa = PBXProject;
			attributes = {
				LastUpgradeCheck = 0440;
				ORGANIZATIONNAME = "韦博渊";
			};
			buildConfigurationList = 0F8D848316775F3E00254EFF /* Build configuration list for PBXProject "UI_gundong" */;
			compatibilityVersion = "Xcode 3.2";
			developmentRegion = English;
			hasScannedForEncodings = 0;
			knownRegions = (
				en,
			);
			mainGroup = 0F8D847E16775F3E00254EFF;
			productRefGroup = 0F8D848A16775F3E00254EFF /* Products */;
			projectDirPath = "";
			projectRoot = "";
			targets = (
				0F8D848816775F3E00254EFF /* UI_gundong */,
			);
		};
/* End PBXProject section */

/* Begin PBXResourcesBuildPhase section */
		0F8D848716775F3E00254EFF /* Resources */ = {
			isa = PBXResourcesBuildPhase;
			buildActionMask = 2147483647;
			files = (
				0F8D849816775F3E00254EFF /* InfoPlist.strings in Resources */,
				0F8D84A416775F3E00254EFF /* ViewController.xib in Resources */,
				0F8D84AF16775FE600254EFF /* 735390_104540942743_2.jpg in Resources */,
				0F8D84B11677642E00254EFF /* “china”的副本.gif in Resources */,
			);
			runOnlyForDeploymentPostprocessing = 0;
		};
/* End PBXResourcesBuildPhase section */

/* Begin PBXSourcesBuildPhase section */
		0F8D848516775F3E00254EFF /* Sources */ = {
			isa = PBXSourcesBuildPhase;
			buildActionMask = 2147483647;
			files = (
				0F8D849A16775F3E00254EFF /* main.m in Sources */,
				0F8D849E16775F3E00254EFF /* AppDelegate.m in Sources */,
				0F8D84A116775F3E00254EFF /* ViewController.m in Sources */,
			);
			runOnlyForDeploymentPostprocessing = 0;
		};
/* End PBXSourcesBuildPhase section */

/* Begin PBXVariantGroup section */
		0F8D849616775F3E00254EFF /* InfoPlist.strings */ = {
			isa = PBXVariantGroup;
			children = (
				0F8D849716775F3E00254EFF /* en */,
			);
			name = InfoPlist.strings;
			sourceTree = "<group>";
		};
		0F8D84A216775F3E00254EFF /* ViewController.xib */ = {
			isa = PBXVariantGroup;
			children = (
				0F8D84A316775F3E00254EFF /* en */,
			);
			name = ViewController.xib;
			sourceTree = "<group>";
		};
/* End PBXVariantGroup section */

/* Begin XCBuildConfiguration section */
		0F8D84A516775F3E00254EFF /* Debug */ = {
			isa = XCBuildConfiguration;
			buildSettings = {
				ALWAYS_SEARCH_USER_PATHS = NO;
				ARCHS = "$(ARCHS_STANDARD_32_BIT)";
				CLANG_CXX_LANGUAGE_STANDARD = "gnu++0x";
				CLANG_WARN__DUPLICATE_METHOD_MATCH = YES;
				"CODE_SIGN_IDENTITY[sdk=iphoneos*]" = "iPhone Developer";
				COPY_PHASE_STRIP = NO;
				GCC_C_LANGUAGE_STANDARD = gnu99;
				GCC_DYNAMIC_NO_PIC = NO;
				GCC_OPTIMIZATION_LEVEL = 0;
				GCC_PREPROCESSOR_DEFINITIONS = (
					"DEBUG=1",
					"$(inherited)",
				);
				GCC_SYMBOLS_PRIVATE_EXTERN = NO;
				GCC_VERSION = com.apple.compilers.llvm.clang.1_0;
				GCC_WARN_ABOUT_RETURN_TYPE = YES;
				GCC_WARN_UNINITIALIZED_AUTOS = YES;
				GCC_WARN_UNUSED_VARIABLE = YES;
				IPHONEOS_DEPLOYMENT_TARGET = 5.1;
				SDKROOT = iphoneos;
			};
			name = Debug;
		};
		0F8D84A616775F3E00254EFF /* Release */ = {
			isa = XCBuildConfiguration;
			buildSettings = {
				ALWAYS_SEARCH_USER_PATHS = NO;
				ARCHS = "$(ARCHS_STANDARD_32_BIT)";
				CLANG_CXX_LANGUAGE_STANDARD = "gnu++0x";
				CLANG_WARN__DUPLICATE_METHOD_MATCH = YES;
				"CODE_SIGN_IDENTITY[sdk=iphoneos*]" = "iPhone Developer";
				COPY_PHASE_STRIP = YES;
				GCC_C_LANGUAGE_STANDARD = gnu99;
				GCC_VERSION = com.apple.compilers.llvm.clang.1_0;
				GCC_WARN_ABOUT_RETURN_TYPE = YES;
				GCC_WARN_UNINITIALIZED_AUTOS = YES;
				GCC_WARN_UNUSED_VARIABLE = YES;
				IPHONEOS_DEPLOYMENT_TARGET = 5.1;
				OTHER_CFLAGS = "-DNS_BLOCK_ASSERTIONS=1";
				SDKROOT = iphoneos;
				VALIDATE_PRODUCT = YES;
			};
			name = Release;
		};
		0F8D84A816775F3E00254EFF /* Debug */ = {
			isa = XCBuildConfiguration;
			buildSettings = {
				GCC_PRECOMPILE_PREFIX_HEADER = YES;
				GCC_PREFIX_HEADER = "UI_gundong/UI_gundong-Prefix.pch";
				INFOPLIST_FILE = "UI_gundong/UI_gundong-Info.plist";
				PRODUCT_NAME = "$(TARGET_NAME)";
				WRAPPER_EXTENSION = app;
			};
			name = Debug;
		};
		0F8D84A916775F3E00254EFF /* Release */ = {
			isa = XCBuildConfiguration;
			buildSettings = {
				GCC_PRECOMPILE_PREFIX_HEADER = YES;
				GCC_PREFIX_HEADER = "UI_gundong/UI_gundong-Prefix.pch";
				INFOPLIST_FILE = "UI_gundong/UI_gundong-Info.plist";
				PRODUCT_NAME = "$(TARGET_NAME)";
				WRAPPER_EXTENSION = app;
			};
			name = Release;
		};
/* End XCBuildConfiguration section */

/* Begin XCConfigurationList section */
		0F8D848316775F3E00254EFF /* Build configuration list for PBXProject "UI_gundong" */ = {
			isa = XCConfigurationList;
			buildConfigurations = (
				0F8D84A516775F3E00254EFF /* Debug */,
				0F8D84A616775F3E00254EFF /* Release */,
			);
			defaultConfigurationIsVisible = 0;
			defaultConfigurationName = Release;
		};
		0F8D84A716775F3E00254EFF /* Build configuration list for PBXNativeTarget "UI_gundong" */ = {
			isa = XCConfigurationList;
			buildConfigurations = (
				0F8D84A816775F3E00254EFF /* Debug */,
				0F8D84A916775F3E00254EFF /* Release */,
			);
			defaultConfigurationIsVisible = 0;
		};
/* End XCConfigurationList section */
	};
	rootObject = 0F8D848016775F3E00254EFF /* Project object */;
}
