// !$*UTF8*$!
{
	archiveVersion = 1;
	classes = {
	};
	objectVersion = 46;
	objects = {

/* Begin PBXBuildFile section */
		0FF64F3A1634C17D00740375 /* Cocoa.framework in Frameworks */ = {isa = PBXBuildFile; fileRef = 0FF64F391634C17D00740375 /* Cocoa.framework */; };
		0FF64F441634C17D00740375 /* InfoPlist.strings in Resources */ = {isa = PBXBuildFile; fileRef = 0FF64F421634C17D00740375 /* InfoPlist.strings */; };
		0FF64F461634C17D00740375 /* main.m in Sources */ = {isa = PBXBuildFile; fileRef = 0FF64F451634C17D00740375 /* main.m */; };
		0FF64F4A1634C17D00740375 /* Credits.rtf in Resources */ = {isa = PBXBuildFile; fileRef = 0FF64F481634C17D00740375 /* Credits.rtf */; };
		0FF64F4D1634C17D00740375 /* AppDelegate.m in Sources */ = {isa = PBXBuildFile; fileRef = 0FF64F4C1634C17D00740375 /* AppDelegate.m */; };
		0FF64F501634C17E00740375 /* MainMenu.xib in Resources */ = {isa = PBXBuildFile; fileRef = 0FF64F4E1634C17E00740375 /* MainMenu.xib */; };
		0FF64F581634C1A000740375 /* Student.m in Sources */ = {isa = PBXBuildFile; fileRef = 0FF64F571634C1A000740375 /* Student.m */; };
		0FF64F611634C1EF00740375 /* MyClass.m in Sources */ = {isa = PBXBuildFile; fileRef = 0FF64F601634C1EF00740375 /* MyClass.m */; };
/* End PBXBuildFile section */

/* Begin PBXFileReference section */
		0FF64F351634C17D00740375 /* OC_KVC.app */ = {isa = PBXFileReference; explicitFileType = wrapper.application; includeInIndex = 0; path = OC_KVC.app; sourceTree = BUILT_PRODUCTS_DIR; };
		0FF64F391634C17D00740375 /* Cocoa.framework */ = {isa = PBXFileReference; lastKnownFileType = wrapper.framework; name = Cocoa.framework; path = System/Library/Frameworks/Cocoa.framework; sourceTree = SDKROOT; };
		0FF64F3C1634C17D00740375 /* AppKit.framework */ = {isa = PBXFileReference; lastKnownFileType = wrapper.framework; name = AppKit.framework; path = System/Library/Frameworks/AppKit.framework; sourceTree = SDKROOT; };
		0FF64F3D1634C17D00740375 /* CoreData.framework */ = {isa = PBXFileReference; lastKnownFileType = wrapper.framework; name = CoreData.framework; path = System/Library/Frameworks/CoreData.framework; sourceTree = SDKROOT; };
		0FF64F3E1634C17D00740375 /* Foundation.framework */ = {isa = PBXFileReference; lastKnownFileType = wrapper.framework; name = Foundation.framework; path = System/Library/Frameworks/Foundation.framework; sourceTree = SDKROOT; };
		0FF64F411634C17D00740375 /* OC_KVC-Info.plist */ = {isa = PBXFileReference; lastKnownFileType = text.plist.xml; path = "OC_KVC-Info.plist"; sourceTree = "<group>"; };
		0FF64F431634C17D00740375 /* en */ = {isa = PBXFileReference; lastKnownFileType = text.plist.strings; name = en; path = en.lproj/InfoPlist.strings; sourceTree = "<group>"; };
		0FF64F451634C17D00740375 /* main.m */ = {isa = PBXFileReference; lastKnownFileType = sourcecode.c.objc; path = main.m; sourceTree = "<group>"; };
		0FF64F471634C17D00740375 /* OC_KVC-Prefix.pch */ = {isa = PBXFileReference; lastKnownFileType = sourcecode.c.h; path = "OC_KVC-Prefix.pch"; sourceTree = "<group>"; };
		0FF64F491634C17D00740375 /* en */ = {isa = PBXFileReference; lastKnownFileType = text.rtf; name = en; path = en.lproj/Credits.rtf; sourceTree = "<group>"; };
		0FF64F4B1634C17D00740375 /* AppDelegate.h */ = {isa = PBXFileReference; lastKnownFileType = sourcecode.c.h; path = AppDelegate.h; sourceTree = "<group>"; };
		0FF64F4C1634C17D00740375 /* AppDelegate.m */ = {isa = PBXFileReference; lastKnownFileType = sourcecode.c.objc; path = AppDelegate.m; sourceTree = "<group>"; };
		0FF64F4F1634C17E00740375 /* en */ = {isa = PBXFileReference; lastKnownFileType = file.xib; name = en; path = en.lproj/MainMenu.xib; sourceTree = "<group>"; };
		0FF64F561634C1A000740375 /* Student.h */ = {isa = PBXFileReference; fileEncoding = 4; lastKnownFileType = sourcecode.c.h; path = Student.h; sourceTree = "<group>"; };
		0FF64F571634C1A000740375 /* Student.m */ = {isa = PBXFileReference; fileEncoding = 4; lastKnownFileType = sourcecode.c.objc; path = Student.m; sourceTree = "<group>"; };
		0FF64F5F1634C1EF00740375 /* MyClass.h */ = {isa = PBXFileReference; fileEncoding = 4; lastKnownFileType = sourcecode.c.h; path = MyClass.h; sourceTree = "<group>"; };
		0FF64F601634C1EF00740375 /* MyClass.m */ = {isa = PBXFileReference; fileEncoding = 4; lastKnownFileType = sourcecode.c.objc; path = MyClass.m; sourceTree = "<group>"; };
/* End PBXFileReference section */

/* Begin PBXFrameworksBuildPhase section */
		0FF64F321634C17D00740375 /* Frameworks */ = {
			isa = PBXFrameworksBuildPhase;
			buildActionMask = 2147483647;
			files = (
				0FF64F3A1634C17D00740375 /* Cocoa.framework in Frameworks */,
			);
			runOnlyForDeploymentPostprocessing = 0;
		};
/* End PBXFrameworksBuildPhase section */

/* Begin PBXGroup section */
		0FF64F2A1634C17D00740375 = {
			isa = PBXGroup;
			children = (
				0FF64F3F1634C17D00740375 /* OC_KVC */,
				0FF64F381634C17D00740375 /* Frameworks */,
				0FF64F361634C17D00740375 /* Products */,
			);
			sourceTree = "<group>";
		};
		0FF64F361634C17D00740375 /* Products */ = {
			isa = PBXGroup;
			children = (
				0FF64F351634C17D00740375 /* OC_KVC.app */,
			);
			name = Products;
			sourceTree = "<group>";
		};
		0FF64F381634C17D00740375 /* Frameworks */ = {
			isa = PBXGroup;
			children = (
				0FF64F391634C17D00740375 /* Cocoa.framework */,
				0FF64F3B1634C17D00740375 /* Other Frameworks */,
			);
			name = Frameworks;
			sourceTree = "<group>";
		};
		0FF64F3B1634C17D00740375 /* Other Frameworks */ = {
			isa = PBXGroup;
			children = (
				0FF64F3C1634C17D00740375 /* AppKit.framework */,
				0FF64F3D1634C17D00740375 /* CoreData.framework */,
				0FF64F3E1634C17D00740375 /* Foundation.framework */,
			);
			name = "Other Frameworks";
			sourceTree = "<group>";
		};
		0FF64F3F1634C17D00740375 /* OC_KVC */ = {
			isa = PBXGroup;
			children = (
				0FF64F5F1634C1EF00740375 /* MyClass.h */,
				0FF64F601634C1EF00740375 /* MyClass.m */,
				0FF64F561634C1A000740375 /* Student.h */,
				0FF64F571634C1A000740375 /* Student.m */,
				0FF64F4B1634C17D00740375 /* AppDelegate.h */,
				0FF64F4C1634C17D00740375 /* AppDelegate.m */,
				0FF64F4E1634C17E00740375 /* MainMenu.xib */,
				0FF64F401634C17D00740375 /* Supporting Files */,
			);
			path = OC_KVC;
			sourceTree = "<group>";
		};
		0FF64F401634C17D00740375 /* Supporting Files */ = {
			isa = PBXGroup;
			children = (
				0FF64F411634C17D00740375 /* OC_KVC-Info.plist */,
				0FF64F421634C17D00740375 /* InfoPlist.strings */,
				0FF64F451634C17D00740375 /* main.m */,
				0FF64F471634C17D00740375 /* OC_KVC-Prefix.pch */,
				0FF64F481634C17D00740375 /* Credits.rtf */,
			);
			name = "Supporting Files";
			sourceTree = "<group>";
		};
/* End PBXGroup section */

/* Begin PBXNativeTarget section */
		0FF64F341634C17D00740375 /* OC_KVC */ = {
			isa = PBXNativeTarget;
			buildConfigurationList = 0FF64F531634C17E00740375 /* Build configuration list for PBXNativeTarget "OC_KVC" */;
			buildPhases = (
				0FF64F311634C17D00740375 /* Sources */,
				0FF64F321634C17D00740375 /* Frameworks */,
				0FF64F331634C17D00740375 /* Resources */,
			);
			buildRules = (
			);
			dependencies = (
			);
			name = OC_KVC;
			productName = OC_KVC;
			productReference = 0FF64F351634C17D00740375 /* OC_KVC.app */;
			productType = "com.apple.product-type.application";
		};
/* End PBXNativeTarget section */

/* Begin PBXProject section */
		0FF64F2C1634C17D00740375 /* Project object */ = {
			isa = PBXProject;
			attributes = {
				LastUpgradeCheck = 0440;
				ORGANIZATIONNAME = Ibokan;
			};
			buildConfigurationList = 0FF64F2F1634C17D00740375 /* Build configuration list for PBXProject "OC_KVC" */;
			compatibilityVersion = "Xcode 3.2";
			developmentRegion = English;
			hasScannedForEncodings = 0;
			knownRegions = (
				en,
			);
			mainGroup = 0FF64F2A1634C17D00740375;
			productRefGroup = 0FF64F361634C17D00740375 /* Products */;
			projectDirPath = "";
			projectRoot = "";
			targets = (
				0FF64F341634C17D00740375 /* OC_KVC */,
			);
		};
/* End PBXProject section */

/* Begin PBXResourcesBuildPhase section */
		0FF64F331634C17D00740375 /* Resources */ = {
			isa = PBXResourcesBuildPhase;
			buildActionMask = 2147483647;
			files = (
				0FF64F441634C17D00740375 /* InfoPlist.strings in Resources */,
				0FF64F4A1634C17D00740375 /* Credits.rtf in Resources */,
				0FF64F501634C17E00740375 /* MainMenu.xib in Resources */,
			);
			runOnlyForDeploymentPostprocessing = 0;
		};
/* End PBXResourcesBuildPhase section */

/* Begin PBXSourcesBuildPhase section */
		0FF64F311634C17D00740375 /* Sources */ = {
			isa = PBXSourcesBuildPhase;
			buildActionMask = 2147483647;
			files = (
				0FF64F461634C17D00740375 /* main.m in Sources */,
				0FF64F4D1634C17D00740375 /* AppDelegate.m in Sources */,
				0FF64F581634C1A000740375 /* Student.m in Sources */,
				0FF64F611634C1EF00740375 /* MyClass.m in Sources */,
			);
			runOnlyForDeploymentPostprocessing = 0;
		};
/* End PBXSourcesBuildPhase section */

/* Begin PBXVariantGroup section */
		0FF64F421634C17D00740375 /* InfoPlist.strings */ = {
			isa = PBXVariantGroup;
			children = (
				0FF64F431634C17D00740375 /* en */,
			);
			name = InfoPlist.strings;
			sourceTree = "<group>";
		};
		0FF64F481634C17D00740375 /* Credits.rtf */ = {
			isa = PBXVariantGroup;
			children = (
				0FF64F491634C17D00740375 /* en */,
			);
			name = Credits.rtf;
			sourceTree = "<group>";
		};
		0FF64F4E1634C17E00740375 /* MainMenu.xib */ = {
			isa = PBXVariantGroup;
			children = (
				0FF64F4F1634C17E00740375 /* en */,
			);
			name = MainMenu.xib;
			sourceTree = "<group>";
		};
/* End PBXVariantGroup section */

/* Begin XCBuildConfiguration section */
		0FF64F511634C17E00740375 /* Debug */ = {
			isa = XCBuildConfiguration;
			buildSettings = {
				ALWAYS_SEARCH_USER_PATHS = NO;
				ARCHS = "$(ARCHS_STANDARD_64_BIT)";
				CLANG_CXX_LANGUAGE_STANDARD = "gnu++0x";
				CLANG_WARN__DUPLICATE_METHOD_MATCH = YES;
				COPY_PHASE_STRIP = NO;
				GCC_C_LANGUAGE_STANDARD = gnu99;
				GCC_DYNAMIC_NO_PIC = NO;
				GCC_ENABLE_OBJC_EXCEPTIONS = YES;
				GCC_OPTIMIZATION_LEVEL = 0;
				GCC_PREPROCESSOR_DEFINITIONS = (
					"DEBUG=1",
					"$(inherited)",
				);
				GCC_SYMBOLS_PRIVATE_EXTERN = NO;
				GCC_WARN_64_TO_32_BIT_CONVERSION = YES;
				GCC_WARN_ABOUT_RETURN_TYPE = YES;
				GCC_WARN_UNINITIALIZED_AUTOS = YES;
				GCC_WARN_UNUSED_VARIABLE = YES;
				MACOSX_DEPLOYMENT_TARGET = 10.8;
				ONLY_ACTIVE_ARCH = YES;
				SDKROOT = macosx;
			};
			name = Debug;
		};
		0FF64F521634C17E00740375 /* Release */ = {
			isa = XCBuildConfiguration;
			buildSettings = {
				ALWAYS_SEARCH_USER_PATHS = NO;
				ARCHS = "$(ARCHS_STANDARD_64_BIT)";
				CLANG_CXX_LANGUAGE_STANDARD = "gnu++0x";
				CLANG_WARN__DUPLICATE_METHOD_MATCH = YES;
				COPY_PHASE_STRIP = YES;
				DEBUG_INFORMATION_FORMAT = "dwarf-with-dsym";
				GCC_C_LANGUAGE_STANDARD = gnu99;
				GCC_ENABLE_OBJC_EXCEPTIONS = YES;
				GCC_WARN_64_TO_32_BIT_CONVERSION = YES;
				GCC_WARN_ABOUT_RETURN_TYPE = YES;
				GCC_WARN_UNINITIALIZED_AUTOS = YES;
				GCC_WARN_UNUSED_VARIABLE = YES;
				MACOSX_DEPLOYMENT_TARGET = 10.8;
				SDKROOT = macosx;
			};
			name = Release;
		};
		0FF64F541634C17E00740375 /* Debug */ = {
			isa = XCBuildConfiguration;
			buildSettings = {
				COMBINE_HIDPI_IMAGES = YES;
				GCC_PRECOMPILE_PREFIX_HEADER = YES;
				GCC_PREFIX_HEADER = "OC_KVC/OC_KVC-Prefix.pch";
				INFOPLIST_FILE = "OC_KVC/OC_KVC-Info.plist";
				MACOSX_DEPLOYMENT_TARGET = 10.7;
				PRODUCT_NAME = "$(TARGET_NAME)";
				WRAPPER_EXTENSION = app;
			};
			name = Debug;
		};
		0FF64F551634C17E00740375 /* Release */ = {
			isa = XCBuildConfiguration;
			buildSettings = {
				COMBINE_HIDPI_IMAGES = YES;
				GCC_PRECOMPILE_PREFIX_HEADER = YES;
				GCC_PREFIX_HEADER = "OC_KVC/OC_KVC-Prefix.pch";
				INFOPLIST_FILE = "OC_KVC/OC_KVC-Info.plist";
				MACOSX_DEPLOYMENT_TARGET = 10.7;
				PRODUCT_NAME = "$(TARGET_NAME)";
				WRAPPER_EXTENSION = app;
			};
			name = Release;
		};
/* End XCBuildConfiguration section */

/* Begin XCConfigurationList section */
		0FF64F2F1634C17D00740375 /* Build configuration list for PBXProject "OC_KVC" */ = {
			isa = XCConfigurationList;
			buildConfigurations = (
				0FF64F511634C17E00740375 /* Debug */,
				0FF64F521634C17E00740375 /* Release */,
			);
			defaultConfigurationIsVisible = 0;
			defaultConfigurationName = Release;
		};
		0FF64F531634C17E00740375 /* Build configuration list for PBXNativeTarget "OC_KVC" */ = {
			isa = XCConfigurationList;
			buildConfigurations = (
				0FF64F541634C17E00740375 /* Debug */,
				0FF64F551634C17E00740375 /* Release */,
			);
			defaultConfigurationIsVisible = 0;
			defaultConfigurationName = Release;
		};
/* End XCConfigurationList section */
	};
	rootObject = 0FF64F2C1634C17D00740375 /* Project object */;
}
