// !$*UTF8*$!
{
	archiveVersion = 1;
	classes = {
	};
	objectVersion = 46;
	objects = {

/* Begin PBXBuildFile section */
		DA664BEB16F6AE92005E7B1E /* UIKit.framework in Frameworks */ = {isa = PBXBuildFile; fileRef = DA664BEA16F6AE92005E7B1E /* UIKit.framework */; };
		DA664BED16F6AE92005E7B1E /* Foundation.framework in Frameworks */ = {isa = PBXBuildFile; fileRef = DA664BEC16F6AE92005E7B1E /* Foundation.framework */; };
		DA664BEF16F6AE92005E7B1E /* CoreGraphics.framework in Frameworks */ = {isa = PBXBuildFile; fileRef = DA664BEE16F6AE92005E7B1E /* CoreGraphics.framework */; };
		DA664BF516F6AE92005E7B1E /* InfoPlist.strings in Resources */ = {isa = PBXBuildFile; fileRef = DA664BF316F6AE92005E7B1E /* InfoPlist.strings */; };
		DA664BF716F6AE92005E7B1E /* main.m in Sources */ = {isa = PBXBuildFile; fileRef = DA664BF616F6AE92005E7B1E /* main.m */; };
		DA664BFB16F6AE92005E7B1E /* AppDelegate.m in Sources */ = {isa = PBXBuildFile; fileRef = DA664BFA16F6AE92005E7B1E /* AppDelegate.m */; };
		DA664BFD16F6AE92005E7B1E /* Default.png in Resources */ = {isa = PBXBuildFile; fileRef = DA664BFC16F6AE92005E7B1E /* Default.png */; };
		DA664BFF16F6AE92005E7B1E /* Default@2x.png in Resources */ = {isa = PBXBuildFile; fileRef = DA664BFE16F6AE92005E7B1E /* Default@2x.png */; };
		DA664C0116F6AE92005E7B1E /* Default-568h@2x.png in Resources */ = {isa = PBXBuildFile; fileRef = DA664C0016F6AE92005E7B1E /* Default-568h@2x.png */; };
		DA664C2116F6AEDC005E7B1E /* HomePageViewController.m in Sources */ = {isa = PBXBuildFile; fileRef = DA664C0816F6AEDC005E7B1E /* HomePageViewController.m */; };
		DA664C2216F6AEDC005E7B1E /* MyYeelinkViewController.m in Sources */ = {isa = PBXBuildFile; fileRef = DA664C0A16F6AEDC005E7B1E /* MyYeelinkViewController.m */; };
		DA664C2316F6AEDC005E7B1E /* SettingViewController.m in Sources */ = {isa = PBXBuildFile; fileRef = DA664C0C16F6AEDC005E7B1E /* SettingViewController.m */; };
		DA664C2416F6AEDC005E7B1E /* DeviceViewController.m in Sources */ = {isa = PBXBuildFile; fileRef = DA664C0E16F6AEDC005E7B1E /* DeviceViewController.m */; };
		DA664C2616F6AEDC005E7B1E /* DataViewController.m in Sources */ = {isa = PBXBuildFile; fileRef = DA664C1216F6AEDC005E7B1E /* DataViewController.m */; };
		DA664C2716F6AEDC005E7B1E /* ImageViewController.m in Sources */ = {isa = PBXBuildFile; fileRef = DA664C1416F6AEDC005E7B1E /* ImageViewController.m */; };
		DA664C2816F6AEDC005E7B1E /* GPSViewController.m in Sources */ = {isa = PBXBuildFile; fileRef = DA664C1616F6AEDC005E7B1E /* GPSViewController.m */; };
		DA664C2916F6AEDC005E7B1E /* LoginWebViewController.m in Sources */ = {isa = PBXBuildFile; fileRef = DA664C1816F6AEDC005E7B1E /* LoginWebViewController.m */; };
		DA664C2A16F6AEDC005E7B1E /* SensorInformation.m in Sources */ = {isa = PBXBuildFile; fileRef = DA664C1A16F6AEDC005E7B1E /* SensorInformation.m */; };
		DA664C2B16F6AEDC005E7B1E /* MapAnnotation.m in Sources */ = {isa = PBXBuildFile; fileRef = DA664C1C16F6AEDC005E7B1E /* MapAnnotation.m */; };
		DA664C2C16F6AEDC005E7B1E /* DeviceInformation.m in Sources */ = {isa = PBXBuildFile; fileRef = DA664C1E16F6AEDC005E7B1E /* DeviceInformation.m */; };
		DA664C2D16F6AEDC005E7B1E /* MyIndicatorView.m in Sources */ = {isa = PBXBuildFile; fileRef = DA664C2016F6AEDC005E7B1E /* MyIndicatorView.m */; };
		DA664C3716F6AF9C005E7B1E /* Yeelink_logo_hd.png in Resources */ = {isa = PBXBuildFile; fileRef = DA664C3316F6AF9C005E7B1E /* Yeelink_logo_hd.png */; };
		DA664C3D16F6B59F005E7B1E /* MapKit.framework in Frameworks */ = {isa = PBXBuildFile; fileRef = DA664C3C16F6B59F005E7B1E /* MapKit.framework */; };
		DA664C4116F6B5DB005E7B1E /* CoreLocation.framework in Frameworks */ = {isa = PBXBuildFile; fileRef = DA664C4016F6B5DA005E7B1E /* CoreLocation.framework */; };
		DA69D0F016FAE8F1004A5221 /* 用户.png in Resources */ = {isa = PBXBuildFile; fileRef = DA69D0ED16FAE8F1004A5221 /* 用户.png */; };
		DA69D0F116FAE8F1004A5221 /* 探索.png in Resources */ = {isa = PBXBuildFile; fileRef = DA69D0EE16FAE8F1004A5221 /* 探索.png */; };
		DA69D0F216FAE8F1004A5221 /* 设置.png in Resources */ = {isa = PBXBuildFile; fileRef = DA69D0EF16FAE8F1004A5221 /* 设置.png */; };
		DA7F4B6916FC50E40042687C /* 足迹.jpg in Resources */ = {isa = PBXBuildFile; fileRef = DA7F4B6816FC50E40042687C /* 足迹.jpg */; };
		DA80C1CE170153050047309A /* myYeelink.png in Resources */ = {isa = PBXBuildFile; fileRef = DA80C1C8170153050047309A /* myYeelink.png */; };
		DA80C1CF170153050047309A /* myYeelink_2.png in Resources */ = {isa = PBXBuildFile; fileRef = DA80C1C9170153050047309A /* myYeelink_2.png */; };
		DA80C1D0170153050047309A /* search.png in Resources */ = {isa = PBXBuildFile; fileRef = DA80C1CA170153050047309A /* search.png */; };
		DA80C1D1170153050047309A /* search_2.png in Resources */ = {isa = PBXBuildFile; fileRef = DA80C1CB170153050047309A /* search_2.png */; };
		DA80C1D2170153050047309A /* tool.png in Resources */ = {isa = PBXBuildFile; fileRef = DA80C1CC170153050047309A /* tool.png */; };
		DA80C1D3170153050047309A /* tool_2.png in Resources */ = {isa = PBXBuildFile; fileRef = DA80C1CD170153050047309A /* tool_2.png */; };
		DA80C1F4170177E50047309A /* VPPMapCluster.m in Sources */ = {isa = PBXBuildFile; fileRef = DA80C1E9170177E50047309A /* VPPMapCluster.m */; };
		DA80C1F5170177E50047309A /* VPPMapClusterHelper.m in Sources */ = {isa = PBXBuildFile; fileRef = DA80C1EB170177E50047309A /* VPPMapClusterHelper.m */; };
		DA80C1F6170177E50047309A /* VPPMapClusterView.m in Sources */ = {isa = PBXBuildFile; fileRef = DA80C1ED170177E50047309A /* VPPMapClusterView.m */; };
		DA80C1F7170177E50047309A /* VPPMapAnnotationExample.m in Sources */ = {isa = PBXBuildFile; fileRef = DA80C1EF170177E50047309A /* VPPMapAnnotationExample.m */; };
		DA80C1F8170177E50047309A /* VPPMapHelper.m in Sources */ = {isa = PBXBuildFile; fileRef = DA80C1F2170177E50047309A /* VPPMapHelper.m */; };
		DA81B87816FD60D600DBE55A /* NSDate+Helpers.m in Sources */ = {isa = PBXBuildFile; fileRef = DA81B86916FD60D600DBE55A /* NSDate+Helpers.m */; };
		DA81B87916FD60D600DBE55A /* PMCalendarBackgroundView.m in Sources */ = {isa = PBXBuildFile; fileRef = DA81B86B16FD60D600DBE55A /* PMCalendarBackgroundView.m */; };
		DA81B87A16FD60D600DBE55A /* PMCalendarController.m in Sources */ = {isa = PBXBuildFile; fileRef = DA81B86E16FD60D600DBE55A /* PMCalendarController.m */; };
		DA81B87B16FD60D600DBE55A /* PMCalendarView.m in Sources */ = {isa = PBXBuildFile; fileRef = DA81B87116FD60D600DBE55A /* PMCalendarView.m */; };
		DA81B87C16FD60D600DBE55A /* PMDimmingView.m in Sources */ = {isa = PBXBuildFile; fileRef = DA81B87316FD60D600DBE55A /* PMDimmingView.m */; };
		DA81B87D16FD60D600DBE55A /* PMPeriod.m in Sources */ = {isa = PBXBuildFile; fileRef = DA81B87516FD60D600DBE55A /* PMPeriod.m */; };
		DA81B87E16FD60D600DBE55A /* PMSelectionView.m in Sources */ = {isa = PBXBuildFile; fileRef = DA81B87716FD60D600DBE55A /* PMSelectionView.m */; };
		DA81B88516FD7CBD00DBE55A /* LocationInformation.m in Sources */ = {isa = PBXBuildFile; fileRef = DA81B88416FD7CBD00DBE55A /* LocationInformation.m */; };
		DA82B2D916FFF0E700442476 /* 指针.png in Resources */ = {isa = PBXBuildFile; fileRef = DA82B2D816FFF0E700442476 /* 指针.png */; };
		DA86D8E316FA94D000395793 /* SensorViewController.m in Sources */ = {isa = PBXBuildFile; fileRef = DA86D8E216FA94D000395793 /* SensorViewController.m */; };
		DA86D8EB16FAA6BA00395793 /* SwitchIndicatorView.m in Sources */ = {isa = PBXBuildFile; fileRef = DA86D8EA16FAA6BA00395793 /* SwitchIndicatorView.m */; };
		DA86D92216FABD0600395793 /* NSObject+SBJson.m in Sources */ = {isa = PBXBuildFile; fileRef = DA86D90A16FABD0600395793 /* NSObject+SBJson.m */; };
		DA86D92316FABD0600395793 /* SBJsonParser.m in Sources */ = {isa = PBXBuildFile; fileRef = DA86D90D16FABD0600395793 /* SBJsonParser.m */; };
		DA86D92416FABD0600395793 /* SBJsonStreamParser.m in Sources */ = {isa = PBXBuildFile; fileRef = DA86D90F16FABD0600395793 /* SBJsonStreamParser.m */; };
		DA86D92516FABD0600395793 /* SBJsonStreamParserAccumulator.m in Sources */ = {isa = PBXBuildFile; fileRef = DA86D91116FABD0600395793 /* SBJsonStreamParserAccumulator.m */; };
		DA86D92616FABD0600395793 /* SBJsonStreamParserAdapter.m in Sources */ = {isa = PBXBuildFile; fileRef = DA86D91316FABD0600395793 /* SBJsonStreamParserAdapter.m */; };
		DA86D92716FABD0600395793 /* SBJsonStreamParserState.m in Sources */ = {isa = PBXBuildFile; fileRef = DA86D91516FABD0600395793 /* SBJsonStreamParserState.m */; };
		DA86D92816FABD0600395793 /* SBJsonStreamWriter.m in Sources */ = {isa = PBXBuildFile; fileRef = DA86D91716FABD0600395793 /* SBJsonStreamWriter.m */; };
		DA86D92916FABD0600395793 /* SBJsonStreamWriterAccumulator.m in Sources */ = {isa = PBXBuildFile; fileRef = DA86D91916FABD0600395793 /* SBJsonStreamWriterAccumulator.m */; };
		DA86D92A16FABD0600395793 /* SBJsonStreamWriterState.m in Sources */ = {isa = PBXBuildFile; fileRef = DA86D91B16FABD0600395793 /* SBJsonStreamWriterState.m */; };
		DA86D92B16FABD0600395793 /* SBJsonTokeniser.m in Sources */ = {isa = PBXBuildFile; fileRef = DA86D91D16FABD0600395793 /* SBJsonTokeniser.m */; };
		DA86D92C16FABD0600395793 /* SBJsonUTF8Stream.m in Sources */ = {isa = PBXBuildFile; fileRef = DA86D91F16FABD0600395793 /* SBJsonUTF8Stream.m */; };
		DA86D92D16FABD0600395793 /* SBJsonWriter.m in Sources */ = {isa = PBXBuildFile; fileRef = DA86D92116FABD0600395793 /* SBJsonWriter.m */; };
		DA885E7516F8024D00CBD253 /* QuartzCore.framework in Frameworks */ = {isa = PBXBuildFile; fileRef = DA885E7416F8024D00CBD253 /* QuartzCore.framework */; };
		DA885FD316F83EA400CBD253 /* libCorePlot-CocoaTouch.a in Frameworks */ = {isa = PBXBuildFile; fileRef = DA885FD116F83DC500CBD253 /* libCorePlot-CocoaTouch.a */; };
/* End PBXBuildFile section */

/* Begin PBXFileReference section */
		DA664BE616F6AE92005E7B1E /* Yeelink_iOSClient.app */ = {isa = PBXFileReference; explicitFileType = wrapper.application; includeInIndex = 0; path = Yeelink_iOSClient.app; sourceTree = BUILT_PRODUCTS_DIR; };
		DA664BEA16F6AE92005E7B1E /* UIKit.framework */ = {isa = PBXFileReference; lastKnownFileType = wrapper.framework; name = UIKit.framework; path = System/Library/Frameworks/UIKit.framework; sourceTree = SDKROOT; };
		DA664BEC16F6AE92005E7B1E /* Foundation.framework */ = {isa = PBXFileReference; lastKnownFileType = wrapper.framework; name = Foundation.framework; path = System/Library/Frameworks/Foundation.framework; sourceTree = SDKROOT; };
		DA664BEE16F6AE92005E7B1E /* CoreGraphics.framework */ = {isa = PBXFileReference; lastKnownFileType = wrapper.framework; name = CoreGraphics.framework; path = System/Library/Frameworks/CoreGraphics.framework; sourceTree = SDKROOT; };
		DA664BF216F6AE92005E7B1E /* Yeelink_iOSClient-Info.plist */ = {isa = PBXFileReference; lastKnownFileType = text.plist.xml; path = "Yeelink_iOSClient-Info.plist"; sourceTree = "<group>"; };
		DA664BF416F6AE92005E7B1E /* en */ = {isa = PBXFileReference; lastKnownFileType = text.plist.strings; name = en; path = en.lproj/InfoPlist.strings; sourceTree = "<group>"; };
		DA664BF616F6AE92005E7B1E /* main.m */ = {isa = PBXFileReference; lastKnownFileType = sourcecode.c.objc; path = main.m; sourceTree = "<group>"; };
		DA664BF816F6AE92005E7B1E /* Yeelink_iOSClient-Prefix.pch */ = {isa = PBXFileReference; lastKnownFileType = sourcecode.c.h; path = "Yeelink_iOSClient-Prefix.pch"; sourceTree = "<group>"; };
		DA664BF916F6AE92005E7B1E /* AppDelegate.h */ = {isa = PBXFileReference; lastKnownFileType = sourcecode.c.h; path = AppDelegate.h; sourceTree = "<group>"; };
		DA664BFA16F6AE92005E7B1E /* AppDelegate.m */ = {isa = PBXFileReference; lastKnownFileType = sourcecode.c.objc; path = AppDelegate.m; sourceTree = "<group>"; };
		DA664BFC16F6AE92005E7B1E /* Default.png */ = {isa = PBXFileReference; lastKnownFileType = image.png; path = Default.png; sourceTree = "<group>"; };
		DA664BFE16F6AE92005E7B1E /* Default@2x.png */ = {isa = PBXFileReference; lastKnownFileType = image.png; path = "Default@2x.png"; sourceTree = "<group>"; };
		DA664C0016F6AE92005E7B1E /* Default-568h@2x.png */ = {isa = PBXFileReference; lastKnownFileType = image.png; path = "Default-568h@2x.png"; sourceTree = "<group>"; };
		DA664C0716F6AEDC005E7B1E /* HomePageViewController.h */ = {isa = PBXFileReference; fileEncoding = 4; lastKnownFileType = sourcecode.c.h; path = HomePageViewController.h; sourceTree = "<group>"; };
		DA664C0816F6AEDC005E7B1E /* HomePageViewController.m */ = {isa = PBXFileReference; fileEncoding = 4; lastKnownFileType = sourcecode.c.objc; path = HomePageViewController.m; sourceTree = "<group>"; };
		DA664C0916F6AEDC005E7B1E /* MyYeelinkViewController.h */ = {isa = PBXFileReference; fileEncoding = 4; lastKnownFileType = sourcecode.c.h; path = MyYeelinkViewController.h; sourceTree = "<group>"; };
		DA664C0A16F6AEDC005E7B1E /* MyYeelinkViewController.m */ = {isa = PBXFileReference; fileEncoding = 4; lastKnownFileType = sourcecode.c.objc; path = MyYeelinkViewController.m; sourceTree = "<group>"; };
		DA664C0B16F6AEDC005E7B1E /* SettingViewController.h */ = {isa = PBXFileReference; fileEncoding = 4; lastKnownFileType = sourcecode.c.h; path = SettingViewController.h; sourceTree = "<group>"; };
		DA664C0C16F6AEDC005E7B1E /* SettingViewController.m */ = {isa = PBXFileReference; fileEncoding = 4; lastKnownFileType = sourcecode.c.objc; path = SettingViewController.m; sourceTree = "<group>"; };
		DA664C0D16F6AEDC005E7B1E /* DeviceViewController.h */ = {isa = PBXFileReference; fileEncoding = 4; lastKnownFileType = sourcecode.c.h; path = DeviceViewController.h; sourceTree = "<group>"; };
		DA664C0E16F6AEDC005E7B1E /* DeviceViewController.m */ = {isa = PBXFileReference; fileEncoding = 4; lastKnownFileType = sourcecode.c.objc; path = DeviceViewController.m; sourceTree = "<group>"; };
		DA664C1116F6AEDC005E7B1E /* DataViewController.h */ = {isa = PBXFileReference; fileEncoding = 4; lastKnownFileType = sourcecode.c.h; path = DataViewController.h; sourceTree = "<group>"; };
		DA664C1216F6AEDC005E7B1E /* DataViewController.m */ = {isa = PBXFileReference; fileEncoding = 4; lastKnownFileType = sourcecode.c.objc; path = DataViewController.m; sourceTree = "<group>"; };
		DA664C1316F6AEDC005E7B1E /* ImageViewController.h */ = {isa = PBXFileReference; fileEncoding = 4; lastKnownFileType = sourcecode.c.h; path = ImageViewController.h; sourceTree = "<group>"; };
		DA664C1416F6AEDC005E7B1E /* ImageViewController.m */ = {isa = PBXFileReference; fileEncoding = 4; lastKnownFileType = sourcecode.c.objc; path = ImageViewController.m; sourceTree = "<group>"; };
		DA664C1516F6AEDC005E7B1E /* GPSViewController.h */ = {isa = PBXFileReference; fileEncoding = 4; lastKnownFileType = sourcecode.c.h; path = GPSViewController.h; sourceTree = "<group>"; };
		DA664C1616F6AEDC005E7B1E /* GPSViewController.m */ = {isa = PBXFileReference; fileEncoding = 4; lastKnownFileType = sourcecode.c.objc; path = GPSViewController.m; sourceTree = "<group>"; };
		DA664C1716F6AEDC005E7B1E /* LoginWebViewController.h */ = {isa = PBXFileReference; fileEncoding = 4; lastKnownFileType = sourcecode.c.h; path = LoginWebViewController.h; sourceTree = "<group>"; };
		DA664C1816F6AEDC005E7B1E /* LoginWebViewController.m */ = {isa = PBXFileReference; fileEncoding = 4; lastKnownFileType = sourcecode.c.objc; path = LoginWebViewController.m; sourceTree = "<group>"; };
		DA664C1916F6AEDC005E7B1E /* SensorInformation.h */ = {isa = PBXFileReference; fileEncoding = 4; lastKnownFileType = sourcecode.c.h; path = SensorInformation.h; sourceTree = "<group>"; };
		DA664C1A16F6AEDC005E7B1E /* SensorInformation.m */ = {isa = PBXFileReference; fileEncoding = 4; lastKnownFileType = sourcecode.c.objc; path = SensorInformation.m; sourceTree = "<group>"; };
		DA664C1B16F6AEDC005E7B1E /* MapAnnotation.h */ = {isa = PBXFileReference; fileEncoding = 4; lastKnownFileType = sourcecode.c.h; path = MapAnnotation.h; sourceTree = "<group>"; };
		DA664C1C16F6AEDC005E7B1E /* MapAnnotation.m */ = {isa = PBXFileReference; fileEncoding = 4; lastKnownFileType = sourcecode.c.objc; path = MapAnnotation.m; sourceTree = "<group>"; };
		DA664C1D16F6AEDC005E7B1E /* DeviceInformation.h */ = {isa = PBXFileReference; fileEncoding = 4; lastKnownFileType = sourcecode.c.h; path = DeviceInformation.h; sourceTree = "<group>"; };
		DA664C1E16F6AEDC005E7B1E /* DeviceInformation.m */ = {isa = PBXFileReference; fileEncoding = 4; lastKnownFileType = sourcecode.c.objc; path = DeviceInformation.m; sourceTree = "<group>"; };
		DA664C1F16F6AEDC005E7B1E /* MyIndicatorView.h */ = {isa = PBXFileReference; fileEncoding = 4; lastKnownFileType = sourcecode.c.h; path = MyIndicatorView.h; sourceTree = "<group>"; };
		DA664C2016F6AEDC005E7B1E /* MyIndicatorView.m */ = {isa = PBXFileReference; fileEncoding = 4; lastKnownFileType = sourcecode.c.objc; path = MyIndicatorView.m; sourceTree = "<group>"; };
		DA664C2E16F6AEF4005E7B1E /* MyDefine.h */ = {isa = PBXFileReference; fileEncoding = 4; lastKnownFileType = sourcecode.c.h; path = MyDefine.h; sourceTree = "<group>"; };
		DA664C3316F6AF9C005E7B1E /* Yeelink_logo_hd.png */ = {isa = PBXFileReference; lastKnownFileType = image.png; path = Yeelink_logo_hd.png; sourceTree = "<group>"; };
		DA664C3C16F6B59F005E7B1E /* MapKit.framework */ = {isa = PBXFileReference; lastKnownFileType = wrapper.framework; name = MapKit.framework; path = System/Library/Frameworks/MapKit.framework; sourceTree = SDKROOT; };
		DA664C4016F6B5DA005E7B1E /* CoreLocation.framework */ = {isa = PBXFileReference; lastKnownFileType = wrapper.framework; name = CoreLocation.framework; path = System/Library/Frameworks/CoreLocation.framework; sourceTree = SDKROOT; };
		DA69D0ED16FAE8F1004A5221 /* 用户.png */ = {isa = PBXFileReference; lastKnownFileType = image.png; path = "用户.png"; sourceTree = "<group>"; };
		DA69D0EE16FAE8F1004A5221 /* 探索.png */ = {isa = PBXFileReference; lastKnownFileType = image.png; path = "探索.png"; sourceTree = "<group>"; };
		DA69D0EF16FAE8F1004A5221 /* 设置.png */ = {isa = PBXFileReference; lastKnownFileType = image.png; path = "设置.png"; sourceTree = "<group>"; };
		DA7F4B6816FC50E40042687C /* 足迹.jpg */ = {isa = PBXFileReference; lastKnownFileType = image.jpeg; path = "足迹.jpg"; sourceTree = "<group>"; };
		DA80C1C8170153050047309A /* myYeelink.png */ = {isa = PBXFileReference; lastKnownFileType = image.png; path = myYeelink.png; sourceTree = "<group>"; };
		DA80C1C9170153050047309A /* myYeelink_2.png */ = {isa = PBXFileReference; lastKnownFileType = image.png; path = myYeelink_2.png; sourceTree = "<group>"; };
		DA80C1CA170153050047309A /* search.png */ = {isa = PBXFileReference; lastKnownFileType = image.png; path = search.png; sourceTree = "<group>"; };
		DA80C1CB170153050047309A /* search_2.png */ = {isa = PBXFileReference; lastKnownFileType = image.png; path = search_2.png; sourceTree = "<group>"; };
		DA80C1CC170153050047309A /* tool.png */ = {isa = PBXFileReference; lastKnownFileType = image.png; path = tool.png; sourceTree = "<group>"; };
		DA80C1CD170153050047309A /* tool_2.png */ = {isa = PBXFileReference; lastKnownFileType = image.png; path = tool_2.png; sourceTree = "<group>"; };
		DA80C1E8170177E50047309A /* VPPMapCluster.h */ = {isa = PBXFileReference; fileEncoding = 4; lastKnownFileType = sourcecode.c.h; path = VPPMapCluster.h; sourceTree = "<group>"; };
		DA80C1E9170177E50047309A /* VPPMapCluster.m */ = {isa = PBXFileReference; fileEncoding = 4; lastKnownFileType = sourcecode.c.objc; path = VPPMapCluster.m; sourceTree = "<group>"; };
		DA80C1EA170177E50047309A /* VPPMapClusterHelper.h */ = {isa = PBXFileReference; fileEncoding = 4; lastKnownFileType = sourcecode.c.h; path = VPPMapClusterHelper.h; sourceTree = "<group>"; };
		DA80C1EB170177E50047309A /* VPPMapClusterHelper.m */ = {isa = PBXFileReference; fileEncoding = 4; lastKnownFileType = sourcecode.c.objc; path = VPPMapClusterHelper.m; sourceTree = "<group>"; };
		DA80C1EC170177E50047309A /* VPPMapClusterView.h */ = {isa = PBXFileReference; fileEncoding = 4; lastKnownFileType = sourcecode.c.h; path = VPPMapClusterView.h; sourceTree = "<group>"; };
		DA80C1ED170177E50047309A /* VPPMapClusterView.m */ = {isa = PBXFileReference; fileEncoding = 4; lastKnownFileType = sourcecode.c.objc; path = VPPMapClusterView.m; sourceTree = "<group>"; };
		DA80C1EE170177E50047309A /* VPPMapAnnotationExample.h */ = {isa = PBXFileReference; fileEncoding = 4; lastKnownFileType = sourcecode.c.h; path = VPPMapAnnotationExample.h; sourceTree = "<group>"; };
		DA80C1EF170177E50047309A /* VPPMapAnnotationExample.m */ = {isa = PBXFileReference; fileEncoding = 4; lastKnownFileType = sourcecode.c.objc; path = VPPMapAnnotationExample.m; sourceTree = "<group>"; };
		DA80C1F0170177E50047309A /* VPPMapCustomAnnotation.h */ = {isa = PBXFileReference; fileEncoding = 4; lastKnownFileType = sourcecode.c.h; path = VPPMapCustomAnnotation.h; sourceTree = "<group>"; };
		DA80C1F1170177E50047309A /* VPPMapHelper.h */ = {isa = PBXFileReference; fileEncoding = 4; lastKnownFileType = sourcecode.c.h; path = VPPMapHelper.h; sourceTree = "<group>"; };
		DA80C1F2170177E50047309A /* VPPMapHelper.m */ = {isa = PBXFileReference; fileEncoding = 4; lastKnownFileType = sourcecode.c.objc; path = VPPMapHelper.m; sourceTree = "<group>"; };
		DA80C1F3170177E50047309A /* VPPMapHelperDelegate.h */ = {isa = PBXFileReference; fileEncoding = 4; lastKnownFileType = sourcecode.c.h; path = VPPMapHelperDelegate.h; sourceTree = "<group>"; };
		DA81B86616FD60D600DBE55A /* PMCalendar.h */ = {isa = PBXFileReference; fileEncoding = 4; lastKnownFileType = sourcecode.c.h; path = PMCalendar.h; sourceTree = "<group>"; };
		DA81B86816FD60D600DBE55A /* NSDate+Helpers.h */ = {isa = PBXFileReference; fileEncoding = 4; lastKnownFileType = sourcecode.c.h; path = "NSDate+Helpers.h"; sourceTree = "<group>"; };
		DA81B86916FD60D600DBE55A /* NSDate+Helpers.m */ = {isa = PBXFileReference; fileEncoding = 4; lastKnownFileType = sourcecode.c.objc; path = "NSDate+Helpers.m"; sourceTree = "<group>"; };
		DA81B86A16FD60D600DBE55A /* PMCalendarBackgroundView.h */ = {isa = PBXFileReference; fileEncoding = 4; lastKnownFileType = sourcecode.c.h; path = PMCalendarBackgroundView.h; sourceTree = "<group>"; };
		DA81B86B16FD60D600DBE55A /* PMCalendarBackgroundView.m */ = {isa = PBXFileReference; fileEncoding = 4; lastKnownFileType = sourcecode.c.objc; path = PMCalendarBackgroundView.m; sourceTree = "<group>"; };
		DA81B86C16FD60D600DBE55A /* PMCalendarConstants.h */ = {isa = PBXFileReference; fileEncoding = 4; lastKnownFileType = sourcecode.c.h; path = PMCalendarConstants.h; sourceTree = "<group>"; };
		DA81B86D16FD60D600DBE55A /* PMCalendarController.h */ = {isa = PBXFileReference; fileEncoding = 4; lastKnownFileType = sourcecode.c.h; path = PMCalendarController.h; sourceTree = "<group>"; };
		DA81B86E16FD60D600DBE55A /* PMCalendarController.m */ = {isa = PBXFileReference; fileEncoding = 4; lastKnownFileType = sourcecode.c.objc; path = PMCalendarController.m; sourceTree = "<group>"; };
		DA81B86F16FD60D600DBE55A /* PMCalendarHelpers.h */ = {isa = PBXFileReference; fileEncoding = 4; lastKnownFileType = sourcecode.c.h; path = PMCalendarHelpers.h; sourceTree = "<group>"; };
		DA81B87016FD60D600DBE55A /* PMCalendarView.h */ = {isa = PBXFileReference; fileEncoding = 4; lastKnownFileType = sourcecode.c.h; path = PMCalendarView.h; sourceTree = "<group>"; };
		DA81B87116FD60D600DBE55A /* PMCalendarView.m */ = {isa = PBXFileReference; fileEncoding = 4; lastKnownFileType = sourcecode.c.objc; path = PMCalendarView.m; sourceTree = "<group>"; };
		DA81B87216FD60D600DBE55A /* PMDimmingView.h */ = {isa = PBXFileReference; fileEncoding = 4; lastKnownFileType = sourcecode.c.h; path = PMDimmingView.h; sourceTree = "<group>"; };
		DA81B87316FD60D600DBE55A /* PMDimmingView.m */ = {isa = PBXFileReference; fileEncoding = 4; lastKnownFileType = sourcecode.c.objc; path = PMDimmingView.m; sourceTree = "<group>"; };
		DA81B87416FD60D600DBE55A /* PMPeriod.h */ = {isa = PBXFileReference; fileEncoding = 4; lastKnownFileType = sourcecode.c.h; path = PMPeriod.h; sourceTree = "<group>"; };
		DA81B87516FD60D600DBE55A /* PMPeriod.m */ = {isa = PBXFileReference; fileEncoding = 4; lastKnownFileType = sourcecode.c.objc; path = PMPeriod.m; sourceTree = "<group>"; };
		DA81B87616FD60D600DBE55A /* PMSelectionView.h */ = {isa = PBXFileReference; fileEncoding = 4; lastKnownFileType = sourcecode.c.h; path = PMSelectionView.h; sourceTree = "<group>"; };
		DA81B87716FD60D600DBE55A /* PMSelectionView.m */ = {isa = PBXFileReference; fileEncoding = 4; lastKnownFileType = sourcecode.c.objc; path = PMSelectionView.m; sourceTree = "<group>"; };
		DA81B88316FD7CBC00DBE55A /* LocationInformation.h */ = {isa = PBXFileReference; fileEncoding = 4; lastKnownFileType = sourcecode.c.h; path = LocationInformation.h; sourceTree = "<group>"; };
		DA81B88416FD7CBD00DBE55A /* LocationInformation.m */ = {isa = PBXFileReference; fileEncoding = 4; lastKnownFileType = sourcecode.c.objc; path = LocationInformation.m; sourceTree = "<group>"; };
		DA82B2D816FFF0E700442476 /* 指针.png */ = {isa = PBXFileReference; lastKnownFileType = image.png; path = "指针.png"; sourceTree = "<group>"; };
		DA86D8E116FA94D000395793 /* SensorViewController.h */ = {isa = PBXFileReference; fileEncoding = 4; lastKnownFileType = sourcecode.c.h; path = SensorViewController.h; sourceTree = "<group>"; };
		DA86D8E216FA94D000395793 /* SensorViewController.m */ = {isa = PBXFileReference; fileEncoding = 4; lastKnownFileType = sourcecode.c.objc; path = SensorViewController.m; sourceTree = "<group>"; };
		DA86D8E916FAA6BA00395793 /* SwitchIndicatorView.h */ = {isa = PBXFileReference; fileEncoding = 4; lastKnownFileType = sourcecode.c.h; path = SwitchIndicatorView.h; sourceTree = "<group>"; };
		DA86D8EA16FAA6BA00395793 /* SwitchIndicatorView.m */ = {isa = PBXFileReference; fileEncoding = 4; lastKnownFileType = sourcecode.c.objc; path = SwitchIndicatorView.m; sourceTree = "<group>"; };
		DA86D90916FABD0600395793 /* NSObject+SBJson.h */ = {isa = PBXFileReference; fileEncoding = 4; lastKnownFileType = sourcecode.c.h; path = "NSObject+SBJson.h"; sourceTree = "<group>"; };
		DA86D90A16FABD0600395793 /* NSObject+SBJson.m */ = {isa = PBXFileReference; fileEncoding = 4; lastKnownFileType = sourcecode.c.objc; path = "NSObject+SBJson.m"; sourceTree = "<group>"; };
		DA86D90B16FABD0600395793 /* SBJson.h */ = {isa = PBXFileReference; fileEncoding = 4; lastKnownFileType = sourcecode.c.h; path = SBJson.h; sourceTree = "<group>"; };
		DA86D90C16FABD0600395793 /* SBJsonParser.h */ = {isa = PBXFileReference; fileEncoding = 4; lastKnownFileType = sourcecode.c.h; path = SBJsonParser.h; sourceTree = "<group>"; };
		DA86D90D16FABD0600395793 /* SBJsonParser.m */ = {isa = PBXFileReference; fileEncoding = 4; lastKnownFileType = sourcecode.c.objc; path = SBJsonParser.m; sourceTree = "<group>"; };
		DA86D90E16FABD0600395793 /* SBJsonStreamParser.h */ = {isa = PBXFileReference; fileEncoding = 4; lastKnownFileType = sourcecode.c.h; path = SBJsonStreamParser.h; sourceTree = "<group>"; };
		DA86D90F16FABD0600395793 /* SBJsonStreamParser.m */ = {isa = PBXFileReference; fileEncoding = 4; lastKnownFileType = sourcecode.c.objc; path = SBJsonStreamParser.m; sourceTree = "<group>"; };
		DA86D91016FABD0600395793 /* SBJsonStreamParserAccumulator.h */ = {isa = PBXFileReference; fileEncoding = 4; lastKnownFileType = sourcecode.c.h; path = SBJsonStreamParserAccumulator.h; sourceTree = "<group>"; };
		DA86D91116FABD0600395793 /* SBJsonStreamParserAccumulator.m */ = {isa = PBXFileReference; fileEncoding = 4; lastKnownFileType = sourcecode.c.objc; path = SBJsonStreamParserAccumulator.m; sourceTree = "<group>"; };
		DA86D91216FABD0600395793 /* SBJsonStreamParserAdapter.h */ = {isa = PBXFileReference; fileEncoding = 4; lastKnownFileType = sourcecode.c.h; path = SBJsonStreamParserAdapter.h; sourceTree = "<group>"; };
		DA86D91316FABD0600395793 /* SBJsonStreamParserAdapter.m */ = {isa = PBXFileReference; fileEncoding = 4; lastKnownFileType = sourcecode.c.objc; path = SBJsonStreamParserAdapter.m; sourceTree = "<group>"; };
		DA86D91416FABD0600395793 /* SBJsonStreamParserState.h */ = {isa = PBXFileReference; fileEncoding = 4; lastKnownFileType = sourcecode.c.h; path = SBJsonStreamParserState.h; sourceTree = "<group>"; };
		DA86D91516FABD0600395793 /* SBJsonStreamParserState.m */ = {isa = PBXFileReference; fileEncoding = 4; lastKnownFileType = sourcecode.c.objc; path = SBJsonStreamParserState.m; sourceTree = "<group>"; };
		DA86D91616FABD0600395793 /* SBJsonStreamWriter.h */ = {isa = PBXFileReference; fileEncoding = 4; lastKnownFileType = sourcecode.c.h; path = SBJsonStreamWriter.h; sourceTree = "<group>"; };
		DA86D91716FABD0600395793 /* SBJsonStreamWriter.m */ = {isa = PBXFileReference; fileEncoding = 4; lastKnownFileType = sourcecode.c.objc; path = SBJsonStreamWriter.m; sourceTree = "<group>"; };
		DA86D91816FABD0600395793 /* SBJsonStreamWriterAccumulator.h */ = {isa = PBXFileReference; fileEncoding = 4; lastKnownFileType = sourcecode.c.h; path = SBJsonStreamWriterAccumulator.h; sourceTree = "<group>"; };
		DA86D91916FABD0600395793 /* SBJsonStreamWriterAccumulator.m */ = {isa = PBXFileReference; fileEncoding = 4; lastKnownFileType = sourcecode.c.objc; path = SBJsonStreamWriterAccumulator.m; sourceTree = "<group>"; };
		DA86D91A16FABD0600395793 /* SBJsonStreamWriterState.h */ = {isa = PBXFileReference; fileEncoding = 4; lastKnownFileType = sourcecode.c.h; path = SBJsonStreamWriterState.h; sourceTree = "<group>"; };
		DA86D91B16FABD0600395793 /* SBJsonStreamWriterState.m */ = {isa = PBXFileReference; fileEncoding = 4; lastKnownFileType = sourcecode.c.objc; path = SBJsonStreamWriterState.m; sourceTree = "<group>"; };
		DA86D91C16FABD0600395793 /* SBJsonTokeniser.h */ = {isa = PBXFileReference; fileEncoding = 4; lastKnownFileType = sourcecode.c.h; path = SBJsonTokeniser.h; sourceTree = "<group>"; };
		DA86D91D16FABD0600395793 /* SBJsonTokeniser.m */ = {isa = PBXFileReference; fileEncoding = 4; lastKnownFileType = sourcecode.c.objc; path = SBJsonTokeniser.m; sourceTree = "<group>"; };
		DA86D91E16FABD0600395793 /* SBJsonUTF8Stream.h */ = {isa = PBXFileReference; fileEncoding = 4; lastKnownFileType = sourcecode.c.h; path = SBJsonUTF8Stream.h; sourceTree = "<group>"; };
		DA86D91F16FABD0600395793 /* SBJsonUTF8Stream.m */ = {isa = PBXFileReference; fileEncoding = 4; lastKnownFileType = sourcecode.c.objc; path = SBJsonUTF8Stream.m; sourceTree = "<group>"; };
		DA86D92016FABD0600395793 /* SBJsonWriter.h */ = {isa = PBXFileReference; fileEncoding = 4; lastKnownFileType = sourcecode.c.h; path = SBJsonWriter.h; sourceTree = "<group>"; };
		DA86D92116FABD0600395793 /* SBJsonWriter.m */ = {isa = PBXFileReference; fileEncoding = 4; lastKnownFileType = sourcecode.c.objc; path = SBJsonWriter.m; sourceTree = "<group>"; };
		DA885E7416F8024D00CBD253 /* QuartzCore.framework */ = {isa = PBXFileReference; lastKnownFileType = wrapper.framework; name = QuartzCore.framework; path = System/Library/Frameworks/QuartzCore.framework; sourceTree = SDKROOT; };
		DA885F8216F83DC500CBD253 /* _CPTConstraintsFixed.h */ = {isa = PBXFileReference; fileEncoding = 4; lastKnownFileType = sourcecode.c.h; path = _CPTConstraintsFixed.h; sourceTree = "<group>"; };
		DA885F8316F83DC500CBD253 /* _CPTConstraintsRelative.h */ = {isa = PBXFileReference; fileEncoding = 4; lastKnownFileType = sourcecode.c.h; path = _CPTConstraintsRelative.h; sourceTree = "<group>"; };
		DA885F8416F83DC500CBD253 /* _CPTDarkGradientTheme.h */ = {isa = PBXFileReference; fileEncoding = 4; lastKnownFileType = sourcecode.c.h; path = _CPTDarkGradientTheme.h; sourceTree = "<group>"; };
		DA885F8516F83DC500CBD253 /* _CPTFillColor.h */ = {isa = PBXFileReference; fileEncoding = 4; lastKnownFileType = sourcecode.c.h; path = _CPTFillColor.h; sourceTree = "<group>"; };
		DA885F8616F83DC500CBD253 /* _CPTFillGradient.h */ = {isa = PBXFileReference; fileEncoding = 4; lastKnownFileType = sourcecode.c.h; path = _CPTFillGradient.h; sourceTree = "<group>"; };
		DA885F8716F83DC500CBD253 /* _CPTFillImage.h */ = {isa = PBXFileReference; fileEncoding = 4; lastKnownFileType = sourcecode.c.h; path = _CPTFillImage.h; sourceTree = "<group>"; };
		DA885F8816F83DC500CBD253 /* _CPTPlainBlackTheme.h */ = {isa = PBXFileReference; fileEncoding = 4; lastKnownFileType = sourcecode.c.h; path = _CPTPlainBlackTheme.h; sourceTree = "<group>"; };
		DA885F8916F83DC500CBD253 /* _CPTPlainWhiteTheme.h */ = {isa = PBXFileReference; fileEncoding = 4; lastKnownFileType = sourcecode.c.h; path = _CPTPlainWhiteTheme.h; sourceTree = "<group>"; };
		DA885F8A16F83DC500CBD253 /* _CPTSlateTheme.h */ = {isa = PBXFileReference; fileEncoding = 4; lastKnownFileType = sourcecode.c.h; path = _CPTSlateTheme.h; sourceTree = "<group>"; };
		DA885F8B16F83DC500CBD253 /* _CPTStocksTheme.h */ = {isa = PBXFileReference; fileEncoding = 4; lastKnownFileType = sourcecode.c.h; path = _CPTStocksTheme.h; sourceTree = "<group>"; };
		DA885F8C16F83DC500CBD253 /* _CPTXYTheme.h */ = {isa = PBXFileReference; fileEncoding = 4; lastKnownFileType = sourcecode.c.h; path = _CPTXYTheme.h; sourceTree = "<group>"; };
		DA885F8D16F83DC500CBD253 /* CorePlot-CocoaTouch.h */ = {isa = PBXFileReference; fileEncoding = 4; lastKnownFileType = sourcecode.c.h; path = "CorePlot-CocoaTouch.h"; sourceTree = "<group>"; };
		DA885F8E16F83DC500CBD253 /* CPTAnnotation.h */ = {isa = PBXFileReference; fileEncoding = 4; lastKnownFileType = sourcecode.c.h; path = CPTAnnotation.h; sourceTree = "<group>"; };
		DA885F8F16F83DC500CBD253 /* CPTAnnotationHostLayer.h */ = {isa = PBXFileReference; fileEncoding = 4; lastKnownFileType = sourcecode.c.h; path = CPTAnnotationHostLayer.h; sourceTree = "<group>"; };
		DA885F9016F83DC500CBD253 /* CPTAxis.h */ = {isa = PBXFileReference; fileEncoding = 4; lastKnownFileType = sourcecode.c.h; path = CPTAxis.h; sourceTree = "<group>"; };
		DA885F9116F83DC500CBD253 /* CPTAxisLabel.h */ = {isa = PBXFileReference; fileEncoding = 4; lastKnownFileType = sourcecode.c.h; path = CPTAxisLabel.h; sourceTree = "<group>"; };
		DA885F9216F83DC500CBD253 /* CPTAxisLabelGroup.h */ = {isa = PBXFileReference; fileEncoding = 4; lastKnownFileType = sourcecode.c.h; path = CPTAxisLabelGroup.h; sourceTree = "<group>"; };
		DA885F9316F83DC500CBD253 /* CPTAxisSet.h */ = {isa = PBXFileReference; fileEncoding = 4; lastKnownFileType = sourcecode.c.h; path = CPTAxisSet.h; sourceTree = "<group>"; };
		DA885F9416F83DC500CBD253 /* CPTAxisTitle.h */ = {isa = PBXFileReference; fileEncoding = 4; lastKnownFileType = sourcecode.c.h; path = CPTAxisTitle.h; sourceTree = "<group>"; };
		DA885F9516F83DC500CBD253 /* CPTBarPlot.h */ = {isa = PBXFileReference; fileEncoding = 4; lastKnownFileType = sourcecode.c.h; path = CPTBarPlot.h; sourceTree = "<group>"; };
		DA885F9616F83DC500CBD253 /* CPTBorderedLayer.h */ = {isa = PBXFileReference; fileEncoding = 4; lastKnownFileType = sourcecode.c.h; path = CPTBorderedLayer.h; sourceTree = "<group>"; };
		DA885F9716F83DC500CBD253 /* CPTColor.h */ = {isa = PBXFileReference; fileEncoding = 4; lastKnownFileType = sourcecode.c.h; path = CPTColor.h; sourceTree = "<group>"; };
		DA885F9816F83DC500CBD253 /* CPTColorSpace.h */ = {isa = PBXFileReference; fileEncoding = 4; lastKnownFileType = sourcecode.c.h; path = CPTColorSpace.h; sourceTree = "<group>"; };
		DA885F9916F83DC500CBD253 /* CPTConstraints.h */ = {isa = PBXFileReference; fileEncoding = 4; lastKnownFileType = sourcecode.c.h; path = CPTConstraints.h; sourceTree = "<group>"; };
		DA885F9A16F83DC500CBD253 /* CPTDefinitions.h */ = {isa = PBXFileReference; fileEncoding = 4; lastKnownFileType = sourcecode.c.h; path = CPTDefinitions.h; sourceTree = "<group>"; };
		DA885F9B16F83DC500CBD253 /* CPTExceptions.h */ = {isa = PBXFileReference; fileEncoding = 4; lastKnownFileType = sourcecode.c.h; path = CPTExceptions.h; sourceTree = "<group>"; };
		DA885F9C16F83DC500CBD253 /* CPTFill.h */ = {isa = PBXFileReference; fileEncoding = 4; lastKnownFileType = sourcecode.c.h; path = CPTFill.h; sourceTree = "<group>"; };
		DA885F9D16F83DC500CBD253 /* CPTGradient.h */ = {isa = PBXFileReference; fileEncoding = 4; lastKnownFileType = sourcecode.c.h; path = CPTGradient.h; sourceTree = "<group>"; };
		DA885F9E16F83DC500CBD253 /* CPTGraph.h */ = {isa = PBXFileReference; fileEncoding = 4; lastKnownFileType = sourcecode.c.h; path = CPTGraph.h; sourceTree = "<group>"; };
		DA885F9F16F83DC500CBD253 /* CPTGraphHostingView.h */ = {isa = PBXFileReference; fileEncoding = 4; lastKnownFileType = sourcecode.c.h; path = CPTGraphHostingView.h; sourceTree = "<group>"; };
		DA885FA016F83DC500CBD253 /* CPTGridLineGroup.h */ = {isa = PBXFileReference; fileEncoding = 4; lastKnownFileType = sourcecode.c.h; path = CPTGridLineGroup.h; sourceTree = "<group>"; };
		DA885FA116F83DC500CBD253 /* CPTGridLines.h */ = {isa = PBXFileReference; fileEncoding = 4; lastKnownFileType = sourcecode.c.h; path = CPTGridLines.h; sourceTree = "<group>"; };
		DA885FA216F83DC500CBD253 /* CPTImage.h */ = {isa = PBXFileReference; fileEncoding = 4; lastKnownFileType = sourcecode.c.h; path = CPTImage.h; sourceTree = "<group>"; };
		DA885FA316F83DC500CBD253 /* CPTLayer.h */ = {isa = PBXFileReference; fileEncoding = 4; lastKnownFileType = sourcecode.c.h; path = CPTLayer.h; sourceTree = "<group>"; };
		DA885FA416F83DC500CBD253 /* CPTLayerAnnotation.h */ = {isa = PBXFileReference; fileEncoding = 4; lastKnownFileType = sourcecode.c.h; path = CPTLayerAnnotation.h; sourceTree = "<group>"; };
		DA885FA516F83DC500CBD253 /* CPTLegend.h */ = {isa = PBXFileReference; fileEncoding = 4; lastKnownFileType = sourcecode.c.h; path = CPTLegend.h; sourceTree = "<group>"; };
		DA885FA616F83DC500CBD253 /* CPTLegendEntry.h */ = {isa = PBXFileReference; fileEncoding = 4; lastKnownFileType = sourcecode.c.h; path = CPTLegendEntry.h; sourceTree = "<group>"; };
		DA885FA716F83DC500CBD253 /* CPTLimitBand.h */ = {isa = PBXFileReference; fileEncoding = 4; lastKnownFileType = sourcecode.c.h; path = CPTLimitBand.h; sourceTree = "<group>"; };
		DA885FA816F83DC500CBD253 /* CPTLineCap.h */ = {isa = PBXFileReference; fileEncoding = 4; lastKnownFileType = sourcecode.c.h; path = CPTLineCap.h; sourceTree = "<group>"; };
		DA885FA916F83DC500CBD253 /* CPTLineStyle.h */ = {isa = PBXFileReference; fileEncoding = 4; lastKnownFileType = sourcecode.c.h; path = CPTLineStyle.h; sourceTree = "<group>"; };
		DA885FAA16F83DC500CBD253 /* CPTMutableLineStyle.h */ = {isa = PBXFileReference; fileEncoding = 4; lastKnownFileType = sourcecode.c.h; path = CPTMutableLineStyle.h; sourceTree = "<group>"; };
		DA885FAB16F83DC500CBD253 /* CPTMutableNumericData+TypeConversion.h */ = {isa = PBXFileReference; fileEncoding = 4; lastKnownFileType = sourcecode.c.h; path = "CPTMutableNumericData+TypeConversion.h"; sourceTree = "<group>"; };
		DA885FAC16F83DC500CBD253 /* CPTMutableNumericData.h */ = {isa = PBXFileReference; fileEncoding = 4; lastKnownFileType = sourcecode.c.h; path = CPTMutableNumericData.h; sourceTree = "<group>"; };
		DA885FAD16F83DC500CBD253 /* CPTMutablePlotRange.h */ = {isa = PBXFileReference; fileEncoding = 4; lastKnownFileType = sourcecode.c.h; path = CPTMutablePlotRange.h; sourceTree = "<group>"; };
		DA885FAE16F83DC500CBD253 /* CPTMutableShadow.h */ = {isa = PBXFileReference; fileEncoding = 4; lastKnownFileType = sourcecode.c.h; path = CPTMutableShadow.h; sourceTree = "<group>"; };
		DA885FAF16F83DC500CBD253 /* CPTMutableTextStyle.h */ = {isa = PBXFileReference; fileEncoding = 4; lastKnownFileType = sourcecode.c.h; path = CPTMutableTextStyle.h; sourceTree = "<group>"; };
		DA885FB016F83DC500CBD253 /* CPTNumericData+TypeConversion.h */ = {isa = PBXFileReference; fileEncoding = 4; lastKnownFileType = sourcecode.c.h; path = "CPTNumericData+TypeConversion.h"; sourceTree = "<group>"; };
		DA885FB116F83DC500CBD253 /* CPTNumericData.h */ = {isa = PBXFileReference; fileEncoding = 4; lastKnownFileType = sourcecode.c.h; path = CPTNumericData.h; sourceTree = "<group>"; };
		DA885FB216F83DC500CBD253 /* CPTNumericDataType.h */ = {isa = PBXFileReference; fileEncoding = 4; lastKnownFileType = sourcecode.c.h; path = CPTNumericDataType.h; sourceTree = "<group>"; };
		DA885FB316F83DC500CBD253 /* CPTPathExtensions.h */ = {isa = PBXFileReference; fileEncoding = 4; lastKnownFileType = sourcecode.c.h; path = CPTPathExtensions.h; sourceTree = "<group>"; };
		DA885FB416F83DC500CBD253 /* CPTPieChart.h */ = {isa = PBXFileReference; fileEncoding = 4; lastKnownFileType = sourcecode.c.h; path = CPTPieChart.h; sourceTree = "<group>"; };
		DA885FB516F83DC500CBD253 /* CPTPlatformSpecificCategories.h */ = {isa = PBXFileReference; fileEncoding = 4; lastKnownFileType = sourcecode.c.h; path = CPTPlatformSpecificCategories.h; sourceTree = "<group>"; };
		DA885FB616F83DC500CBD253 /* CPTPlatformSpecificDefines.h */ = {isa = PBXFileReference; fileEncoding = 4; lastKnownFileType = sourcecode.c.h; path = CPTPlatformSpecificDefines.h; sourceTree = "<group>"; };
		DA885FB716F83DC500CBD253 /* CPTPlatformSpecificFunctions.h */ = {isa = PBXFileReference; fileEncoding = 4; lastKnownFileType = sourcecode.c.h; path = CPTPlatformSpecificFunctions.h; sourceTree = "<group>"; };
		DA885FB816F83DC500CBD253 /* CPTPlot.h */ = {isa = PBXFileReference; fileEncoding = 4; lastKnownFileType = sourcecode.c.h; path = CPTPlot.h; sourceTree = "<group>"; };
		DA885FB916F83DC500CBD253 /* CPTPlotArea.h */ = {isa = PBXFileReference; fileEncoding = 4; lastKnownFileType = sourcecode.c.h; path = CPTPlotArea.h; sourceTree = "<group>"; };
		DA885FBA16F83DC500CBD253 /* CPTPlotAreaFrame.h */ = {isa = PBXFileReference; fileEncoding = 4; lastKnownFileType = sourcecode.c.h; path = CPTPlotAreaFrame.h; sourceTree = "<group>"; };
		DA885FBB16F83DC500CBD253 /* CPTPlotGroup.h */ = {isa = PBXFileReference; fileEncoding = 4; lastKnownFileType = sourcecode.c.h; path = CPTPlotGroup.h; sourceTree = "<group>"; };
		DA885FBC16F83DC500CBD253 /* CPTPlotRange.h */ = {isa = PBXFileReference; fileEncoding = 4; lastKnownFileType = sourcecode.c.h; path = CPTPlotRange.h; sourceTree = "<group>"; };
		DA885FBD16F83DC500CBD253 /* CPTPlotSpace.h */ = {isa = PBXFileReference; fileEncoding = 4; lastKnownFileType = sourcecode.c.h; path = CPTPlotSpace.h; sourceTree = "<group>"; };
		DA885FBE16F83DC500CBD253 /* CPTPlotSpaceAnnotation.h */ = {isa = PBXFileReference; fileEncoding = 4; lastKnownFileType = sourcecode.c.h; path = CPTPlotSpaceAnnotation.h; sourceTree = "<group>"; };
		DA885FBF16F83DC500CBD253 /* CPTPlotSymbol.h */ = {isa = PBXFileReference; fileEncoding = 4; lastKnownFileType = sourcecode.c.h; path = CPTPlotSymbol.h; sourceTree = "<group>"; };
		DA885FC016F83DC500CBD253 /* CPTRangePlot.h */ = {isa = PBXFileReference; fileEncoding = 4; lastKnownFileType = sourcecode.c.h; path = CPTRangePlot.h; sourceTree = "<group>"; };
		DA885FC116F83DC500CBD253 /* CPTResponder.h */ = {isa = PBXFileReference; fileEncoding = 4; lastKnownFileType = sourcecode.c.h; path = CPTResponder.h; sourceTree = "<group>"; };
		DA885FC216F83DC500CBD253 /* CPTScatterPlot.h */ = {isa = PBXFileReference; fileEncoding = 4; lastKnownFileType = sourcecode.c.h; path = CPTScatterPlot.h; sourceTree = "<group>"; };
		DA885FC316F83DC500CBD253 /* CPTShadow.h */ = {isa = PBXFileReference; fileEncoding = 4; lastKnownFileType = sourcecode.c.h; path = CPTShadow.h; sourceTree = "<group>"; };
		DA885FC416F83DC500CBD253 /* CPTTextLayer.h */ = {isa = PBXFileReference; fileEncoding = 4; lastKnownFileType = sourcecode.c.h; path = CPTTextLayer.h; sourceTree = "<group>"; };
		DA885FC516F83DC500CBD253 /* CPTTextStyle.h */ = {isa = PBXFileReference; fileEncoding = 4; lastKnownFileType = sourcecode.c.h; path = CPTTextStyle.h; sourceTree = "<group>"; };
		DA885FC616F83DC500CBD253 /* CPTTheme.h */ = {isa = PBXFileReference; fileEncoding = 4; lastKnownFileType = sourcecode.c.h; path = CPTTheme.h; sourceTree = "<group>"; };
		DA885FC716F83DC500CBD253 /* CPTTimeFormatter.h */ = {isa = PBXFileReference; fileEncoding = 4; lastKnownFileType = sourcecode.c.h; path = CPTTimeFormatter.h; sourceTree = "<group>"; };
		DA885FC816F83DC500CBD253 /* CPTTradingRangePlot.h */ = {isa = PBXFileReference; fileEncoding = 4; lastKnownFileType = sourcecode.c.h; path = CPTTradingRangePlot.h; sourceTree = "<group>"; };
		DA885FC916F83DC500CBD253 /* CPTUtilities.h */ = {isa = PBXFileReference; fileEncoding = 4; lastKnownFileType = sourcecode.c.h; path = CPTUtilities.h; sourceTree = "<group>"; };
		DA885FCA16F83DC500CBD253 /* CPTXYAxis.h */ = {isa = PBXFileReference; fileEncoding = 4; lastKnownFileType = sourcecode.c.h; path = CPTXYAxis.h; sourceTree = "<group>"; };
		DA885FCB16F83DC500CBD253 /* CPTXYAxisSet.h */ = {isa = PBXFileReference; fileEncoding = 4; lastKnownFileType = sourcecode.c.h; path = CPTXYAxisSet.h; sourceTree = "<group>"; };
		DA885FCC16F83DC500CBD253 /* CPTXYGraph.h */ = {isa = PBXFileReference; fileEncoding = 4; lastKnownFileType = sourcecode.c.h; path = CPTXYGraph.h; sourceTree = "<group>"; };
		DA885FCD16F83DC500CBD253 /* CPTXYPlotSpace.h */ = {isa = PBXFileReference; fileEncoding = 4; lastKnownFileType = sourcecode.c.h; path = CPTXYPlotSpace.h; sourceTree = "<group>"; };
		DA885FCE16F83DC500CBD253 /* NSCoderExtensions.h */ = {isa = PBXFileReference; fileEncoding = 4; lastKnownFileType = sourcecode.c.h; path = NSCoderExtensions.h; sourceTree = "<group>"; };
		DA885FCF16F83DC500CBD253 /* NSDecimalNumberExtensions.h */ = {isa = PBXFileReference; fileEncoding = 4; lastKnownFileType = sourcecode.c.h; path = NSDecimalNumberExtensions.h; sourceTree = "<group>"; };
		DA885FD016F83DC500CBD253 /* NSNumberExtensions.h */ = {isa = PBXFileReference; fileEncoding = 4; lastKnownFileType = sourcecode.c.h; path = NSNumberExtensions.h; sourceTree = "<group>"; };
		DA885FD116F83DC500CBD253 /* libCorePlot-CocoaTouch.a */ = {isa = PBXFileReference; lastKnownFileType = archive.ar; path = "libCorePlot-CocoaTouch.a"; sourceTree = "<group>"; };
/* End PBXFileReference section */

/* Begin PBXFrameworksBuildPhase section */
		DA664BE316F6AE92005E7B1E /* Frameworks */ = {
			isa = PBXFrameworksBuildPhase;
			buildActionMask = 2147483647;
			files = (
				DA885FD316F83EA400CBD253 /* libCorePlot-CocoaTouch.a in Frameworks */,
				DA885E7516F8024D00CBD253 /* QuartzCore.framework in Frameworks */,
				DA664C4116F6B5DB005E7B1E /* CoreLocation.framework in Frameworks */,
				DA664C3D16F6B59F005E7B1E /* MapKit.framework in Frameworks */,
				DA664BEB16F6AE92005E7B1E /* UIKit.framework in Frameworks */,
				DA664BED16F6AE92005E7B1E /* Foundation.framework in Frameworks */,
				DA664BEF16F6AE92005E7B1E /* CoreGraphics.framework in Frameworks */,
			);
			runOnlyForDeploymentPostprocessing = 0;
		};
/* End PBXFrameworksBuildPhase section */

/* Begin PBXGroup section */
		DA664BDB16F6AE92005E7B1E = {
			isa = PBXGroup;
			children = (
				DA664BF016F6AE92005E7B1E /* Yeelink_iOSClient */,
				DA664BE916F6AE92005E7B1E /* Frameworks */,
				DA664BE716F6AE92005E7B1E /* Products */,
			);
			sourceTree = "<group>";
		};
		DA664BE716F6AE92005E7B1E /* Products */ = {
			isa = PBXGroup;
			children = (
				DA664BE616F6AE92005E7B1E /* Yeelink_iOSClient.app */,
			);
			name = Products;
			sourceTree = "<group>";
		};
		DA664BE916F6AE92005E7B1E /* Frameworks */ = {
			isa = PBXGroup;
			children = (
				DA885E7416F8024D00CBD253 /* QuartzCore.framework */,
				DA664C3C16F6B59F005E7B1E /* MapKit.framework */,
				DA664C4016F6B5DA005E7B1E /* CoreLocation.framework */,
				DA664BEA16F6AE92005E7B1E /* UIKit.framework */,
				DA664BEC16F6AE92005E7B1E /* Foundation.framework */,
				DA664BEE16F6AE92005E7B1E /* CoreGraphics.framework */,
			);
			name = Frameworks;
			sourceTree = "<group>";
		};
		DA664BF016F6AE92005E7B1E /* Yeelink_iOSClient */ = {
			isa = PBXGroup;
			children = (
				DA664C0716F6AEDC005E7B1E /* HomePageViewController.h */,
				DA664C0816F6AEDC005E7B1E /* HomePageViewController.m */,
				DA664C0916F6AEDC005E7B1E /* MyYeelinkViewController.h */,
				DA664C0A16F6AEDC005E7B1E /* MyYeelinkViewController.m */,
				DA664C0B16F6AEDC005E7B1E /* SettingViewController.h */,
				DA664C0C16F6AEDC005E7B1E /* SettingViewController.m */,
				DA664C0D16F6AEDC005E7B1E /* DeviceViewController.h */,
				DA664C0E16F6AEDC005E7B1E /* DeviceViewController.m */,
				DA86D8E116FA94D000395793 /* SensorViewController.h */,
				DA86D8E216FA94D000395793 /* SensorViewController.m */,
				DA664C1116F6AEDC005E7B1E /* DataViewController.h */,
				DA664C1216F6AEDC005E7B1E /* DataViewController.m */,
				DA664C1316F6AEDC005E7B1E /* ImageViewController.h */,
				DA664C1416F6AEDC005E7B1E /* ImageViewController.m */,
				DA664C1516F6AEDC005E7B1E /* GPSViewController.h */,
				DA664C1616F6AEDC005E7B1E /* GPSViewController.m */,
				DA664C1716F6AEDC005E7B1E /* LoginWebViewController.h */,
				DA664C1816F6AEDC005E7B1E /* LoginWebViewController.m */,
				DA664C1916F6AEDC005E7B1E /* SensorInformation.h */,
				DA664C1A16F6AEDC005E7B1E /* SensorInformation.m */,
				DA664C1D16F6AEDC005E7B1E /* DeviceInformation.h */,
				DA664C1E16F6AEDC005E7B1E /* DeviceInformation.m */,
				DA81B88316FD7CBC00DBE55A /* LocationInformation.h */,
				DA81B88416FD7CBD00DBE55A /* LocationInformation.m */,
				DA664C1B16F6AEDC005E7B1E /* MapAnnotation.h */,
				DA664C1C16F6AEDC005E7B1E /* MapAnnotation.m */,
				DA664C1F16F6AEDC005E7B1E /* MyIndicatorView.h */,
				DA664C2016F6AEDC005E7B1E /* MyIndicatorView.m */,
				DA86D8E916FAA6BA00395793 /* SwitchIndicatorView.h */,
				DA86D8EA16FAA6BA00395793 /* SwitchIndicatorView.m */,
				DA664BF916F6AE92005E7B1E /* AppDelegate.h */,
				DA664BFA16F6AE92005E7B1E /* AppDelegate.m */,
				DA86D90816FABD0500395793 /* JSON */,
				DA80C1E61701777F0047309A /* 地图  VPPMap */,
				DA81B86416FD607F00DBE55A /* 日历 PMCalendar */,
				DA885DF916F7FA3D00CBD253 /* 图表 CorePlot */,
				DA664C2F16F6AF7E005E7B1E /* Picture */,
				DA664BF116F6AE92005E7B1E /* Supporting Files */,
			);
			path = Yeelink_iOSClient;
			sourceTree = "<group>";
		};
		DA664BF116F6AE92005E7B1E /* Supporting Files */ = {
			isa = PBXGroup;
			children = (
				DA664C2E16F6AEF4005E7B1E /* MyDefine.h */,
				DA664BF216F6AE92005E7B1E /* Yeelink_iOSClient-Info.plist */,
				DA664BF316F6AE92005E7B1E /* InfoPlist.strings */,
				DA664BF616F6AE92005E7B1E /* main.m */,
				DA664BF816F6AE92005E7B1E /* Yeelink_iOSClient-Prefix.pch */,
				DA664BFC16F6AE92005E7B1E /* Default.png */,
				DA664BFE16F6AE92005E7B1E /* Default@2x.png */,
				DA664C0016F6AE92005E7B1E /* Default-568h@2x.png */,
			);
			name = "Supporting Files";
			sourceTree = "<group>";
		};
		DA664C2F16F6AF7E005E7B1E /* Picture */ = {
			isa = PBXGroup;
			children = (
				DA80C1C7170153050047309A /* tabBar */,
				DA82B2D816FFF0E700442476 /* 指针.png */,
				DA7F4B6816FC50E40042687C /* 足迹.jpg */,
				DA69D0ED16FAE8F1004A5221 /* 用户.png */,
				DA69D0EE16FAE8F1004A5221 /* 探索.png */,
				DA69D0EF16FAE8F1004A5221 /* 设置.png */,
				DA664C3316F6AF9C005E7B1E /* Yeelink_logo_hd.png */,
			);
			name = Picture;
			sourceTree = "<group>";
		};
		DA80C1C7170153050047309A /* tabBar */ = {
			isa = PBXGroup;
			children = (
				DA80C1C8170153050047309A /* myYeelink.png */,
				DA80C1C9170153050047309A /* myYeelink_2.png */,
				DA80C1CA170153050047309A /* search.png */,
				DA80C1CB170153050047309A /* search_2.png */,
				DA80C1CC170153050047309A /* tool.png */,
				DA80C1CD170153050047309A /* tool_2.png */,
			);
			path = tabBar;
			sourceTree = "<group>";
		};
		DA80C1E61701777F0047309A /* 地图  VPPMap */ = {
			isa = PBXGroup;
			children = (
				DA80C1E7170177E50047309A /* Clustering */,
				DA80C1EE170177E50047309A /* VPPMapAnnotationExample.h */,
				DA80C1EF170177E50047309A /* VPPMapAnnotationExample.m */,
				DA80C1F0170177E50047309A /* VPPMapCustomAnnotation.h */,
				DA80C1F1170177E50047309A /* VPPMapHelper.h */,
				DA80C1F2170177E50047309A /* VPPMapHelper.m */,
				DA80C1F3170177E50047309A /* VPPMapHelperDelegate.h */,
			);
			name = "地图  VPPMap";
			sourceTree = "<group>";
		};
		DA80C1E7170177E50047309A /* Clustering */ = {
			isa = PBXGroup;
			children = (
				DA80C1E8170177E50047309A /* VPPMapCluster.h */,
				DA80C1E9170177E50047309A /* VPPMapCluster.m */,
				DA80C1EA170177E50047309A /* VPPMapClusterHelper.h */,
				DA80C1EB170177E50047309A /* VPPMapClusterHelper.m */,
				DA80C1EC170177E50047309A /* VPPMapClusterView.h */,
				DA80C1ED170177E50047309A /* VPPMapClusterView.m */,
			);
			path = Clustering;
			sourceTree = "<group>";
		};
		DA81B86416FD607F00DBE55A /* 日历 PMCalendar */ = {
			isa = PBXGroup;
			children = (
				DA81B86516FD60D600DBE55A /* PMCalendar */,
			);
			name = "日历 PMCalendar";
			sourceTree = "<group>";
		};
		DA81B86516FD60D600DBE55A /* PMCalendar */ = {
			isa = PBXGroup;
			children = (
				DA81B86616FD60D600DBE55A /* PMCalendar.h */,
				DA81B86716FD60D600DBE55A /* src */,
			);
			path = PMCalendar;
			sourceTree = "<group>";
		};
		DA81B86716FD60D600DBE55A /* src */ = {
			isa = PBXGroup;
			children = (
				DA81B86816FD60D600DBE55A /* NSDate+Helpers.h */,
				DA81B86916FD60D600DBE55A /* NSDate+Helpers.m */,
				DA81B86A16FD60D600DBE55A /* PMCalendarBackgroundView.h */,
				DA81B86B16FD60D600DBE55A /* PMCalendarBackgroundView.m */,
				DA81B86C16FD60D600DBE55A /* PMCalendarConstants.h */,
				DA81B86D16FD60D600DBE55A /* PMCalendarController.h */,
				DA81B86E16FD60D600DBE55A /* PMCalendarController.m */,
				DA81B86F16FD60D600DBE55A /* PMCalendarHelpers.h */,
				DA81B87016FD60D600DBE55A /* PMCalendarView.h */,
				DA81B87116FD60D600DBE55A /* PMCalendarView.m */,
				DA81B87216FD60D600DBE55A /* PMDimmingView.h */,
				DA81B87316FD60D600DBE55A /* PMDimmingView.m */,
				DA81B87416FD60D600DBE55A /* PMPeriod.h */,
				DA81B87516FD60D600DBE55A /* PMPeriod.m */,
				DA81B87616FD60D600DBE55A /* PMSelectionView.h */,
				DA81B87716FD60D600DBE55A /* PMSelectionView.m */,
			);
			path = src;
			sourceTree = "<group>";
		};
		DA86D90816FABD0500395793 /* JSON */ = {
			isa = PBXGroup;
			children = (
				DA86D90916FABD0600395793 /* NSObject+SBJson.h */,
				DA86D90A16FABD0600395793 /* NSObject+SBJson.m */,
				DA86D90B16FABD0600395793 /* SBJson.h */,
				DA86D90C16FABD0600395793 /* SBJsonParser.h */,
				DA86D90D16FABD0600395793 /* SBJsonParser.m */,
				DA86D90E16FABD0600395793 /* SBJsonStreamParser.h */,
				DA86D90F16FABD0600395793 /* SBJsonStreamParser.m */,
				DA86D91016FABD0600395793 /* SBJsonStreamParserAccumulator.h */,
				DA86D91116FABD0600395793 /* SBJsonStreamParserAccumulator.m */,
				DA86D91216FABD0600395793 /* SBJsonStreamParserAdapter.h */,
				DA86D91316FABD0600395793 /* SBJsonStreamParserAdapter.m */,
				DA86D91416FABD0600395793 /* SBJsonStreamParserState.h */,
				DA86D91516FABD0600395793 /* SBJsonStreamParserState.m */,
				DA86D91616FABD0600395793 /* SBJsonStreamWriter.h */,
				DA86D91716FABD0600395793 /* SBJsonStreamWriter.m */,
				DA86D91816FABD0600395793 /* SBJsonStreamWriterAccumulator.h */,
				DA86D91916FABD0600395793 /* SBJsonStreamWriterAccumulator.m */,
				DA86D91A16FABD0600395793 /* SBJsonStreamWriterState.h */,
				DA86D91B16FABD0600395793 /* SBJsonStreamWriterState.m */,
				DA86D91C16FABD0600395793 /* SBJsonTokeniser.h */,
				DA86D91D16FABD0600395793 /* SBJsonTokeniser.m */,
				DA86D91E16FABD0600395793 /* SBJsonUTF8Stream.h */,
				DA86D91F16FABD0600395793 /* SBJsonUTF8Stream.m */,
				DA86D92016FABD0600395793 /* SBJsonWriter.h */,
				DA86D92116FABD0600395793 /* SBJsonWriter.m */,
			);
			path = JSON;
			sourceTree = "<group>";
		};
		DA885DF916F7FA3D00CBD253 /* 图表 CorePlot */ = {
			isa = PBXGroup;
			children = (
				DA885F8116F83DC500CBD253 /* CorePlotHeaders */,
				DA885FD116F83DC500CBD253 /* libCorePlot-CocoaTouch.a */,
			);
			name = "图表 CorePlot";
			sourceTree = "<group>";
		};
		DA885F8116F83DC500CBD253 /* CorePlotHeaders */ = {
			isa = PBXGroup;
			children = (
				DA885F8216F83DC500CBD253 /* _CPTConstraintsFixed.h */,
				DA885F8316F83DC500CBD253 /* _CPTConstraintsRelative.h */,
				DA885F8416F83DC500CBD253 /* _CPTDarkGradientTheme.h */,
				DA885F8516F83DC500CBD253 /* _CPTFillColor.h */,
				DA885F8616F83DC500CBD253 /* _CPTFillGradient.h */,
				DA885F8716F83DC500CBD253 /* _CPTFillImage.h */,
				DA885F8816F83DC500CBD253 /* _CPTPlainBlackTheme.h */,
				DA885F8916F83DC500CBD253 /* _CPTPlainWhiteTheme.h */,
				DA885F8A16F83DC500CBD253 /* _CPTSlateTheme.h */,
				DA885F8B16F83DC500CBD253 /* _CPTStocksTheme.h */,
				DA885F8C16F83DC500CBD253 /* _CPTXYTheme.h */,
				DA885F8D16F83DC500CBD253 /* CorePlot-CocoaTouch.h */,
				DA885F8E16F83DC500CBD253 /* CPTAnnotation.h */,
				DA885F8F16F83DC500CBD253 /* CPTAnnotationHostLayer.h */,
				DA885F9016F83DC500CBD253 /* CPTAxis.h */,
				DA885F9116F83DC500CBD253 /* CPTAxisLabel.h */,
				DA885F9216F83DC500CBD253 /* CPTAxisLabelGroup.h */,
				DA885F9316F83DC500CBD253 /* CPTAxisSet.h */,
				DA885F9416F83DC500CBD253 /* CPTAxisTitle.h */,
				DA885F9516F83DC500CBD253 /* CPTBarPlot.h */,
				DA885F9616F83DC500CBD253 /* CPTBorderedLayer.h */,
				DA885F9716F83DC500CBD253 /* CPTColor.h */,
				DA885F9816F83DC500CBD253 /* CPTColorSpace.h */,
				DA885F9916F83DC500CBD253 /* CPTConstraints.h */,
				DA885F9A16F83DC500CBD253 /* CPTDefinitions.h */,
				DA885F9B16F83DC500CBD253 /* CPTExceptions.h */,
				DA885F9C16F83DC500CBD253 /* CPTFill.h */,
				DA885F9D16F83DC500CBD253 /* CPTGradient.h */,
				DA885F9E16F83DC500CBD253 /* CPTGraph.h */,
				DA885F9F16F83DC500CBD253 /* CPTGraphHostingView.h */,
				DA885FA016F83DC500CBD253 /* CPTGridLineGroup.h */,
				DA885FA116F83DC500CBD253 /* CPTGridLines.h */,
				DA885FA216F83DC500CBD253 /* CPTImage.h */,
				DA885FA316F83DC500CBD253 /* CPTLayer.h */,
				DA885FA416F83DC500CBD253 /* CPTLayerAnnotation.h */,
				DA885FA516F83DC500CBD253 /* CPTLegend.h */,
				DA885FA616F83DC500CBD253 /* CPTLegendEntry.h */,
				DA885FA716F83DC500CBD253 /* CPTLimitBand.h */,
				DA885FA816F83DC500CBD253 /* CPTLineCap.h */,
				DA885FA916F83DC500CBD253 /* CPTLineStyle.h */,
				DA885FAA16F83DC500CBD253 /* CPTMutableLineStyle.h */,
				DA885FAB16F83DC500CBD253 /* CPTMutableNumericData+TypeConversion.h */,
				DA885FAC16F83DC500CBD253 /* CPTMutableNumericData.h */,
				DA885FAD16F83DC500CBD253 /* CPTMutablePlotRange.h */,
				DA885FAE16F83DC500CBD253 /* CPTMutableShadow.h */,
				DA885FAF16F83DC500CBD253 /* CPTMutableTextStyle.h */,
				DA885FB016F83DC500CBD253 /* CPTNumericData+TypeConversion.h */,
				DA885FB116F83DC500CBD253 /* CPTNumericData.h */,
				DA885FB216F83DC500CBD253 /* CPTNumericDataType.h */,
				DA885FB316F83DC500CBD253 /* CPTPathExtensions.h */,
				DA885FB416F83DC500CBD253 /* CPTPieChart.h */,
				DA885FB516F83DC500CBD253 /* CPTPlatformSpecificCategories.h */,
				DA885FB616F83DC500CBD253 /* CPTPlatformSpecificDefines.h */,
				DA885FB716F83DC500CBD253 /* CPTPlatformSpecificFunctions.h */,
				DA885FB816F83DC500CBD253 /* CPTPlot.h */,
				DA885FB916F83DC500CBD253 /* CPTPlotArea.h */,
				DA885FBA16F83DC500CBD253 /* CPTPlotAreaFrame.h */,
				DA885FBB16F83DC500CBD253 /* CPTPlotGroup.h */,
				DA885FBC16F83DC500CBD253 /* CPTPlotRange.h */,
				DA885FBD16F83DC500CBD253 /* CPTPlotSpace.h */,
				DA885FBE16F83DC500CBD253 /* CPTPlotSpaceAnnotation.h */,
				DA885FBF16F83DC500CBD253 /* CPTPlotSymbol.h */,
				DA885FC016F83DC500CBD253 /* CPTRangePlot.h */,
				DA885FC116F83DC500CBD253 /* CPTResponder.h */,
				DA885FC216F83DC500CBD253 /* CPTScatterPlot.h */,
				DA885FC316F83DC500CBD253 /* CPTShadow.h */,
				DA885FC416F83DC500CBD253 /* CPTTextLayer.h */,
				DA885FC516F83DC500CBD253 /* CPTTextStyle.h */,
				DA885FC616F83DC500CBD253 /* CPTTheme.h */,
				DA885FC716F83DC500CBD253 /* CPTTimeFormatter.h */,
				DA885FC816F83DC500CBD253 /* CPTTradingRangePlot.h */,
				DA885FC916F83DC500CBD253 /* CPTUtilities.h */,
				DA885FCA16F83DC500CBD253 /* CPTXYAxis.h */,
				DA885FCB16F83DC500CBD253 /* CPTXYAxisSet.h */,
				DA885FCC16F83DC500CBD253 /* CPTXYGraph.h */,
				DA885FCD16F83DC500CBD253 /* CPTXYPlotSpace.h */,
				DA885FCE16F83DC500CBD253 /* NSCoderExtensions.h */,
				DA885FCF16F83DC500CBD253 /* NSDecimalNumberExtensions.h */,
				DA885FD016F83DC500CBD253 /* NSNumberExtensions.h */,
			);
			path = CorePlotHeaders;
			sourceTree = "<group>";
		};
/* End PBXGroup section */

/* Begin PBXNativeTarget section */
		DA664BE516F6AE92005E7B1E /* Yeelink_iOSClient */ = {
			isa = PBXNativeTarget;
			buildConfigurationList = DA664C0416F6AE92005E7B1E /* Build configuration list for PBXNativeTarget "Yeelink_iOSClient" */;
			buildPhases = (
				DA664BE216F6AE92005E7B1E /* Sources */,
				DA664BE316F6AE92005E7B1E /* Frameworks */,
				DA664BE416F6AE92005E7B1E /* Resources */,
			);
			buildRules = (
			);
			dependencies = (
			);
			name = Yeelink_iOSClient;
			productName = Yeelink_iOSClient;
			productReference = DA664BE616F6AE92005E7B1E /* Yeelink_iOSClient.app */;
			productType = "com.apple.product-type.application";
		};
/* End PBXNativeTarget section */

/* Begin PBXProject section */
		DA664BDD16F6AE92005E7B1E /* Project object */ = {
			isa = PBXProject;
			attributes = {
				LastUpgradeCheck = 0450;
				ORGANIZATIONNAME = "Wang Jun";
			};
			buildConfigurationList = DA664BE016F6AE92005E7B1E /* Build configuration list for PBXProject "Yeelink_iOSClient" */;
			compatibilityVersion = "Xcode 3.2";
			developmentRegion = English;
			hasScannedForEncodings = 0;
			knownRegions = (
				en,
			);
			mainGroup = DA664BDB16F6AE92005E7B1E;
			productRefGroup = DA664BE716F6AE92005E7B1E /* Products */;
			projectDirPath = "";
			projectRoot = "";
			targets = (
				DA664BE516F6AE92005E7B1E /* Yeelink_iOSClient */,
			);
		};
/* End PBXProject section */

/* Begin PBXResourcesBuildPhase section */
		DA664BE416F6AE92005E7B1E /* Resources */ = {
			isa = PBXResourcesBuildPhase;
			buildActionMask = 2147483647;
			files = (
				DA664BF516F6AE92005E7B1E /* InfoPlist.strings in Resources */,
				DA664BFD16F6AE92005E7B1E /* Default.png in Resources */,
				DA664BFF16F6AE92005E7B1E /* Default@2x.png in Resources */,
				DA664C0116F6AE92005E7B1E /* Default-568h@2x.png in Resources */,
				DA664C3716F6AF9C005E7B1E /* Yeelink_logo_hd.png in Resources */,
				DA69D0F016FAE8F1004A5221 /* 用户.png in Resources */,
				DA69D0F116FAE8F1004A5221 /* 探索.png in Resources */,
				DA69D0F216FAE8F1004A5221 /* 设置.png in Resources */,
				DA7F4B6916FC50E40042687C /* 足迹.jpg in Resources */,
				DA82B2D916FFF0E700442476 /* 指针.png in Resources */,
				DA80C1CE170153050047309A /* myYeelink.png in Resources */,
				DA80C1CF170153050047309A /* myYeelink_2.png in Resources */,
				DA80C1D0170153050047309A /* search.png in Resources */,
				DA80C1D1170153050047309A /* search_2.png in Resources */,
				DA80C1D2170153050047309A /* tool.png in Resources */,
				DA80C1D3170153050047309A /* tool_2.png in Resources */,
			);
			runOnlyForDeploymentPostprocessing = 0;
		};
/* End PBXResourcesBuildPhase section */

/* Begin PBXSourcesBuildPhase section */
		DA664BE216F6AE92005E7B1E /* Sources */ = {
			isa = PBXSourcesBuildPhase;
			buildActionMask = 2147483647;
			files = (
				DA664BF716F6AE92005E7B1E /* main.m in Sources */,
				DA664BFB16F6AE92005E7B1E /* AppDelegate.m in Sources */,
				DA664C2116F6AEDC005E7B1E /* HomePageViewController.m in Sources */,
				DA664C2216F6AEDC005E7B1E /* MyYeelinkViewController.m in Sources */,
				DA664C2316F6AEDC005E7B1E /* SettingViewController.m in Sources */,
				DA664C2416F6AEDC005E7B1E /* DeviceViewController.m in Sources */,
				DA664C2616F6AEDC005E7B1E /* DataViewController.m in Sources */,
				DA664C2716F6AEDC005E7B1E /* ImageViewController.m in Sources */,
				DA664C2816F6AEDC005E7B1E /* GPSViewController.m in Sources */,
				DA664C2916F6AEDC005E7B1E /* LoginWebViewController.m in Sources */,
				DA664C2A16F6AEDC005E7B1E /* SensorInformation.m in Sources */,
				DA664C2B16F6AEDC005E7B1E /* MapAnnotation.m in Sources */,
				DA664C2C16F6AEDC005E7B1E /* DeviceInformation.m in Sources */,
				DA664C2D16F6AEDC005E7B1E /* MyIndicatorView.m in Sources */,
				DA86D8E316FA94D000395793 /* SensorViewController.m in Sources */,
				DA86D8EB16FAA6BA00395793 /* SwitchIndicatorView.m in Sources */,
				DA86D92216FABD0600395793 /* NSObject+SBJson.m in Sources */,
				DA86D92316FABD0600395793 /* SBJsonParser.m in Sources */,
				DA86D92416FABD0600395793 /* SBJsonStreamParser.m in Sources */,
				DA86D92516FABD0600395793 /* SBJsonStreamParserAccumulator.m in Sources */,
				DA86D92616FABD0600395793 /* SBJsonStreamParserAdapter.m in Sources */,
				DA86D92716FABD0600395793 /* SBJsonStreamParserState.m in Sources */,
				DA86D92816FABD0600395793 /* SBJsonStreamWriter.m in Sources */,
				DA86D92916FABD0600395793 /* SBJsonStreamWriterAccumulator.m in Sources */,
				DA86D92A16FABD0600395793 /* SBJsonStreamWriterState.m in Sources */,
				DA86D92B16FABD0600395793 /* SBJsonTokeniser.m in Sources */,
				DA86D92C16FABD0600395793 /* SBJsonUTF8Stream.m in Sources */,
				DA86D92D16FABD0600395793 /* SBJsonWriter.m in Sources */,
				DA81B87816FD60D600DBE55A /* NSDate+Helpers.m in Sources */,
				DA81B87916FD60D600DBE55A /* PMCalendarBackgroundView.m in Sources */,
				DA81B87A16FD60D600DBE55A /* PMCalendarController.m in Sources */,
				DA81B87B16FD60D600DBE55A /* PMCalendarView.m in Sources */,
				DA81B87C16FD60D600DBE55A /* PMDimmingView.m in Sources */,
				DA81B87D16FD60D600DBE55A /* PMPeriod.m in Sources */,
				DA81B87E16FD60D600DBE55A /* PMSelectionView.m in Sources */,
				DA81B88516FD7CBD00DBE55A /* LocationInformation.m in Sources */,
				DA80C1F4170177E50047309A /* VPPMapCluster.m in Sources */,
				DA80C1F5170177E50047309A /* VPPMapClusterHelper.m in Sources */,
				DA80C1F6170177E50047309A /* VPPMapClusterView.m in Sources */,
				DA80C1F7170177E50047309A /* VPPMapAnnotationExample.m in Sources */,
				DA80C1F8170177E50047309A /* VPPMapHelper.m in Sources */,
			);
			runOnlyForDeploymentPostprocessing = 0;
		};
/* End PBXSourcesBuildPhase section */

/* Begin PBXVariantGroup section */
		DA664BF316F6AE92005E7B1E /* InfoPlist.strings */ = {
			isa = PBXVariantGroup;
			children = (
				DA664BF416F6AE92005E7B1E /* en */,
			);
			name = InfoPlist.strings;
			sourceTree = "<group>";
		};
/* End PBXVariantGroup section */

/* Begin XCBuildConfiguration section */
		DA664C0216F6AE92005E7B1E /* Debug */ = {
			isa = XCBuildConfiguration;
			buildSettings = {
				ALWAYS_SEARCH_USER_PATHS = NO;
				CLANG_CXX_LANGUAGE_STANDARD = "gnu++0x";
				CLANG_CXX_LIBRARY = "libc++";
				CLANG_ENABLE_OBJC_ARC = YES;
				CLANG_WARN_EMPTY_BODY = YES;
				CLANG_WARN__DUPLICATE_METHOD_MATCH = YES;
				"CODE_SIGN_IDENTITY[sdk=iphoneos*]" = "iPhone Developer";
				COPY_PHASE_STRIP = NO;
				GCC_C_LANGUAGE_STANDARD = gnu99;
				GCC_DYNAMIC_NO_PIC = NO;
				GCC_OPTIMIZATION_LEVEL = 0;
				GCC_PREPROCESSOR_DEFINITIONS = (
					"DEBUG=1",
					"$(inherited)",
				);
				GCC_SYMBOLS_PRIVATE_EXTERN = NO;
				GCC_WARN_ABOUT_RETURN_TYPE = YES;
				GCC_WARN_UNINITIALIZED_AUTOS = YES;
				GCC_WARN_UNUSED_VARIABLE = YES;
				IPHONEOS_DEPLOYMENT_TARGET = 5.1;
				ONLY_ACTIVE_ARCH = YES;
				SDKROOT = iphoneos;
				TARGETED_DEVICE_FAMILY = "1,2";
			};
			name = Debug;
		};
		DA664C0316F6AE92005E7B1E /* Release */ = {
			isa = XCBuildConfiguration;
			buildSettings = {
				ALWAYS_SEARCH_USER_PATHS = NO;
				CLANG_CXX_LANGUAGE_STANDARD = "gnu++0x";
				CLANG_CXX_LIBRARY = "libc++";
				CLANG_ENABLE_OBJC_ARC = YES;
				CLANG_WARN_EMPTY_BODY = YES;
				CLANG_WARN__DUPLICATE_METHOD_MATCH = YES;
				"CODE_SIGN_IDENTITY[sdk=iphoneos*]" = "iPhone Developer";
				COPY_PHASE_STRIP = YES;
				GCC_C_LANGUAGE_STANDARD = gnu99;
				GCC_WARN_ABOUT_RETURN_TYPE = YES;
				GCC_WARN_UNINITIALIZED_AUTOS = YES;
				GCC_WARN_UNUSED_VARIABLE = YES;
				IPHONEOS_DEPLOYMENT_TARGET = 5.1;
				OTHER_CFLAGS = "-DNS_BLOCK_ASSERTIONS=1";
				SDKROOT = iphoneos;
				TARGETED_DEVICE_FAMILY = "1,2";
				VALIDATE_PRODUCT = YES;
			};
			name = Release;
		};
		DA664C0516F6AE92005E7B1E /* Debug */ = {
			isa = XCBuildConfiguration;
			buildSettings = {
				GCC_PRECOMPILE_PREFIX_HEADER = YES;
				GCC_PREFIX_HEADER = "Yeelink_iOSClient/Yeelink_iOSClient-Prefix.pch";
				INFOPLIST_FILE = "Yeelink_iOSClient/Yeelink_iOSClient-Info.plist";
				LIBRARY_SEARCH_PATHS = (
					"$(inherited)",
					"\"$(SRCROOT)/Yeelink_iOSClient\"",
				);
				OTHER_LDFLAGS = (
					"-ObjC",
					"-all_load",
				);
				PRODUCT_NAME = "$(TARGET_NAME)";
				WRAPPER_EXTENSION = app;
			};
			name = Debug;
		};
		DA664C0616F6AE92005E7B1E /* Release */ = {
			isa = XCBuildConfiguration;
			buildSettings = {
				GCC_PRECOMPILE_PREFIX_HEADER = YES;
				GCC_PREFIX_HEADER = "Yeelink_iOSClient/Yeelink_iOSClient-Prefix.pch";
				INFOPLIST_FILE = "Yeelink_iOSClient/Yeelink_iOSClient-Info.plist";
				LIBRARY_SEARCH_PATHS = (
					"$(inherited)",
					"\"$(SRCROOT)/Yeelink_iOSClient\"",
				);
				OTHER_LDFLAGS = (
					"-ObjC",
					"-all_load",
				);
				PRODUCT_NAME = "$(TARGET_NAME)";
				WRAPPER_EXTENSION = app;
			};
			name = Release;
		};
/* End XCBuildConfiguration section */

/* Begin XCConfigurationList section */
		DA664BE016F6AE92005E7B1E /* Build configuration list for PBXProject "Yeelink_iOSClient" */ = {
			isa = XCConfigurationList;
			buildConfigurations = (
				DA664C0216F6AE92005E7B1E /* Debug */,
				DA664C0316F6AE92005E7B1E /* Release */,
			);
			defaultConfigurationIsVisible = 0;
			defaultConfigurationName = Release;
		};
		DA664C0416F6AE92005E7B1E /* Build configuration list for PBXNativeTarget "Yeelink_iOSClient" */ = {
			isa = XCConfigurationList;
			buildConfigurations = (
				DA664C0516F6AE92005E7B1E /* Debug */,
				DA664C0616F6AE92005E7B1E /* Release */,
			);
			defaultConfigurationIsVisible = 0;
			defaultConfigurationName = Release;
		};
/* End XCConfigurationList section */
	};
	rootObject = DA664BDD16F6AE92005E7B1E /* Project object */;
}
