// !$*UTF8*$!
{
	archiveVersion = 1;
	classes = {
	};
	objectVersion = 46;
	objects = {

/* Begin PBXBuildFile section */
		0F00C4B51689362D008DF69C /* UIKit.framework in Frameworks */ = {isa = PBXBuildFile; fileRef = 0F00C4B41689362D008DF69C /* UIKit.framework */; };
		0F00C4B71689362D008DF69C /* Foundation.framework in Frameworks */ = {isa = PBXBuildFile; fileRef = 0F00C4B61689362D008DF69C /* Foundation.framework */; };
		0F00C4B91689362D008DF69C /* CoreGraphics.framework in Frameworks */ = {isa = PBXBuildFile; fileRef = 0F00C4B81689362D008DF69C /* CoreGraphics.framework */; };
		0F00C4BF1689362D008DF69C /* InfoPlist.strings in Resources */ = {isa = PBXBuildFile; fileRef = 0F00C4BD1689362D008DF69C /* InfoPlist.strings */; };
		0F00C4C11689362D008DF69C /* main.m in Sources */ = {isa = PBXBuildFile; fileRef = 0F00C4C01689362D008DF69C /* main.m */; };
		0F00C4C51689362D008DF69C /* AppDelegate.m in Sources */ = {isa = PBXBuildFile; fileRef = 0F00C4C41689362D008DF69C /* AppDelegate.m */; };
		0F00C4C81689362D008DF69C /* ViewController.m in Sources */ = {isa = PBXBuildFile; fileRef = 0F00C4C71689362D008DF69C /* ViewController.m */; };
		0F00C4CB1689362D008DF69C /* ViewController.xib in Resources */ = {isa = PBXBuildFile; fileRef = 0F00C4C91689362D008DF69C /* ViewController.xib */; };
/* End PBXBuildFile section */

/* Begin PBXFileReference section */
		0F00C4B01689362D008DF69C /* UIActivityIndicatorView.app */ = {isa = PBXFileReference; explicitFileType = wrapper.application; includeInIndex = 0; path = UIActivityIndicatorView.app; sourceTree = BUILT_PRODUCTS_DIR; };
		0F00C4B41689362D008DF69C /* UIKit.framework */ = {isa = PBXFileReference; lastKnownFileType = wrapper.framework; name = UIKit.framework; path = System/Library/Frameworks/UIKit.framework; sourceTree = SDKROOT; };
		0F00C4B61689362D008DF69C /* Foundation.framework */ = {isa = PBXFileReference; lastKnownFileType = wrapper.framework; name = Foundation.framework; path = System/Library/Frameworks/Foundation.framework; sourceTree = SDKROOT; };
		0F00C4B81689362D008DF69C /* CoreGraphics.framework */ = {isa = PBXFileReference; lastKnownFileType = wrapper.framework; name = CoreGraphics.framework; path = System/Library/Frameworks/CoreGraphics.framework; sourceTree = SDKROOT; };
		0F00C4BC1689362D008DF69C /* UIActivityIndicatorView-Info.plist */ = {isa = PBXFileReference; lastKnownFileType = text.plist.xml; path = "UIActivityIndicatorView-Info.plist"; sourceTree = "<group>"; };
		0F00C4BE1689362D008DF69C /* en */ = {isa = PBXFileReference; lastKnownFileType = text.plist.strings; name = en; path = en.lproj/InfoPlist.strings; sourceTree = "<group>"; };
		0F00C4C01689362D008DF69C /* main.m */ = {isa = PBXFileReference; lastKnownFileType = sourcecode.c.objc; path = main.m; sourceTree = "<group>"; };
		0F00C4C21689362D008DF69C /* UIActivityIndicatorView-Prefix.pch */ = {isa = PBXFileReference; lastKnownFileType = sourcecode.c.h; path = "UIActivityIndicatorView-Prefix.pch"; sourceTree = "<group>"; };
		0F00C4C31689362D008DF69C /* AppDelegate.h */ = {isa = PBXFileReference; lastKnownFileType = sourcecode.c.h; path = AppDelegate.h; sourceTree = "<group>"; };
		0F00C4C41689362D008DF69C /* AppDelegate.m */ = {isa = PBXFileReference; lastKnownFileType = sourcecode.c.objc; path = AppDelegate.m; sourceTree = "<group>"; };
		0F00C4C61689362D008DF69C /* ViewController.h */ = {isa = PBXFileReference; lastKnownFileType = sourcecode.c.h; path = ViewController.h; sourceTree = "<group>"; };
		0F00C4C71689362D008DF69C /* ViewController.m */ = {isa = PBXFileReference; lastKnownFileType = sourcecode.c.objc; path = ViewController.m; sourceTree = "<group>"; };
		0F00C4CA1689362D008DF69C /* en */ = {isa = PBXFileReference; lastKnownFileType = file.xib; name = en; path = en.lproj/ViewController.xib; sourceTree = "<group>"; };
/* End PBXFileReference section */

/* Begin PBXFrameworksBuildPhase section */
		0F00C4AD1689362D008DF69C /* Frameworks */ = {
			isa = PBXFrameworksBuildPhase;
			buildActionMask = 2147483647;
			files = (
				0F00C4B51689362D008DF69C /* UIKit.framework in Frameworks */,
				0F00C4B71689362D008DF69C /* Foundation.framework in Frameworks */,
				0F00C4B91689362D008DF69C /* CoreGraphics.framework in Frameworks */,
			);
			runOnlyForDeploymentPostprocessing = 0;
		};
/* End PBXFrameworksBuildPhase section */

/* Begin PBXGroup section */
		0F00C4A51689362D008DF69C = {
			isa = PBXGroup;
			children = (
				0F00C4BA1689362D008DF69C /* UIActivityIndicatorView */,
				0F00C4B31689362D008DF69C /* Frameworks */,
				0F00C4B11689362D008DF69C /* Products */,
			);
			sourceTree = "<group>";
		};
		0F00C4B11689362D008DF69C /* Products */ = {
			isa = PBXGroup;
			children = (
				0F00C4B01689362D008DF69C /* UIActivityIndicatorView.app */,
			);
			name = Products;
			sourceTree = "<group>";
		};
		0F00C4B31689362D008DF69C /* Frameworks */ = {
			isa = PBXGroup;
			children = (
				0F00C4B41689362D008DF69C /* UIKit.framework */,
				0F00C4B61689362D008DF69C /* Foundation.framework */,
				0F00C4B81689362D008DF69C /* CoreGraphics.framework */,
			);
			name = Frameworks;
			sourceTree = "<group>";
		};
		0F00C4BA1689362D008DF69C /* UIActivityIndicatorView */ = {
			isa = PBXGroup;
			children = (
				0F00C4C31689362D008DF69C /* AppDelegate.h */,
				0F00C4C41689362D008DF69C /* AppDelegate.m */,
				0F00C4C61689362D008DF69C /* ViewController.h */,
				0F00C4C71689362D008DF69C /* ViewController.m */,
				0F00C4C91689362D008DF69C /* ViewController.xib */,
				0F00C4BB1689362D008DF69C /* Supporting Files */,
			);
			path = UIActivityIndicatorView;
			sourceTree = "<group>";
		};
		0F00C4BB1689362D008DF69C /* Supporting Files */ = {
			isa = PBXGroup;
			children = (
				0F00C4BC1689362D008DF69C /* UIActivityIndicatorView-Info.plist */,
				0F00C4BD1689362D008DF69C /* InfoPlist.strings */,
				0F00C4C01689362D008DF69C /* main.m */,
				0F00C4C21689362D008DF69C /* UIActivityIndicatorView-Prefix.pch */,
			);
			name = "Supporting Files";
			sourceTree = "<group>";
		};
/* End PBXGroup section */

/* Begin PBXNativeTarget section */
		0F00C4AF1689362D008DF69C /* UIActivityIndicatorView */ = {
			isa = PBXNativeTarget;
			buildConfigurationList = 0F00C4CE1689362D008DF69C /* Build configuration list for PBXNativeTarget "UIActivityIndicatorView" */;
			buildPhases = (
				0F00C4AC1689362D008DF69C /* Sources */,
				0F00C4AD1689362D008DF69C /* Frameworks */,
				0F00C4AE1689362D008DF69C /* Resources */,
			);
			buildRules = (
			);
			dependencies = (
			);
			name = UIActivityIndicatorView;
			productName = UIActivityIndicatorView;
			productReference = 0F00C4B01689362D008DF69C /* UIActivityIndicatorView.app */;
			productType = "com.apple.product-type.application";
		};
/* End PBXNativeTarget section */

/* Begin PBXProject section */
		0F00C4A71689362D008DF69C /* Project object */ = {
			isa = PBXProject;
			attributes = {
				LastUpgradeCheck = 0440;
				ORGANIZATIONNAME = Ibokan;
			};
			buildConfigurationList = 0F00C4AA1689362D008DF69C /* Build configuration list for PBXProject "UIActivityIndicatorView" */;
			compatibilityVersion = "Xcode 3.2";
			developmentRegion = English;
			hasScannedForEncodings = 0;
			knownRegions = (
				en,
			);
			mainGroup = 0F00C4A51689362D008DF69C;
			productRefGroup = 0F00C4B11689362D008DF69C /* Products */;
			projectDirPath = "";
			projectRoot = "";
			targets = (
				0F00C4AF1689362D008DF69C /* UIActivityIndicatorView */,
			);
		};
/* End PBXProject section */

/* Begin PBXResourcesBuildPhase section */
		0F00C4AE1689362D008DF69C /* Resources */ = {
			isa = PBXResourcesBuildPhase;
			buildActionMask = 2147483647;
			files = (
				0F00C4BF1689362D008DF69C /* InfoPlist.strings in Resources */,
				0F00C4CB1689362D008DF69C /* ViewController.xib in Resources */,
			);
			runOnlyForDeploymentPostprocessing = 0;
		};
/* End PBXResourcesBuildPhase section */

/* Begin PBXSourcesBuildPhase section */
		0F00C4AC1689362D008DF69C /* Sources */ = {
			isa = PBXSourcesBuildPhase;
			buildActionMask = 2147483647;
			files = (
				0F00C4C11689362D008DF69C /* main.m in Sources */,
				0F00C4C51689362D008DF69C /* AppDelegate.m in Sources */,
				0F00C4C81689362D008DF69C /* ViewController.m in Sources */,
			);
			runOnlyForDeploymentPostprocessing = 0;
		};
/* End PBXSourcesBuildPhase section */

/* Begin PBXVariantGroup section */
		0F00C4BD1689362D008DF69C /* InfoPlist.strings */ = {
			isa = PBXVariantGroup;
			children = (
				0F00C4BE1689362D008DF69C /* en */,
			);
			name = InfoPlist.strings;
			sourceTree = "<group>";
		};
		0F00C4C91689362D008DF69C /* ViewController.xib */ = {
			isa = PBXVariantGroup;
			children = (
				0F00C4CA1689362D008DF69C /* en */,
			);
			name = ViewController.xib;
			sourceTree = "<group>";
		};
/* End PBXVariantGroup section */

/* Begin XCBuildConfiguration section */
		0F00C4CC1689362D008DF69C /* Debug */ = {
			isa = XCBuildConfiguration;
			buildSettings = {
				ALWAYS_SEARCH_USER_PATHS = NO;
				ARCHS = "$(ARCHS_STANDARD_32_BIT)";
				CLANG_CXX_LANGUAGE_STANDARD = "gnu++0x";
				CLANG_WARN__DUPLICATE_METHOD_MATCH = YES;
				"CODE_SIGN_IDENTITY[sdk=iphoneos*]" = "iPhone Developer";
				COPY_PHASE_STRIP = NO;
				GCC_C_LANGUAGE_STANDARD = gnu99;
				GCC_DYNAMIC_NO_PIC = NO;
				GCC_OPTIMIZATION_LEVEL = 0;
				GCC_PREPROCESSOR_DEFINITIONS = (
					"DEBUG=1",
					"$(inherited)",
				);
				GCC_SYMBOLS_PRIVATE_EXTERN = NO;
				GCC_VERSION = com.apple.compilers.llvm.clang.1_0;
				GCC_WARN_ABOUT_RETURN_TYPE = YES;
				GCC_WARN_UNINITIALIZED_AUTOS = YES;
				GCC_WARN_UNUSED_VARIABLE = YES;
				IPHONEOS_DEPLOYMENT_TARGET = 5.1;
				SDKROOT = iphoneos;
			};
			name = Debug;
		};
		0F00C4CD1689362D008DF69C /* Release */ = {
			isa = XCBuildConfiguration;
			buildSettings = {
				ALWAYS_SEARCH_USER_PATHS = NO;
				ARCHS = "$(ARCHS_STANDARD_32_BIT)";
				CLANG_CXX_LANGUAGE_STANDARD = "gnu++0x";
				CLANG_WARN__DUPLICATE_METHOD_MATCH = YES;
				"CODE_SIGN_IDENTITY[sdk=iphoneos*]" = "iPhone Developer";
				COPY_PHASE_STRIP = YES;
				GCC_C_LANGUAGE_STANDARD = gnu99;
				GCC_VERSION = com.apple.compilers.llvm.clang.1_0;
				GCC_WARN_ABOUT_RETURN_TYPE = YES;
				GCC_WARN_UNINITIALIZED_AUTOS = YES;
				GCC_WARN_UNUSED_VARIABLE = YES;
				IPHONEOS_DEPLOYMENT_TARGET = 5.1;
				OTHER_CFLAGS = "-DNS_BLOCK_ASSERTIONS=1";
				SDKROOT = iphoneos;
				VALIDATE_PRODUCT = YES;
			};
			name = Release;
		};
		0F00C4CF1689362D008DF69C /* Debug */ = {
			isa = XCBuildConfiguration;
			buildSettings = {
				GCC_PRECOMPILE_PREFIX_HEADER = YES;
				GCC_PREFIX_HEADER = "UIActivityIndicatorView/UIActivityIndicatorView-Prefix.pch";
				INFOPLIST_FILE = "UIActivityIndicatorView/UIActivityIndicatorView-Info.plist";
				PRODUCT_NAME = "$(TARGET_NAME)";
				WRAPPER_EXTENSION = app;
			};
			name = Debug;
		};
		0F00C4D01689362D008DF69C /* Release */ = {
			isa = XCBuildConfiguration;
			buildSettings = {
				GCC_PRECOMPILE_PREFIX_HEADER = YES;
				GCC_PREFIX_HEADER = "UIActivityIndicatorView/UIActivityIndicatorView-Prefix.pch";
				INFOPLIST_FILE = "UIActivityIndicatorView/UIActivityIndicatorView-Info.plist";
				PRODUCT_NAME = "$(TARGET_NAME)";
				WRAPPER_EXTENSION = app;
			};
			name = Release;
		};
/* End XCBuildConfiguration section */

/* Begin XCConfigurationList section */
		0F00C4AA1689362D008DF69C /* Build configuration list for PBXProject "UIActivityIndicatorView" */ = {
			isa = XCConfigurationList;
			buildConfigurations = (
				0F00C4CC1689362D008DF69C /* Debug */,
				0F00C4CD1689362D008DF69C /* Release */,
			);
			defaultConfigurationIsVisible = 0;
			defaultConfigurationName = Release;
		};
		0F00C4CE1689362D008DF69C /* Build configuration list for PBXNativeTarget "UIActivityIndicatorView" */ = {
			isa = XCConfigurationList;
			buildConfigurations = (
				0F00C4CF1689362D008DF69C /* Debug */,
				0F00C4D01689362D008DF69C /* Release */,
			);
			defaultConfigurationIsVisible = 0;
		};
/* End XCConfigurationList section */
	};
	rootObject = 0F00C4A71689362D008DF69C /* Project object */;
}
